{
  "version": 4,
  "terraform_version": "1.7.1",
  "serial": 23,
  "lineage": "01b0bfda-ab90-a112-16c1-1391404e77ea",
  "outputs": {
    "api_key": {
      "value": "g3!bF0=cVwz\u003eV=lM5vCxiU*V+h?aCs",
      "type": "string"
    },
    "rds_cluster_endpoint": {
      "value": "avm-avm-genaipilot-prod-cluster.cluster-cj0qaq2q44ll.me-central-1.rds.amazonaws.com",
      "type": "string"
    },
    "rds_database_name": {
      "value": "avmserver",
      "type": "string"
    },
    "rds_master_password": {
      "value": "5eg8r5HlgbCKhVkvm1JR",
      "type": "string"
    },
    "rds_master_username": {
      "value": "postgres",
      "type": "string"
    },
    "rds_port": {
      "value": 5432,
      "type": "number"
    }
  },
  "resources": [
    {
      "mode": "data",
      "type": "aws_availability_zones",
      "name": "available",
      "provider": "provider[\"registry.terraform.io/hashicorp/aws\"]",
      "instances": [
        {
          "schema_version": 0,
          "attributes": {
            "all_availability_zones": null,
            "exclude_names": null,
            "exclude_zone_ids": null,
            "filter": null,
            "group_names": [
              "me-central-1"
            ],
            "id": "me-central-1",
            "names": [
              "me-central-1a",
              "me-central-1b",
              "me-central-1c"
            ],
            "state": null,
            "timeouts": null,
            "zone_ids": [
              "mec1-az1",
              "mec1-az2",
              "mec1-az3"
            ]
          },
          "sensitive_attributes": []
        }
      ]
    },
    {
      "mode": "data",
      "type": "aws_caller_identity",
      "name": "current",
      "provider": "provider[\"registry.terraform.io/hashicorp/aws\"]",
      "instances": [
        {
          "schema_version": 0,
          "attributes": {
            "account_id": "767397974420",
            "arn": "arn:aws:sts::767397974420:assumed-role/assumeRoleAWSTemp-AWSProfessionalServicesRole-ZkL0xexDiBMB/adcb",
            "id": "767397974420",
            "user_id": "AROA3FLD32GKKY47UFHAR:adcb"
          },
          "sensitive_attributes": []
        }
      ]
    },
    {
      "mode": "data",
      "type": "aws_ec2_managed_prefix_list",
      "name": "cloudfront",
      "provider": "provider[\"registry.terraform.io/hashicorp/aws\"]",
      "instances": [
        {
          "schema_version": 0,
          "attributes": {
            "address_family": "IPv4",
            "arn": "arn:aws:ec2:me-central-1:aws:prefix-list/pl-05266a86378662c23",
            "entries": [
              {
                "cidr": "13.124.199.0/24",
                "description": ""
              },
              {
                "cidr": "130.176.0.0/18",
                "description": ""
              },
              {
                "cidr": "130.176.128.0/21",
                "description": ""
              },
              {
                "cidr": "130.176.136.0/23",
                "description": ""
              },
              {
                "cidr": "130.176.140.0/22",
                "description": ""
              },
              {
                "cidr": "130.176.144.0/20",
                "description": ""
              },
              {
                "cidr": "130.176.160.0/19",
                "description": ""
              },
              {
                "cidr": "130.176.192.0/19",
                "description": ""
              },
              {
                "cidr": "130.176.64.0/21",
                "description": ""
              },
              {
                "cidr": "130.176.72.0/22",
                "description": ""
              },
              {
                "cidr": "130.176.76.0/24",
                "description": ""
              },
              {
                "cidr": "130.176.78.0/23",
                "description": ""
              },
              {
                "cidr": "130.176.80.0/22",
                "description": ""
              },
              {
                "cidr": "130.176.86.0/23",
                "description": ""
              },
              {
                "cidr": "130.176.88.0/21",
                "description": ""
              },
              {
                "cidr": "130.176.96.0/19",
                "description": ""
              },
              {
                "cidr": "15.158.0.0/16",
                "description": ""
              },
              {
                "cidr": "18.68.0.0/16",
                "description": ""
              },
              {
                "cidr": "204.246.166.0/24",
                "description": ""
              },
              {
                "cidr": "205.251.218.0/24",
                "description": ""
              },
              {
                "cidr": "3.172.0.0/18",
                "description": ""
              },
              {
                "cidr": "3.29.57.0/26",
                "description": ""
              },
              {
                "cidr": "52.46.0.0/22",
                "description": ""
              },
              {
                "cidr": "52.46.16.0/20",
                "description": ""
              },
              {
                "cidr": "52.46.32.0/19",
                "description": ""
              },
              {
                "cidr": "52.46.4.0/23",
                "description": ""
              },
              {
                "cidr": "52.82.128.0/23",
                "description": ""
              },
              {
                "cidr": "52.82.134.0/23",
                "description": ""
              },
              {
                "cidr": "54.182.128.0/20",
                "description": ""
              },
              {
                "cidr": "54.182.144.0/21",
                "description": ""
              },
              {
                "cidr": "54.182.154.0/23",
                "description": ""
              },
              {
                "cidr": "54.182.156.0/22",
                "description": ""
              },
              {
                "cidr": "54.182.160.0/21",
                "description": ""
              },
              {
                "cidr": "54.182.172.0/22",
                "description": ""
              },
              {
                "cidr": "54.182.176.0/21",
                "description": ""
              },
              {
                "cidr": "54.182.184.0/22",
                "description": ""
              },
              {
                "cidr": "54.182.188.0/23",
                "description": ""
              },
              {
                "cidr": "54.182.224.0/21",
                "description": ""
              },
              {
                "cidr": "54.182.240.0/21",
                "description": ""
              },
              {
                "cidr": "54.182.248.0/22",
                "description": ""
              },
              {
                "cidr": "54.239.134.0/23",
                "description": ""
              },
              {
                "cidr": "54.239.170.0/23",
                "description": ""
              },
              {
                "cidr": "54.239.204.0/22",
                "description": ""
              },
              {
                "cidr": "54.239.208.0/21",
                "description": ""
              },
              {
                "cidr": "64.252.128.0/18",
                "description": ""
              },
              {
                "cidr": "64.252.64.0/18",
                "description": ""
              },
              {
                "cidr": "70.132.0.0/18",
                "description": ""
              }
            ],
            "filter": null,
            "id": "pl-05266a86378662c23",
            "max_entries": 0,
            "name": "com.amazonaws.global.cloudfront.origin-facing",
            "owner_id": "AWS",
            "tags": {},
            "timeouts": null,
            "version": 0
          },
          "sensitive_attributes": []
        }
      ]
    },
    {
      "mode": "data",
      "type": "aws_subnet",
      "name": "app_subnet_1",
      "provider": "provider[\"registry.terraform.io/hashicorp/aws\"]",
      "instances": [
        {
          "schema_version": 0,
          "attributes": {
            "arn": "arn:aws:ec2:me-central-1:767397974420:subnet/subnet-085b28bbc16c1023d",
            "assign_ipv6_address_on_creation": false,
            "availability_zone": "me-central-1a",
            "availability_zone_id": "mec1-az1",
            "available_ip_address_count": 57,
            "cidr_block": "10.91.40.0/26",
            "customer_owned_ipv4_pool": "",
            "default_for_az": false,
            "enable_dns64": false,
            "enable_lni_at_device_index": 0,
            "enable_resource_name_dns_a_record_on_launch": false,
            "enable_resource_name_dns_aaaa_record_on_launch": false,
            "filter": [
              {
                "name": "tag:aws:cloudformation:logical-id",
                "values": [
                  "rAppSubnet1"
                ]
              }
            ],
            "id": "subnet-085b28bbc16c1023d",
            "ipv6_cidr_block": "",
            "ipv6_cidr_block_association_id": "",
            "ipv6_native": false,
            "map_customer_owned_ip_on_launch": false,
            "map_public_ip_on_launch": false,
            "outpost_arn": "",
            "owner_id": "767397974420",
            "private_dns_hostname_type_on_launch": "ip-name",
            "state": "available",
            "tags": {
              "Application": "genai-sit-network",
              "Name": "vpc-genaipilot-sit-app-private-az1",
              "Network": "Private",
              "map-migrated": "mig5TZY31HX9S"
            },
            "timeouts": null,
            "vpc_id": "vpc-09a3c73e6d7db4347"
          },
          "sensitive_attributes": []
        }
      ]
    },
    {
      "mode": "data",
      "type": "aws_subnet",
      "name": "app_subnet_2",
      "provider": "provider[\"registry.terraform.io/hashicorp/aws\"]",
      "instances": [
        {
          "schema_version": 0,
          "attributes": {
            "arn": "arn:aws:ec2:me-central-1:767397974420:subnet/subnet-0cea2ec77e6c4ded8",
            "assign_ipv6_address_on_creation": false,
            "availability_zone": "me-central-1b",
            "availability_zone_id": "mec1-az2",
            "available_ip_address_count": 57,
            "cidr_block": "10.91.40.64/26",
            "customer_owned_ipv4_pool": "",
            "default_for_az": false,
            "enable_dns64": false,
            "enable_lni_at_device_index": 0,
            "enable_resource_name_dns_a_record_on_launch": false,
            "enable_resource_name_dns_aaaa_record_on_launch": false,
            "filter": [
              {
                "name": "tag:aws:cloudformation:logical-id",
                "values": [
                  "rAppSubnet2"
                ]
              }
            ],
            "id": "subnet-0cea2ec77e6c4ded8",
            "ipv6_cidr_block": "",
            "ipv6_cidr_block_association_id": "",
            "ipv6_native": false,
            "map_customer_owned_ip_on_launch": false,
            "map_public_ip_on_launch": false,
            "outpost_arn": "",
            "owner_id": "767397974420",
            "private_dns_hostname_type_on_launch": "ip-name",
            "state": "available",
            "tags": {
              "Application": "genai-sit-network",
              "Name": "vpc-genaipilot-sit-app-private-az2",
              "Network": "Private",
              "map-migrated": "mig5TZY31HX9S"
            },
            "timeouts": null,
            "vpc_id": "vpc-09a3c73e6d7db4347"
          },
          "sensitive_attributes": []
        }
      ]
    },
    {
      "mode": "data",
      "type": "aws_subnet",
      "name": "avm",
      "provider": "provider[\"registry.terraform.io/hashicorp/aws\"]",
      "instances": [
        {
          "index_key": "subnet-01e986dcc944a47b1",
          "schema_version": 0,
          "attributes": {
            "arn": "arn:aws:ec2:me-central-1:767397974420:subnet/subnet-01e986dcc944a47b1",
            "assign_ipv6_address_on_creation": false,
            "availability_zone": "me-central-1b",
            "availability_zone_id": "mec1-az2",
            "available_ip_address_count": 25,
            "cidr_block": "10.91.40.224/27",
            "customer_owned_ipv4_pool": "",
            "default_for_az": false,
            "enable_dns64": false,
            "enable_lni_at_device_index": 0,
            "enable_resource_name_dns_a_record_on_launch": false,
            "enable_resource_name_dns_aaaa_record_on_launch": false,
            "filter": null,
            "id": "subnet-01e986dcc944a47b1",
            "ipv6_cidr_block": "",
            "ipv6_cidr_block_association_id": "",
            "ipv6_native": false,
            "map_customer_owned_ip_on_launch": false,
            "map_public_ip_on_launch": false,
            "outpost_arn": "",
            "owner_id": "767397974420",
            "private_dns_hostname_type_on_launch": "ip-name",
            "state": "available",
            "tags": {
              "Application": "genai-sit-network",
              "Name": "vpc-genaipilot-sit-code-private-az2",
              "Network": "Private",
              "map-migrated": "mig5TZY31HX9S"
            },
            "timeouts": null,
            "vpc_id": "vpc-09a3c73e6d7db4347"
          },
          "sensitive_attributes": []
        },
        {
          "index_key": "subnet-020752009b265234c",
          "schema_version": 0,
          "attributes": {
            "arn": "arn:aws:ec2:me-central-1:767397974420:subnet/subnet-020752009b265234c",
            "assign_ipv6_address_on_creation": false,
            "availability_zone": "me-central-1b",
            "availability_zone_id": "mec1-az2",
            "available_ip_address_count": 27,
            "cidr_block": "10.91.40.160/27",
            "customer_owned_ipv4_pool": "",
            "default_for_az": false,
            "enable_dns64": false,
            "enable_lni_at_device_index": 0,
            "enable_resource_name_dns_a_record_on_launch": false,
            "enable_resource_name_dns_aaaa_record_on_launch": false,
            "filter": null,
            "id": "subnet-020752009b265234c",
            "ipv6_cidr_block": "",
            "ipv6_cidr_block_association_id": "",
            "ipv6_native": false,
            "map_customer_owned_ip_on_launch": false,
            "map_public_ip_on_launch": false,
            "outpost_arn": "",
            "owner_id": "767397974420",
            "private_dns_hostname_type_on_launch": "ip-name",
            "state": "available",
            "tags": {
              "Application": "genai-sit-network",
              "Name": "vpc-genaipilot-sit-data-private-az2",
              "Network": "Private",
              "map-migrated": "mig5TZY31HX9S"
            },
            "timeouts": null,
            "vpc_id": "vpc-09a3c73e6d7db4347"
          },
          "sensitive_attributes": []
        },
        {
          "index_key": "subnet-0252db1398521bea8",
          "schema_version": 0,
          "attributes": {
            "arn": "arn:aws:ec2:me-central-1:767397974420:subnet/subnet-0252db1398521bea8",
            "assign_ipv6_address_on_creation": false,
            "availability_zone": "me-central-1a",
            "availability_zone_id": "mec1-az1",
            "available_ip_address_count": 26,
            "cidr_block": "10.91.40.192/27",
            "customer_owned_ipv4_pool": "",
            "default_for_az": false,
            "enable_dns64": false,
            "enable_lni_at_device_index": 0,
            "enable_resource_name_dns_a_record_on_launch": false,
            "enable_resource_name_dns_aaaa_record_on_launch": false,
            "filter": null,
            "id": "subnet-0252db1398521bea8",
            "ipv6_cidr_block": "",
            "ipv6_cidr_block_association_id": "",
            "ipv6_native": false,
            "map_customer_owned_ip_on_launch": false,
            "map_public_ip_on_launch": false,
            "outpost_arn": "",
            "owner_id": "767397974420",
            "private_dns_hostname_type_on_launch": "ip-name",
            "state": "available",
            "tags": {
              "Application": "genai-sit-network",
              "Name": "vpc-genaipilot-sit-code-private-az1",
              "Network": "Private",
              "map-migrated": "mig5TZY31HX9S"
            },
            "timeouts": null,
            "vpc_id": "vpc-09a3c73e6d7db4347"
          },
          "sensitive_attributes": []
        },
        {
          "index_key": "subnet-085b28bbc16c1023d",
          "schema_version": 0,
          "attributes": {
            "arn": "arn:aws:ec2:me-central-1:767397974420:subnet/subnet-085b28bbc16c1023d",
            "assign_ipv6_address_on_creation": false,
            "availability_zone": "me-central-1a",
            "availability_zone_id": "mec1-az1",
            "available_ip_address_count": 57,
            "cidr_block": "10.91.40.0/26",
            "customer_owned_ipv4_pool": "",
            "default_for_az": false,
            "enable_dns64": false,
            "enable_lni_at_device_index": 0,
            "enable_resource_name_dns_a_record_on_launch": false,
            "enable_resource_name_dns_aaaa_record_on_launch": false,
            "filter": null,
            "id": "subnet-085b28bbc16c1023d",
            "ipv6_cidr_block": "",
            "ipv6_cidr_block_association_id": "",
            "ipv6_native": false,
            "map_customer_owned_ip_on_launch": false,
            "map_public_ip_on_launch": false,
            "outpost_arn": "",
            "owner_id": "767397974420",
            "private_dns_hostname_type_on_launch": "ip-name",
            "state": "available",
            "tags": {
              "Application": "genai-sit-network",
              "Name": "vpc-genaipilot-sit-app-private-az1",
              "Network": "Private",
              "map-migrated": "mig5TZY31HX9S"
            },
            "timeouts": null,
            "vpc_id": "vpc-09a3c73e6d7db4347"
          },
          "sensitive_attributes": []
        },
        {
          "index_key": "subnet-08955b5f11da30ddd",
          "schema_version": 0,
          "attributes": {
            "arn": "arn:aws:ec2:me-central-1:767397974420:subnet/subnet-08955b5f11da30ddd",
            "assign_ipv6_address_on_creation": false,
            "availability_zone": "me-central-1a",
            "availability_zone_id": "mec1-az1",
            "available_ip_address_count": 26,
            "cidr_block": "10.91.40.128/27",
            "customer_owned_ipv4_pool": "",
            "default_for_az": false,
            "enable_dns64": false,
            "enable_lni_at_device_index": 0,
            "enable_resource_name_dns_a_record_on_launch": false,
            "enable_resource_name_dns_aaaa_record_on_launch": false,
            "filter": null,
            "id": "subnet-08955b5f11da30ddd",
            "ipv6_cidr_block": "",
            "ipv6_cidr_block_association_id": "",
            "ipv6_native": false,
            "map_customer_owned_ip_on_launch": false,
            "map_public_ip_on_launch": false,
            "outpost_arn": "",
            "owner_id": "767397974420",
            "private_dns_hostname_type_on_launch": "ip-name",
            "state": "available",
            "tags": {
              "Application": "genai-sit-network",
              "Name": "vpc-genaipilot-sit-data-private-az1",
              "Network": "Private",
              "map-migrated": "mig5TZY31HX9S"
            },
            "timeouts": null,
            "vpc_id": "vpc-09a3c73e6d7db4347"
          },
          "sensitive_attributes": []
        },
        {
          "index_key": "subnet-0cea2ec77e6c4ded8",
          "schema_version": 0,
          "attributes": {
            "arn": "arn:aws:ec2:me-central-1:767397974420:subnet/subnet-0cea2ec77e6c4ded8",
            "assign_ipv6_address_on_creation": false,
            "availability_zone": "me-central-1b",
            "availability_zone_id": "mec1-az2",
            "available_ip_address_count": 57,
            "cidr_block": "10.91.40.64/26",
            "customer_owned_ipv4_pool": "",
            "default_for_az": false,
            "enable_dns64": false,
            "enable_lni_at_device_index": 0,
            "enable_resource_name_dns_a_record_on_launch": false,
            "enable_resource_name_dns_aaaa_record_on_launch": false,
            "filter": null,
            "id": "subnet-0cea2ec77e6c4ded8",
            "ipv6_cidr_block": "",
            "ipv6_cidr_block_association_id": "",
            "ipv6_native": false,
            "map_customer_owned_ip_on_launch": false,
            "map_public_ip_on_launch": false,
            "outpost_arn": "",
            "owner_id": "767397974420",
            "private_dns_hostname_type_on_launch": "ip-name",
            "state": "available",
            "tags": {
              "Application": "genai-sit-network",
              "Name": "vpc-genaipilot-sit-app-private-az2",
              "Network": "Private",
              "map-migrated": "mig5TZY31HX9S"
            },
            "timeouts": null,
            "vpc_id": "vpc-09a3c73e6d7db4347"
          },
          "sensitive_attributes": []
        }
      ]
    },
    {
      "mode": "data",
      "type": "aws_subnet",
      "name": "database_subnet_1",
      "provider": "provider[\"registry.terraform.io/hashicorp/aws\"]",
      "instances": [
        {
          "schema_version": 0,
          "attributes": {
            "arn": "arn:aws:ec2:me-central-1:767397974420:subnet/subnet-08955b5f11da30ddd",
            "assign_ipv6_address_on_creation": false,
            "availability_zone": "me-central-1a",
            "availability_zone_id": "mec1-az1",
            "available_ip_address_count": 26,
            "cidr_block": "10.91.40.128/27",
            "customer_owned_ipv4_pool": "",
            "default_for_az": false,
            "enable_dns64": false,
            "enable_lni_at_device_index": 0,
            "enable_resource_name_dns_a_record_on_launch": false,
            "enable_resource_name_dns_aaaa_record_on_launch": false,
            "filter": [
              {
                "name": "tag:aws:cloudformation:logical-id",
                "values": [
                  "rDataSubnet1"
                ]
              }
            ],
            "id": "subnet-08955b5f11da30ddd",
            "ipv6_cidr_block": "",
            "ipv6_cidr_block_association_id": "",
            "ipv6_native": false,
            "map_customer_owned_ip_on_launch": false,
            "map_public_ip_on_launch": false,
            "outpost_arn": "",
            "owner_id": "767397974420",
            "private_dns_hostname_type_on_launch": "ip-name",
            "state": "available",
            "tags": {
              "Application": "genai-sit-network",
              "Name": "vpc-genaipilot-sit-data-private-az1",
              "Network": "Private",
              "map-migrated": "mig5TZY31HX9S"
            },
            "timeouts": null,
            "vpc_id": "vpc-09a3c73e6d7db4347"
          },
          "sensitive_attributes": []
        }
      ]
    },
    {
      "mode": "data",
      "type": "aws_subnet",
      "name": "database_subnet_2",
      "provider": "provider[\"registry.terraform.io/hashicorp/aws\"]",
      "instances": [
        {
          "schema_version": 0,
          "attributes": {
            "arn": "arn:aws:ec2:me-central-1:767397974420:subnet/subnet-020752009b265234c",
            "assign_ipv6_address_on_creation": false,
            "availability_zone": "me-central-1b",
            "availability_zone_id": "mec1-az2",
            "available_ip_address_count": 27,
            "cidr_block": "10.91.40.160/27",
            "customer_owned_ipv4_pool": "",
            "default_for_az": false,
            "enable_dns64": false,
            "enable_lni_at_device_index": 0,
            "enable_resource_name_dns_a_record_on_launch": false,
            "enable_resource_name_dns_aaaa_record_on_launch": false,
            "filter": [
              {
                "name": "tag:aws:cloudformation:logical-id",
                "values": [
                  "rDataSubnet2"
                ]
              }
            ],
            "id": "subnet-020752009b265234c",
            "ipv6_cidr_block": "",
            "ipv6_cidr_block_association_id": "",
            "ipv6_native": false,
            "map_customer_owned_ip_on_launch": false,
            "map_public_ip_on_launch": false,
            "outpost_arn": "",
            "owner_id": "767397974420",
            "private_dns_hostname_type_on_launch": "ip-name",
            "state": "available",
            "tags": {
              "Application": "genai-sit-network",
              "Name": "vpc-genaipilot-sit-data-private-az2",
              "Network": "Private",
              "map-migrated": "mig5TZY31HX9S"
            },
            "timeouts": null,
            "vpc_id": "vpc-09a3c73e6d7db4347"
          },
          "sensitive_attributes": []
        }
      ]
    },
    {
      "mode": "data",
      "type": "aws_subnets",
      "name": "avm",
      "provider": "provider[\"registry.terraform.io/hashicorp/aws\"]",
      "instances": [
        {
          "schema_version": 0,
          "attributes": {
            "filter": [
              {
                "name": "vpc-id",
                "values": [
                  "vpc-09a3c73e6d7db4347"
                ]
              }
            ],
            "id": "me-central-1",
            "ids": [
              "subnet-01e986dcc944a47b1",
              "subnet-0252db1398521bea8",
              "subnet-085b28bbc16c1023d",
              "subnet-08955b5f11da30ddd",
              "subnet-020752009b265234c",
              "subnet-0cea2ec77e6c4ded8"
            ],
            "tags": null,
            "timeouts": null
          },
          "sensitive_attributes": []
        }
      ]
    },
    {
      "mode": "data",
      "type": "aws_vpc",
      "name": "vpc",
      "provider": "provider[\"registry.terraform.io/hashicorp/aws\"]",
      "instances": [
        {
          "schema_version": 0,
          "attributes": {
            "arn": "arn:aws:ec2:me-central-1:767397974420:vpc/vpc-09a3c73e6d7db4347",
            "cidr_block": "10.91.40.0/24",
            "cidr_block_associations": [
              {
                "association_id": "vpc-cidr-assoc-062f39ab0090a83d0",
                "cidr_block": "10.91.40.0/24",
                "state": "associated"
              }
            ],
            "default": false,
            "dhcp_options_id": "dopt-0e433e4c61e923b0e",
            "enable_dns_hostnames": true,
            "enable_dns_support": true,
            "enable_network_address_usage_metrics": false,
            "filter": null,
            "id": "vpc-09a3c73e6d7db4347",
            "instance_tenancy": "default",
            "ipv6_association_id": "",
            "ipv6_cidr_block": "",
            "main_route_table_id": "rtb-027ddcfbeb9dcac6a",
            "owner_id": "767397974420",
            "state": null,
            "tags": {
              "Application": "genai-sit-network",
              "Name": "aws-genaipilot",
              "map-migrated": "mig5TZY31HX9S"
            },
            "timeouts": null
          },
          "sensitive_attributes": []
        }
      ]
    },
    {
      "mode": "managed",
      "type": "aws_cloudwatch_event_rule",
      "name": "cloudwatch_event_rule_guardduty",
      "provider": "provider[\"registry.terraform.io/hashicorp/aws\"]",
      "instances": [
        {
          "schema_version": 1,
          "attributes": {
            "arn": "arn:aws:events:me-central-1:767397974420:rule/avm-prod-guardduty-finding-events",
            "description": "AWS GuardDuty event findings",
            "event_bus_name": "default",
            "event_pattern": "{\"detail-type\":[\"GuardDuty Finding\"],\"source\":[\"aws.guardduty\"]}",
            "id": "avm-prod-guardduty-finding-events",
            "is_enabled": true,
            "name": "avm-prod-guardduty-finding-events",
            "name_prefix": "",
            "role_arn": "",
            "schedule_expression": "",
            "state": "ENABLED",
            "tags": {},
            "tags_all": {}
          },
          "sensitive_attributes": [],
          "private": "eyJzY2hlbWFfdmVyc2lvbiI6IjEifQ=="
        }
      ]
    },
    {
      "mode": "managed",
      "type": "aws_cloudwatch_event_target",
      "name": "cloudwatch_event_target_alerts",
      "provider": "provider[\"registry.terraform.io/hashicorp/aws\"]",
      "instances": [
        {
          "schema_version": 1,
          "attributes": {
            "arn": "arn:aws:sns:me-central-1:767397974420:avm-prod-alerts",
            "batch_target": [],
            "dead_letter_config": [],
            "ecs_target": [],
            "event_bus_name": "default",
            "http_target": [],
            "id": "avm-prod-guardduty-finding-events-avm-prod-send-to-sns-alerts",
            "input": "",
            "input_path": "",
            "input_transformer": [
              {
                "input_paths": {
                  "description": "$.detail.description",
                  "eventTime": "$.detail.service.eventFirstSeen",
                  "region": "$.detail.region",
                  "title": "$.detail.title"
                },
                "input_template": "\"GuardDuty finding in \u003cregion\u003e first seen at \u003ceventTime\u003e: \u003ctitle\u003e \u003cdescription\u003e\""
              }
            ],
            "kinesis_target": [],
            "redshift_target": [],
            "retry_policy": [],
            "role_arn": "",
            "rule": "avm-prod-guardduty-finding-events",
            "run_command_targets": [],
            "sagemaker_pipeline_target": [],
            "sqs_target": [],
            "target_id": "avm-prod-send-to-sns-alerts"
          },
          "sensitive_attributes": [],
          "private": "eyJzY2hlbWFfdmVyc2lvbiI6IjEifQ==",
          "dependencies": [
            "aws_cloudwatch_event_rule.cloudwatch_event_rule_guardduty",
            "aws_sns_topic.sns_topic_alerts"
          ]
        }
      ]
    },
    {
      "mode": "managed",
      "type": "aws_cloudwatch_metric_alarm",
      "name": "cloudwatch_alarm_alb_response_time",
      "provider": "provider[\"registry.terraform.io/hashicorp/aws\"]",
      "instances": [
        {
          "schema_version": 1,
          "attributes": {
            "actions_enabled": true,
            "alarm_actions": [
              "arn:aws:sns:me-central-1:767397974420:avm-prod-alerts"
            ],
            "alarm_description": "Average API response time is too high",
            "alarm_name": "avm-prod-alb-response-time",
            "arn": "arn:aws:cloudwatch:me-central-1:767397974420:alarm:avm-prod-alb-response-time",
            "comparison_operator": "GreaterThanThreshold",
            "datapoints_to_alarm": 0,
            "dimensions": {
              "LoadBalancer": "arn:aws:elasticloadbalancing:me-central-1:767397974420:loadbalancer/app/avm-sit-alb/c60301e925982a90"
            },
            "evaluate_low_sample_count_percentiles": "",
            "evaluation_periods": 1,
            "extended_statistic": "",
            "id": "avm-prod-alb-response-time",
            "insufficient_data_actions": [],
            "metric_name": "TargetResponseTime",
            "metric_query": [],
            "namespace": "AWS/ApplicationELB",
            "ok_actions": [
              "arn:aws:sns:me-central-1:767397974420:avm-prod-alerts"
            ],
            "period": 60,
            "statistic": "Average",
            "tags": {
              "Environment": "prod",
              "Name": "avm-prod",
              "map-migrated": "mig5TZY31HX9S"
            },
            "tags_all": {
              "Environment": "prod",
              "Name": "avm-prod",
              "map-migrated": "mig5TZY31HX9S"
            },
            "threshold": 1000,
            "threshold_metric_id": "",
            "treat_missing_data": "missing",
            "unit": ""
          },
          "sensitive_attributes": [],
          "private": "eyJzY2hlbWFfdmVyc2lvbiI6IjEifQ==",
          "dependencies": [
            "aws_security_group.lb",
            "aws_sns_topic.sns_topic_alerts",
            "data.aws_subnet.app_subnet_1",
            "data.aws_subnet.app_subnet_2",
            "data.aws_vpc.vpc",
            "module.alb.aws_lb.this",
            "module.alb.aws_security_group.this"
          ]
        }
      ]
    },
    {
      "mode": "managed",
      "type": "aws_cloudwatch_metric_alarm",
      "name": "cloudwatch_alarm_alb_target_5xx_count",
      "provider": "provider[\"registry.terraform.io/hashicorp/aws\"]",
      "instances": [
        {
          "schema_version": 1,
          "attributes": {
            "actions_enabled": true,
            "alarm_actions": [
              "arn:aws:sns:me-central-1:767397974420:avm-prod-alerts"
            ],
            "alarm_description": "Average API 5XX load balancer error code count is too high",
            "alarm_name": "avm-prod-alb-5xx-count",
            "arn": "arn:aws:cloudwatch:me-central-1:767397974420:alarm:avm-prod-alb-5xx-count",
            "comparison_operator": "GreaterThanThreshold",
            "datapoints_to_alarm": 0,
            "dimensions": {
              "LoadBalancer": "arn:aws:elasticloadbalancing:me-central-1:767397974420:loadbalancer/app/avm-sit-alb/c60301e925982a90"
            },
            "evaluate_low_sample_count_percentiles": "",
            "evaluation_periods": 1,
            "extended_statistic": "",
            "id": "avm-prod-alb-5xx-count",
            "insufficient_data_actions": [],
            "metric_name": "HTTPCode_ELB_5XX_Count",
            "metric_query": [],
            "namespace": "AWS/ApplicationELB",
            "ok_actions": [
              "arn:aws:sns:me-central-1:767397974420:avm-prod-alerts"
            ],
            "period": 60,
            "statistic": "Sum",
            "tags": {
              "Environment": "prod",
              "Name": "avm-prod",
              "map-migrated": "mig5TZY31HX9S"
            },
            "tags_all": {
              "Environment": "prod",
              "Name": "avm-prod",
              "map-migrated": "mig5TZY31HX9S"
            },
            "threshold": 0,
            "threshold_metric_id": "",
            "treat_missing_data": "missing",
            "unit": ""
          },
          "sensitive_attributes": [],
          "private": "eyJzY2hlbWFfdmVyc2lvbiI6IjEifQ==",
          "dependencies": [
            "aws_security_group.lb",
            "aws_sns_topic.sns_topic_alerts",
            "data.aws_subnet.app_subnet_1",
            "data.aws_subnet.app_subnet_2",
            "data.aws_vpc.vpc",
            "module.alb.aws_lb.this",
            "module.alb.aws_security_group.this"
          ]
        }
      ]
    },
    {
      "mode": "managed",
      "type": "aws_cloudwatch_metric_alarm",
      "name": "cloudwatch_alarm_alb_unhealthy_hosts",
      "provider": "provider[\"registry.terraform.io/hashicorp/aws\"]",
      "instances": [
        {
          "schema_version": 1,
          "attributes": {
            "actions_enabled": true,
            "alarm_actions": [
              "arn:aws:sns:me-central-1:767397974420:avm-prod-alerts"
            ],
            "alarm_description": "Unhealthy host count too high",
            "alarm_name": "avm-prod-alb-unhealthy-hosts",
            "arn": "arn:aws:cloudwatch:me-central-1:767397974420:alarm:avm-prod-alb-unhealthy-hosts",
            "comparison_operator": "GreaterThanThreshold",
            "datapoints_to_alarm": 0,
            "dimensions": {
              "LoadBalancer": "arn:aws:elasticloadbalancing:me-central-1:767397974420:loadbalancer/app/avm-sit-alb/c60301e925982a90"
            },
            "evaluate_low_sample_count_percentiles": "",
            "evaluation_periods": 1,
            "extended_statistic": "",
            "id": "avm-prod-alb-unhealthy-hosts",
            "insufficient_data_actions": [],
            "metric_name": "UnHealthyHostCount",
            "metric_query": [],
            "namespace": "AWS/ApplicationELB",
            "ok_actions": [
              "arn:aws:sns:me-central-1:767397974420:avm-prod-alerts"
            ],
            "period": 60,
            "statistic": "Minimum",
            "tags": {
              "Environment": "prod",
              "Name": "avm-prod",
              "map-migrated": "mig5TZY31HX9S"
            },
            "tags_all": {
              "Environment": "prod",
              "Name": "avm-prod",
              "map-migrated": "mig5TZY31HX9S"
            },
            "threshold": 0,
            "threshold_metric_id": "",
            "treat_missing_data": "missing",
            "unit": ""
          },
          "sensitive_attributes": [],
          "private": "eyJzY2hlbWFfdmVyc2lvbiI6IjEifQ==",
          "dependencies": [
            "aws_security_group.lb",
            "aws_sns_topic.sns_topic_alerts",
            "data.aws_subnet.app_subnet_1",
            "data.aws_subnet.app_subnet_2",
            "data.aws_vpc.vpc",
            "module.alb.aws_lb.this",
            "module.alb.aws_security_group.this"
          ]
        }
      ]
    },
    {
      "mode": "managed",
      "type": "aws_cloudwatch_metric_alarm",
      "name": "cloudwatch_alarm_rds_cpu_usage",
      "provider": "provider[\"registry.terraform.io/hashicorp/aws\"]",
      "instances": [
        {
          "schema_version": 1,
          "attributes": {
            "actions_enabled": true,
            "alarm_actions": [
              "arn:aws:sns:me-central-1:767397974420:avm-prod-alerts"
            ],
            "alarm_description": "Average database CPU utilization too high",
            "alarm_name": "avm-prod-rds-cpu-usage",
            "arn": "arn:aws:cloudwatch:me-central-1:767397974420:alarm:avm-prod-rds-cpu-usage",
            "comparison_operator": "GreaterThanThreshold",
            "datapoints_to_alarm": 0,
            "dimensions": {
              "DBClusterIdentifier": "avm-avm-genaipilot-prod-cluster"
            },
            "evaluate_low_sample_count_percentiles": "",
            "evaluation_periods": 1,
            "extended_statistic": "",
            "id": "avm-prod-rds-cpu-usage",
            "insufficient_data_actions": [],
            "metric_name": "CPUUtilization",
            "metric_query": [],
            "namespace": "AWS/RDS",
            "ok_actions": [
              "arn:aws:sns:me-central-1:767397974420:avm-prod-alerts"
            ],
            "period": 60,
            "statistic": "Average",
            "tags": {
              "Environment": "prod",
              "Name": "avm-prod",
              "map-migrated": "mig5TZY31HX9S"
            },
            "tags_all": {
              "Environment": "prod",
              "Name": "avm-prod",
              "map-migrated": "mig5TZY31HX9S"
            },
            "threshold": 80,
            "threshold_metric_id": "",
            "treat_missing_data": "missing",
            "unit": ""
          },
          "sensitive_attributes": [],
          "private": "eyJzY2hlbWFfdmVyc2lvbiI6IjEifQ==",
          "dependencies": [
            "aws_db_subnet_group.avm",
            "aws_sns_topic.sns_topic_alerts",
            "data.aws_subnet.database_subnet_1",
            "data.aws_subnet.database_subnet_2",
            "data.aws_vpc.vpc",
            "module.cluster.aws_cloudwatch_log_group.this",
            "module.cluster.aws_db_subnet_group.this",
            "module.cluster.aws_rds_cluster.this",
            "module.cluster.aws_rds_cluster_parameter_group.this",
            "module.cluster.aws_security_group.this",
            "module.security_group_rds.aws_security_group.this",
            "module.security_group_rds.aws_security_group.this_name_prefix",
            "random_password.password"
          ]
        }
      ]
    },
    {
      "mode": "managed",
      "type": "aws_cloudwatch_metric_alarm",
      "name": "cloudwatch_alarm_rds_disk_queue_depth_high",
      "provider": "provider[\"registry.terraform.io/hashicorp/aws\"]",
      "instances": [
        {
          "schema_version": 1,
          "attributes": {
            "actions_enabled": true,
            "alarm_actions": [
              "arn:aws:sns:me-central-1:767397974420:avm-prod-alerts"
            ],
            "alarm_description": "Average database disk queue depth too high",
            "alarm_name": "avm-prod-rds-disk-queue-depth-high",
            "arn": "arn:aws:cloudwatch:me-central-1:767397974420:alarm:avm-prod-rds-disk-queue-depth-high",
            "comparison_operator": "LessThanThreshold",
            "datapoints_to_alarm": 0,
            "dimensions": {
              "DBClusterIdentifier": "avm-avm-genaipilot-prod-cluster"
            },
            "evaluate_low_sample_count_percentiles": "",
            "evaluation_periods": 1,
            "extended_statistic": "",
            "id": "avm-prod-rds-disk-queue-depth-high",
            "insufficient_data_actions": [],
            "metric_name": "DiskQueueDepth",
            "metric_query": [],
            "namespace": "AWS/RDS",
            "ok_actions": [
              "arn:aws:sns:me-central-1:767397974420:avm-prod-alerts"
            ],
            "period": 60,
            "statistic": "Average",
            "tags": {
              "Environment": "prod",
              "Name": "avm-prod",
              "map-migrated": "mig5TZY31HX9S"
            },
            "tags_all": {
              "Environment": "prod",
              "Name": "avm-prod",
              "map-migrated": "mig5TZY31HX9S"
            },
            "threshold": 256000000,
            "threshold_metric_id": "",
            "treat_missing_data": "missing",
            "unit": ""
          },
          "sensitive_attributes": [],
          "private": "eyJzY2hlbWFfdmVyc2lvbiI6IjEifQ==",
          "dependencies": [
            "aws_db_subnet_group.avm",
            "aws_sns_topic.sns_topic_alerts",
            "data.aws_subnet.database_subnet_1",
            "data.aws_subnet.database_subnet_2",
            "data.aws_vpc.vpc",
            "module.cluster.aws_cloudwatch_log_group.this",
            "module.cluster.aws_db_subnet_group.this",
            "module.cluster.aws_rds_cluster.this",
            "module.cluster.aws_rds_cluster_parameter_group.this",
            "module.cluster.aws_security_group.this",
            "module.security_group_rds.aws_security_group.this",
            "module.security_group_rds.aws_security_group.this_name_prefix",
            "random_password.password"
          ]
        }
      ]
    },
    {
      "mode": "managed",
      "type": "aws_cloudwatch_metric_alarm",
      "name": "cloudwatch_alarm_rds_freeable_memory",
      "provider": "provider[\"registry.terraform.io/hashicorp/aws\"]",
      "instances": [
        {
          "schema_version": 1,
          "attributes": {
            "actions_enabled": true,
            "alarm_actions": [
              "arn:aws:sns:me-central-1:767397974420:avm-prod-alerts"
            ],
            "alarm_description": "Average database random access memory too low",
            "alarm_name": "avm-prod-rds-freeable-memory",
            "arn": "arn:aws:cloudwatch:me-central-1:767397974420:alarm:avm-prod-rds-freeable-memory",
            "comparison_operator": "LessThanThreshold",
            "datapoints_to_alarm": 0,
            "dimensions": {
              "DBClusterIdentifier": "avm-avm-genaipilot-prod-cluster"
            },
            "evaluate_low_sample_count_percentiles": "",
            "evaluation_periods": 1,
            "extended_statistic": "",
            "id": "avm-prod-rds-freeable-memory",
            "insufficient_data_actions": [],
            "metric_name": "FreeableMemory",
            "metric_query": [],
            "namespace": "AWS/RDS",
            "ok_actions": [
              "arn:aws:sns:me-central-1:767397974420:avm-prod-alerts"
            ],
            "period": 60,
            "statistic": "Average",
            "tags": {
              "Environment": "prod",
              "Name": "avm-prod",
              "map-migrated": "mig5TZY31HX9S"
            },
            "tags_all": {
              "Environment": "prod",
              "Name": "avm-prod",
              "map-migrated": "mig5TZY31HX9S"
            },
            "threshold": 256000000,
            "threshold_metric_id": "",
            "treat_missing_data": "missing",
            "unit": ""
          },
          "sensitive_attributes": [],
          "private": "eyJzY2hlbWFfdmVyc2lvbiI6IjEifQ==",
          "dependencies": [
            "aws_db_subnet_group.avm",
            "aws_sns_topic.sns_topic_alerts",
            "data.aws_subnet.database_subnet_1",
            "data.aws_subnet.database_subnet_2",
            "data.aws_vpc.vpc",
            "module.cluster.aws_cloudwatch_log_group.this",
            "module.cluster.aws_db_subnet_group.this",
            "module.cluster.aws_rds_cluster.this",
            "module.cluster.aws_rds_cluster_parameter_group.this",
            "module.cluster.aws_security_group.this",
            "module.security_group_rds.aws_security_group.this",
            "module.security_group_rds.aws_security_group.this_name_prefix",
            "random_password.password"
          ]
        }
      ]
    },
    {
      "mode": "managed",
      "type": "aws_cloudwatch_metric_alarm",
      "name": "cloudwatch_alarm_rds_local_storage",
      "provider": "provider[\"registry.terraform.io/hashicorp/aws\"]",
      "instances": [
        {
          "schema_version": 1,
          "attributes": {
            "actions_enabled": true,
            "alarm_actions": [
              "arn:aws:sns:me-central-1:767397974420:avm-prod-alerts"
            ],
            "alarm_description": "Average database local storage too low",
            "alarm_name": "avm-prod-rds-local-storage",
            "arn": "arn:aws:cloudwatch:me-central-1:767397974420:alarm:avm-prod-rds-local-storage",
            "comparison_operator": "LessThanThreshold",
            "datapoints_to_alarm": 0,
            "dimensions": {
              "DBClusterIdentifier": "avm-avm-genaipilot-prod-cluster"
            },
            "evaluate_low_sample_count_percentiles": "",
            "evaluation_periods": 1,
            "extended_statistic": "",
            "id": "avm-prod-rds-local-storage",
            "insufficient_data_actions": [],
            "metric_name": "FreeLocalStorage",
            "metric_query": [],
            "namespace": "AWS/RDS",
            "ok_actions": [
              "arn:aws:sns:me-central-1:767397974420:avm-prod-alerts"
            ],
            "period": 60,
            "statistic": "Average",
            "tags": {
              "Environment": "prod",
              "Name": "avm-prod",
              "map-migrated": "mig5TZY31HX9S"
            },
            "tags_all": {
              "Environment": "prod",
              "Name": "avm-prod",
              "map-migrated": "mig5TZY31HX9S"
            },
            "threshold": 1024000000,
            "threshold_metric_id": "",
            "treat_missing_data": "missing",
            "unit": ""
          },
          "sensitive_attributes": [],
          "private": "eyJzY2hlbWFfdmVyc2lvbiI6IjEifQ==",
          "dependencies": [
            "aws_db_subnet_group.avm",
            "aws_sns_topic.sns_topic_alerts",
            "data.aws_subnet.database_subnet_1",
            "data.aws_subnet.database_subnet_2",
            "data.aws_vpc.vpc",
            "module.cluster.aws_cloudwatch_log_group.this",
            "module.cluster.aws_db_subnet_group.this",
            "module.cluster.aws_rds_cluster.this",
            "module.cluster.aws_rds_cluster_parameter_group.this",
            "module.cluster.aws_security_group.this",
            "module.security_group_rds.aws_security_group.this",
            "module.security_group_rds.aws_security_group.this_name_prefix",
            "random_password.password"
          ]
        }
      ]
    },
    {
      "mode": "managed",
      "type": "aws_db_subnet_group",
      "name": "avm",
      "provider": "provider[\"registry.terraform.io/hashicorp/aws\"]",
      "instances": [
        {
          "schema_version": 0,
          "attributes": {
            "arn": "arn:aws:rds:me-central-1:767397974420:subgrp:avm-database-subnet-group",
            "description": "Managed by Terraform",
            "id": "avm-database-subnet-group",
            "name": "avm-database-subnet-group",
            "name_prefix": "",
            "subnet_ids": [
              "subnet-020752009b265234c",
              "subnet-08955b5f11da30ddd"
            ],
            "supported_network_types": [],
            "tags": {
              "Name": "My DB subnet group"
            },
            "tags_all": {
              "Name": "My DB subnet group"
            },
            "vpc_id": "vpc-09a3c73e6d7db4347"
          },
          "sensitive_attributes": [],
          "private": "bnVsbA==",
          "dependencies": [
            "data.aws_subnet.database_subnet_1",
            "data.aws_subnet.database_subnet_2"
          ]
        }
      ]
    },
    {
      "mode": "managed",
      "type": "aws_lb_listener",
      "name": "http_listener",
      "provider": "provider[\"registry.terraform.io/hashicorp/aws\"]",
      "instances": [
        {
          "schema_version": 0,
          "attributes": {
            "alpn_policy": null,
            "arn": "arn:aws:elasticloadbalancing:me-central-1:767397974420:listener/app/avm-sit-alb/c60301e925982a90/92851091d79ffbd0",
            "certificate_arn": null,
            "default_action": [
              {
                "authenticate_cognito": [],
                "authenticate_oidc": [],
                "fixed_response": [],
                "forward": [],
                "order": 1,
                "redirect": [],
                "target_group_arn": "arn:aws:elasticloadbalancing:me-central-1:767397974420:targetgroup/avm-prod-server-tg/cce969f51a6a3180",
                "type": "forward"
              }
            ],
            "id": "arn:aws:elasticloadbalancing:me-central-1:767397974420:listener/app/avm-sit-alb/c60301e925982a90/92851091d79ffbd0",
            "load_balancer_arn": "arn:aws:elasticloadbalancing:me-central-1:767397974420:loadbalancer/app/avm-sit-alb/c60301e925982a90",
            "mutual_authentication": [],
            "port": 80,
            "protocol": "HTTP",
            "ssl_policy": "",
            "tags": null,
            "tags_all": {},
            "timeouts": null
          },
          "sensitive_attributes": [],
          "private": "eyJlMmJmYjczMC1lY2FhLTExZTYtOGY4OC0zNDM2M2JjN2M0YzAiOnsiY3JlYXRlIjozMDAwMDAwMDAwMDAsInVwZGF0ZSI6MzAwMDAwMDAwMDAwfX0=",
          "dependencies": [
            "aws_security_group.lb",
            "data.aws_subnet.app_subnet_1",
            "data.aws_subnet.app_subnet_2",
            "data.aws_vpc.vpc",
            "module.alb.aws_lb.this",
            "module.alb.aws_security_group.this",
            "module.ecs.module.cluster.aws_cloudwatch_log_group.this",
            "module.ecs.module.cluster.aws_ecs_capacity_provider.this",
            "module.ecs.module.cluster.aws_ecs_cluster.this",
            "module.ecs.module.cluster.aws_ecs_cluster_capacity_providers.this",
            "module.ecs.module.cluster.aws_iam_policy.task_exec",
            "module.ecs.module.cluster.aws_iam_role.task_exec",
            "module.ecs.module.cluster.aws_iam_role_policy_attachment.task_exec",
            "module.ecs.module.cluster.aws_iam_role_policy_attachment.task_exec_additional",
            "module.ecs.module.cluster.data.aws_iam_policy_document.task_exec",
            "module.ecs.module.cluster.data.aws_iam_policy_document.task_exec_assume",
            "module.ecs.module.service.aws_appautoscaling_policy.this",
            "module.ecs.module.service.aws_appautoscaling_scheduled_action.this",
            "module.ecs.module.service.aws_appautoscaling_target.this",
            "module.ecs.module.service.aws_ecs_service.ignore_task_definition",
            "module.ecs.module.service.aws_ecs_service.this",
            "module.ecs.module.service.aws_ecs_task_definition.this",
            "module.ecs.module.service.aws_ecs_task_set.ignore_task_definition",
            "module.ecs.module.service.aws_ecs_task_set.this",
            "module.ecs.module.service.aws_iam_policy.service",
            "module.ecs.module.service.aws_iam_policy.task_exec",
            "module.ecs.module.service.aws_iam_role.service",
            "module.ecs.module.service.aws_iam_role.task_exec",
            "module.ecs.module.service.aws_iam_role.tasks",
            "module.ecs.module.service.aws_iam_role_policy.tasks",
            "module.ecs.module.service.aws_iam_role_policy_attachment.service",
            "module.ecs.module.service.aws_iam_role_policy_attachment.task_exec",
            "module.ecs.module.service.aws_iam_role_policy_attachment.task_exec_additional",
            "module.ecs.module.service.aws_iam_role_policy_attachment.tasks",
            "module.ecs.module.service.aws_security_group.this",
            "module.ecs.module.service.aws_security_group_rule.this",
            "module.ecs.module.service.data.aws_caller_identity.current",
            "module.ecs.module.service.data.aws_ecs_task_definition.this",
            "module.ecs.module.service.data.aws_iam_policy_document.service",
            "module.ecs.module.service.data.aws_iam_policy_document.service_assume",
            "module.ecs.module.service.data.aws_iam_policy_document.task_exec",
            "module.ecs.module.service.data.aws_iam_policy_document.task_exec_assume",
            "module.ecs.module.service.data.aws_iam_policy_document.tasks",
            "module.ecs.module.service.data.aws_iam_policy_document.tasks_assume",
            "module.ecs.module.service.data.aws_partition.current",
            "module.ecs.module.service.data.aws_region.current",
            "module.ecs.module.service.data.aws_subnet.this",
            "module.ecs.module.service.module.container_definition.aws_cloudwatch_log_group.this",
            "module.ecs.module.service.module.container_definition.data.aws_region.current",
            "module.server.aws_alb_target_group.this"
          ]
        }
      ]
    },
    {
      "mode": "managed",
      "type": "aws_secretsmanager_secret",
      "name": "this",
      "provider": "provider[\"registry.terraform.io/hashicorp/aws\"]",
      "instances": [
        {
          "schema_version": 0,
          "attributes": {
            "arn": "arn:aws:secretsmanager:me-central-1:767397974420:secret:avm-prod-container-registry-mNq5tY",
            "description": "",
            "force_overwrite_replica_secret": false,
            "id": "arn:aws:secretsmanager:me-central-1:767397974420:secret:avm-prod-container-registry-mNq5tY",
            "kms_key_id": "",
            "name": "avm-prod-container-registry",
            "name_prefix": "",
            "policy": "",
            "recovery_window_in_days": 0,
            "replica": [],
            "tags": {},
            "tags_all": {}
          },
          "sensitive_attributes": [],
          "private": "bnVsbA=="
        }
      ]
    },
    {
      "mode": "managed",
      "type": "aws_secretsmanager_secret_version",
      "name": "this",
      "provider": "provider[\"registry.terraform.io/hashicorp/aws\"]",
      "instances": [
        {
          "schema_version": 0,
          "attributes": {
            "arn": "arn:aws:secretsmanager:me-central-1:767397974420:secret:avm-prod-container-registry-mNq5tY",
            "id": "arn:aws:secretsmanager:me-central-1:767397974420:secret:avm-prod-container-registry-mNq5tY|terraform-20240305113914477900000008",
            "secret_binary": "",
            "secret_id": "arn:aws:secretsmanager:me-central-1:767397974420:secret:avm-prod-container-registry-mNq5tY",
            "secret_string": "{\"CONTAINER_REGISTRY_TOKEN\":\"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\",\"CONTAINER_REGISTRY_USERNAME\":\"addvaluemachine\"}",
            "version_id": "terraform-20240305113914477900000008",
            "version_stages": [
              "AWSCURRENT"
            ]
          },
          "sensitive_attributes": [
            [
              {
                "type": "get_attr",
                "value": "secret_string"
              }
            ]
          ],
          "private": "bnVsbA==",
          "dependencies": [
            "aws_secretsmanager_secret.this"
          ]
        }
      ]
    },
    {
      "mode": "managed",
      "type": "aws_security_group",
      "name": "lb",
      "provider": "provider[\"registry.terraform.io/hashicorp/aws\"]",
      "instances": [
        {
          "schema_version": 1,
          "attributes": {
            "arn": "arn:aws:ec2:me-central-1:767397974420:security-group/sg-097e7f3b2ebb862ff",
            "description": "Managed by Terraform",
            "egress": [
              {
                "cidr_blocks": [
                  "0.0.0.0/0"
                ],
                "description": "",
                "from_port": 0,
                "ipv6_cidr_blocks": [],
                "prefix_list_ids": [],
                "protocol": "-1",
                "security_groups": [],
                "self": false,
                "to_port": 0
              }
            ],
            "id": "sg-097e7f3b2ebb862ff",
            "ingress": [
              {
                "cidr_blocks": [
                  "10.124.32.0/23",
                  "10.124.60.0/23"
                ],
                "description": "",
                "from_port": 443,
                "ipv6_cidr_blocks": [],
                "prefix_list_ids": [],
                "protocol": "tcp",
                "security_groups": [],
                "self": false,
                "to_port": 443
              },
              {
                "cidr_blocks": [
                  "10.91.40.0/24"
                ],
                "description": "HTTPS from CloudFront",
                "from_port": 80,
                "ipv6_cidr_blocks": [],
                "prefix_list_ids": [],
                "protocol": "tcp",
                "security_groups": [],
                "self": false,
                "to_port": 80
              }
            ],
            "name": "avm-prod-alb-sg",
            "name_prefix": "",
            "owner_id": "767397974420",
            "revoke_rules_on_delete": false,
            "tags": {},
            "tags_all": {},
            "timeouts": null,
            "vpc_id": "vpc-09a3c73e6d7db4347"
          },
          "sensitive_attributes": [],
          "private": "eyJlMmJmYjczMC1lY2FhLTExZTYtOGY4OC0zNDM2M2JjN2M0YzAiOnsiY3JlYXRlIjo2MDAwMDAwMDAwMDAsImRlbGV0ZSI6OTAwMDAwMDAwMDAwfSwic2NoZW1hX3ZlcnNpb24iOiIxIn0=",
          "dependencies": [
            "data.aws_vpc.vpc"
          ]
        }
      ]
    },
    {
      "mode": "managed",
      "type": "aws_security_group_rule",
      "name": "lb_ingress_cloudfront",
      "provider": "provider[\"registry.terraform.io/hashicorp/aws\"]",
      "instances": [
        {
          "schema_version": 2,
          "attributes": {
            "cidr_blocks": [
              "10.91.40.0/24"
            ],
            "description": "HTTPS from CloudFront",
            "from_port": 80,
            "id": "sgrule-2450498096",
            "ipv6_cidr_blocks": null,
            "prefix_list_ids": null,
            "protocol": "tcp",
            "security_group_id": "sg-097e7f3b2ebb862ff",
            "security_group_rule_id": "sgr-0cba983d0624c21d6",
            "self": false,
            "source_security_group_id": null,
            "timeouts": null,
            "to_port": 80,
            "type": "ingress"
          },
          "sensitive_attributes": [],
          "private": "eyJlMmJmYjczMC1lY2FhLTExZTYtOGY4OC0zNDM2M2JjN2M0YzAiOnsiY3JlYXRlIjozMDAwMDAwMDAwMDB9LCJzY2hlbWFfdmVyc2lvbiI6IjIifQ==",
          "dependencies": [
            "aws_security_group.lb",
            "data.aws_vpc.vpc"
          ]
        }
      ]
    },
    {
      "mode": "managed",
      "type": "aws_sns_topic",
      "name": "sns_topic_alerts",
      "provider": "provider[\"registry.terraform.io/hashicorp/aws\"]",
      "instances": [
        {
          "schema_version": 0,
          "attributes": {
            "application_failure_feedback_role_arn": "",
            "application_success_feedback_role_arn": "",
            "application_success_feedback_sample_rate": 0,
            "archive_policy": "",
            "arn": "arn:aws:sns:me-central-1:767397974420:avm-prod-alerts",
            "beginning_archive_time": "",
            "content_based_deduplication": false,
            "delivery_policy": "",
            "display_name": "",
            "fifo_topic": false,
            "firehose_failure_feedback_role_arn": "",
            "firehose_success_feedback_role_arn": "",
            "firehose_success_feedback_sample_rate": 0,
            "http_failure_feedback_role_arn": "",
            "http_success_feedback_role_arn": "",
            "http_success_feedback_sample_rate": 0,
            "id": "arn:aws:sns:me-central-1:767397974420:avm-prod-alerts",
            "kms_master_key_id": "",
            "lambda_failure_feedback_role_arn": "",
            "lambda_success_feedback_role_arn": "",
            "lambda_success_feedback_sample_rate": 0,
            "name": "avm-prod-alerts",
            "name_prefix": "",
            "owner": "767397974420",
            "policy": "{\"Id\":\"__default_policy_ID\",\"Statement\":[{\"Action\":[\"SNS:GetTopicAttributes\",\"SNS:SetTopicAttributes\",\"SNS:AddPermission\",\"SNS:RemovePermission\",\"SNS:DeleteTopic\",\"SNS:Subscribe\",\"SNS:ListSubscriptionsByTopic\",\"SNS:Publish\"],\"Condition\":{\"StringEquals\":{\"AWS:SourceOwner\":\"767397974420\"}},\"Effect\":\"Allow\",\"Principal\":{\"AWS\":\"*\"},\"Resource\":\"arn:aws:sns:me-central-1:767397974420:avm-prod-alerts\",\"Sid\":\"__default_statement_ID\"}],\"Version\":\"2008-10-17\"}",
            "signature_version": 0,
            "sqs_failure_feedback_role_arn": "",
            "sqs_success_feedback_role_arn": "",
            "sqs_success_feedback_sample_rate": 0,
            "tags": {},
            "tags_all": {},
            "tracing_config": ""
          },
          "sensitive_attributes": [],
          "private": "bnVsbA=="
        }
      ]
    },
    {
      "mode": "managed",
      "type": "aws_sns_topic_subscription",
      "name": "sns_topic_subscription_notifications",
      "provider": "provider[\"registry.terraform.io/hashicorp/aws\"]",
      "instances": [
        {
          "schema_version": 0,
          "attributes": {
            "arn": "arn:aws:sns:me-central-1:767397974420:avm-prod-alerts:7a1e5db0-8a4d-4d63-b603-d5bb95fbb917",
            "confirmation_timeout_in_minutes": 1,
            "confirmation_was_authenticated": false,
            "delivery_policy": "",
            "endpoint": "support@addvaluemachine.com",
            "endpoint_auto_confirms": false,
            "filter_policy": "",
            "filter_policy_scope": "",
            "id": "arn:aws:sns:me-central-1:767397974420:avm-prod-alerts:7a1e5db0-8a4d-4d63-b603-d5bb95fbb917",
            "owner_id": "767397974420",
            "pending_confirmation": true,
            "protocol": "email",
            "raw_message_delivery": false,
            "redrive_policy": "",
            "replay_policy": "",
            "subscription_role_arn": "",
            "topic_arn": "arn:aws:sns:me-central-1:767397974420:avm-prod-alerts"
          },
          "sensitive_attributes": [],
          "private": "bnVsbA==",
          "dependencies": [
            "aws_sns_topic.sns_topic_alerts"
          ]
        }
      ]
    },
    {
      "mode": "managed",
      "type": "aws_vpc_security_group_egress_rule",
      "name": "example",
      "provider": "provider[\"registry.terraform.io/hashicorp/aws\"]",
      "instances": [
        {
          "schema_version": 0,
          "attributes": {
            "arn": "arn:aws:ec2:me-central-1:767397974420:security-group-rule/sgr-08581bcf1919d981f",
            "cidr_ipv4": "0.0.0.0/0",
            "cidr_ipv6": null,
            "description": null,
            "from_port": null,
            "id": "sgr-08581bcf1919d981f",
            "ip_protocol": "-1",
            "prefix_list_id": null,
            "referenced_security_group_id": null,
            "security_group_id": "sg-097e7f3b2ebb862ff",
            "security_group_rule_id": "sgr-08581bcf1919d981f",
            "tags": null,
            "tags_all": {},
            "to_port": null
          },
          "sensitive_attributes": [],
          "dependencies": [
            "aws_security_group.lb",
            "data.aws_vpc.vpc"
          ]
        }
      ]
    },
    {
      "mode": "managed",
      "type": "aws_wafv2_web_acl",
      "name": "web_acl_alb",
      "provider": "provider[\"registry.terraform.io/hashicorp/aws\"]",
      "instances": [
        {
          "schema_version": 0,
          "attributes": {
            "application_integration_url": "",
            "arn": "arn:aws:wafv2:me-central-1:767397974420:regional/webacl/avm-prod-alb-waf/edd66a70-27ac-4341-94d9-fc5bbe02c345",
            "association_config": [],
            "capacity": 925,
            "captcha_config": [],
            "challenge_config": [],
            "custom_response_body": [],
            "default_action": [
              {
                "allow": [
                  {
                    "custom_request_handling": []
                  }
                ],
                "block": []
              }
            ],
            "description": "",
            "id": "edd66a70-27ac-4341-94d9-fc5bbe02c345",
            "lock_token": "aa2e89a0-fcae-41b9-b0ff-5beb18e132cd",
            "name": "avm-prod-alb-waf",
            "rule": [
              {
                "action": [],
                "captcha_config": [],
                "name": "AWS-AWSManagedRulesAmazonIpReputationList",
                "override_action": [
                  {
                    "count": [],
                    "none": [
                      {}
                    ]
                  }
                ],
                "priority": 0,
                "rule_label": [],
                "statement": [
                  {
                    "and_statement": [],
                    "byte_match_statement": [],
                    "geo_match_statement": [],
                    "ip_set_reference_statement": [],
                    "label_match_statement": [],
                    "managed_rule_group_statement": [
                      {
                        "managed_rule_group_configs": [],
                        "name": "AWSManagedRulesAmazonIpReputationList",
                        "rule_action_override": [],
                        "scope_down_statement": [],
                        "vendor_name": "AWS",
                        "version": ""
                      }
                    ],
                    "not_statement": [],
                    "or_statement": [],
                    "rate_based_statement": [],
                    "regex_match_statement": [],
                    "regex_pattern_set_reference_statement": [],
                    "rule_group_reference_statement": [],
                    "size_constraint_statement": [],
                    "sqli_match_statement": [],
                    "xss_match_statement": []
                  }
                ],
                "visibility_config": [
                  {
                    "cloudwatch_metrics_enabled": true,
                    "metric_name": "AWS-AWSManagedRulesAmazonIpReputationList",
                    "sampled_requests_enabled": true
                  }
                ]
              },
              {
                "action": [],
                "captcha_config": [],
                "name": "AWS-AWSManagedRulesCommonRuleSet",
                "override_action": [
                  {
                    "count": [],
                    "none": [
                      {}
                    ]
                  }
                ],
                "priority": 1,
                "rule_label": [],
                "statement": [
                  {
                    "and_statement": [],
                    "byte_match_statement": [],
                    "geo_match_statement": [],
                    "ip_set_reference_statement": [],
                    "label_match_statement": [],
                    "managed_rule_group_statement": [
                      {
                        "managed_rule_group_configs": [],
                        "name": "AWSManagedRulesCommonRuleSet",
                        "rule_action_override": [],
                        "scope_down_statement": [],
                        "vendor_name": "AWS",
                        "version": ""
                      }
                    ],
                    "not_statement": [],
                    "or_statement": [],
                    "rate_based_statement": [],
                    "regex_match_statement": [],
                    "regex_pattern_set_reference_statement": [],
                    "rule_group_reference_statement": [],
                    "size_constraint_statement": [],
                    "sqli_match_statement": [],
                    "xss_match_statement": []
                  }
                ],
                "visibility_config": [
                  {
                    "cloudwatch_metrics_enabled": true,
                    "metric_name": "AWS-AWSManagedRulesCommonRuleSet",
                    "sampled_requests_enabled": true
                  }
                ]
              },
              {
                "action": [],
                "captcha_config": [],
                "name": "AWS-AWSManagedRulesKnownBadInputsRuleSet",
                "override_action": [
                  {
                    "count": [],
                    "none": [
                      {}
                    ]
                  }
                ],
                "priority": 2,
                "rule_label": [],
                "statement": [
                  {
                    "and_statement": [],
                    "byte_match_statement": [],
                    "geo_match_statement": [],
                    "ip_set_reference_statement": [],
                    "label_match_statement": [],
                    "managed_rule_group_statement": [
                      {
                        "managed_rule_group_configs": [],
                        "name": "AWSManagedRulesKnownBadInputsRuleSet",
                        "rule_action_override": [],
                        "scope_down_statement": [],
                        "vendor_name": "AWS",
                        "version": ""
                      }
                    ],
                    "not_statement": [],
                    "or_statement": [],
                    "rate_based_statement": [],
                    "regex_match_statement": [],
                    "regex_pattern_set_reference_statement": [],
                    "rule_group_reference_statement": [],
                    "size_constraint_statement": [],
                    "sqli_match_statement": [],
                    "xss_match_statement": []
                  }
                ],
                "visibility_config": [
                  {
                    "cloudwatch_metrics_enabled": true,
                    "metric_name": "AWS-AWSManagedRulesKnownBadInputsRuleSet",
                    "sampled_requests_enabled": true
                  }
                ]
              }
            ],
            "scope": "REGIONAL",
            "tags": {
              "Environment": "prod",
              "Name": "avm-prod",
              "map-migrated": "mig5TZY31HX9S"
            },
            "tags_all": {
              "Environment": "prod",
              "Name": "avm-prod",
              "map-migrated": "mig5TZY31HX9S"
            },
            "token_domains": [],
            "visibility_config": [
              {
                "cloudwatch_metrics_enabled": true,
                "metric_name": "avm-prod-cloudfront-waf",
                "sampled_requests_enabled": true
              }
            ]
          },
          "sensitive_attributes": [],
          "private": "bnVsbA=="
        }
      ]
    },
    {
      "mode": "managed",
      "type": "aws_wafv2_web_acl_association",
      "name": "this",
      "provider": "provider[\"registry.terraform.io/hashicorp/aws\"]",
      "instances": [
        {
          "schema_version": 0,
          "attributes": {
            "id": "arn:aws:wafv2:me-central-1:767397974420:regional/webacl/avm-prod-alb-waf/edd66a70-27ac-4341-94d9-fc5bbe02c345,arn:aws:elasticloadbalancing:me-central-1:767397974420:loadbalancer/app/avm-sit-alb/c60301e925982a90",
            "resource_arn": "arn:aws:elasticloadbalancing:me-central-1:767397974420:loadbalancer/app/avm-sit-alb/c60301e925982a90",
            "timeouts": null,
            "web_acl_arn": "arn:aws:wafv2:me-central-1:767397974420:regional/webacl/avm-prod-alb-waf/edd66a70-27ac-4341-94d9-fc5bbe02c345"
          },
          "sensitive_attributes": [],
          "private": "eyJlMmJmYjczMC1lY2FhLTExZTYtOGY4OC0zNDM2M2JjN2M0YzAiOnsiY3JlYXRlIjozMDAwMDAwMDAwMDB9fQ==",
          "dependencies": [
            "aws_security_group.lb",
            "aws_wafv2_web_acl.web_acl_alb",
            "data.aws_subnet.app_subnet_1",
            "data.aws_subnet.app_subnet_2",
            "data.aws_vpc.vpc",
            "module.alb.aws_lb.this",
            "module.alb.aws_security_group.this"
          ]
        }
      ]
    },
    {
      "mode": "managed",
      "type": "random_password",
      "name": "password",
      "provider": "provider[\"registry.terraform.io/hashicorp/random\"]",
      "instances": [
        {
          "index_key": 0,
          "schema_version": 3,
          "attributes": {
            "bcrypt_hash": "$2a$10$0uqIbIvg86nG0nrzs86ijOtywAXUybplhO2U.BFPa/cR.bPbGbMNe",
            "id": "none",
            "keepers": null,
            "length": 20,
            "lower": true,
            "min_lower": 0,
            "min_numeric": 0,
            "min_special": 0,
            "min_upper": 0,
            "number": true,
            "numeric": true,
            "override_special": null,
            "result": "5eg8r5HlgbCKhVkvm1JR",
            "special": false,
            "upper": true
          },
          "sensitive_attributes": []
        }
      ]
    },
    {
      "module": "module.alb",
      "mode": "managed",
      "type": "aws_lb",
      "name": "this",
      "provider": "provider[\"registry.terraform.io/hashicorp/aws\"]",
      "instances": [
        {
          "index_key": 0,
          "schema_version": 0,
          "attributes": {
            "access_logs": [
              {
                "bucket": "",
                "enabled": false,
                "prefix": ""
              }
            ],
            "arn": "arn:aws:elasticloadbalancing:me-central-1:767397974420:loadbalancer/app/avm-sit-alb/c60301e925982a90",
            "arn_suffix": "app/avm-sit-alb/c60301e925982a90",
            "connection_logs": [
              {
                "bucket": "",
                "enabled": false,
                "prefix": ""
              }
            ],
            "customer_owned_ipv4_pool": "",
            "desync_mitigation_mode": "defensive",
            "dns_name": "internal-avm-sit-alb-1564825152.me-central-1.elb.amazonaws.com",
            "dns_record_client_routing_policy": null,
            "drop_invalid_header_fields": false,
            "enable_cross_zone_load_balancing": true,
            "enable_deletion_protection": false,
            "enable_http2": true,
            "enable_tls_version_and_cipher_suite_headers": false,
            "enable_waf_fail_open": false,
            "enable_xff_client_port": true,
            "enforce_security_group_inbound_rules_on_private_link_traffic": "",
            "id": "arn:aws:elasticloadbalancing:me-central-1:767397974420:loadbalancer/app/avm-sit-alb/c60301e925982a90",
            "idle_timeout": 3600,
            "internal": true,
            "ip_address_type": "ipv4",
            "load_balancer_type": "application",
            "name": "avm-sit-alb",
            "name_prefix": "",
            "preserve_host_header": false,
            "security_groups": [
              "sg-097e7f3b2ebb862ff"
            ],
            "subnet_mapping": [
              {
                "allocation_id": "",
                "ipv6_address": "",
                "outpost_id": "",
                "private_ipv4_address": "",
                "subnet_id": "subnet-085b28bbc16c1023d"
              },
              {
                "allocation_id": "",
                "ipv6_address": "",
                "outpost_id": "",
                "private_ipv4_address": "",
                "subnet_id": "subnet-0cea2ec77e6c4ded8"
              }
            ],
            "subnets": [
              "subnet-085b28bbc16c1023d",
              "subnet-0cea2ec77e6c4ded8"
            ],
            "tags": {
              "Environment": "prod",
              "Name": "avm-prod",
              "map-migrated": "mig5TZY31HX9S"
            },
            "tags_all": {
              "Environment": "prod",
              "Name": "avm-prod",
              "map-migrated": "mig5TZY31HX9S"
            },
            "timeouts": {
              "create": "10m",
              "delete": "10m",
              "update": "10m"
            },
            "vpc_id": "vpc-09a3c73e6d7db4347",
            "xff_header_processing_mode": "append",
            "zone_id": "Z08230872XQRWHG2XF6I"
          },
          "sensitive_attributes": [],
          "private": "eyJlMmJmYjczMC1lY2FhLTExZTYtOGY4OC0zNDM2M2JjN2M0YzAiOnsiY3JlYXRlIjo2MDAwMDAwMDAwMDAsImRlbGV0ZSI6NjAwMDAwMDAwMDAwLCJ1cGRhdGUiOjYwMDAwMDAwMDAwMH19",
          "dependencies": [
            "aws_security_group.lb",
            "data.aws_subnet.app_subnet_1",
            "data.aws_subnet.app_subnet_2",
            "data.aws_vpc.vpc",
            "module.alb.aws_security_group.this"
          ]
        }
      ]
    },
    {
      "module": "module.chat",
      "mode": "data",
      "type": "aws_caller_identity",
      "name": "current",
      "provider": "provider[\"registry.terraform.io/hashicorp/aws\"]",
      "instances": [
        {
          "schema_version": 0,
          "attributes": {
            "account_id": "767397974420",
            "arn": "arn:aws:sts::767397974420:assumed-role/assumeRoleAWSTemp-AWSProfessionalServicesRole-ZkL0xexDiBMB/adcb",
            "id": "767397974420",
            "user_id": "AROA3FLD32GKKY47UFHAR:adcb"
          },
          "sensitive_attributes": []
        }
      ]
    },
    {
      "module": "module.chat",
      "mode": "managed",
      "type": "aws_s3_bucket",
      "name": "aws_s3_bucket_chat",
      "provider": "provider[\"registry.terraform.io/hashicorp/aws\"]",
      "instances": [
        {
          "schema_version": 0,
          "attributes": {
            "acceleration_status": "",
            "acl": null,
            "arn": "arn:aws:s3:::chat.avm-genaipilot.adcbmis.local",
            "bucket": "chat.avm-genaipilot.adcbmis.local",
            "bucket_domain_name": "chat.avm-genaipilot.adcbmis.local.s3.amazonaws.com",
            "bucket_prefix": "",
            "bucket_regional_domain_name": "chat.avm-genaipilot.adcbmis.local.s3.me-central-1.amazonaws.com",
            "cors_rule": [
              {
                "allowed_headers": [
                  "*"
                ],
                "allowed_methods": [
                  "POST",
                  "GET",
                  "HEAD",
                  "DELETE",
                  "PUT"
                ],
                "allowed_origins": [
                  "*"
                ],
                "expose_headers": [],
                "max_age_seconds": 3000
              },
              {
                "allowed_headers": [],
                "allowed_methods": [
                  "GET"
                ],
                "allowed_origins": [
                  "*"
                ],
                "expose_headers": [],
                "max_age_seconds": 0
              }
            ],
            "force_destroy": true,
            "grant": [
              {
                "id": "91b9fb9469d472d3853c3d78de6d937e0ab7a630ca96499ad0cf5ee015688acb",
                "permissions": [
                  "FULL_CONTROL"
                ],
                "type": "CanonicalUser",
                "uri": ""
              }
            ],
            "hosted_zone_id": "Z06143092I8HRXZRUZROF",
            "id": "chat.avm-genaipilot.adcbmis.local",
            "lifecycle_rule": [],
            "logging": [],
            "object_lock_configuration": [],
            "object_lock_enabled": false,
            "policy": "{\"Id\":\"Policy1415115909152\",\"Statement\":[{\"Action\":\"s3:GetObject\",\"Condition\":{\"StringEquals\":{\"aws:SourceVpce\":\"vpce-0935a11b53c486e1d\"}},\"Effect\":\"Allow\",\"Principal\":\"*\",\"Resource\":[\"arn:aws:s3:::chat.avm-genaipilot.adcbmis.local\",\"arn:aws:s3:::chat.avm-genaipilot.adcbmis.local/*\"],\"Sid\":\"Access-to-specific-VPCE-only\"}],\"Version\":\"2012-10-17\"}",
            "region": "me-central-1",
            "replication_configuration": [],
            "request_payer": "BucketOwner",
            "server_side_encryption_configuration": [
              {
                "rule": [
                  {
                    "apply_server_side_encryption_by_default": [
                      {
                        "kms_master_key_id": "",
                        "sse_algorithm": "AES256"
                      }
                    ],
                    "bucket_key_enabled": false
                  }
                ]
              }
            ],
            "tags": {},
            "tags_all": {},
            "timeouts": null,
            "versioning": [
              {
                "enabled": false,
                "mfa_delete": false
              }
            ],
            "website": [],
            "website_domain": null,
            "website_endpoint": null
          },
          "sensitive_attributes": [],
          "private": "eyJlMmJmYjczMC1lY2FhLTExZTYtOGY4OC0zNDM2M2JjN2M0YzAiOnsiY3JlYXRlIjoxMjAwMDAwMDAwMDAwLCJkZWxldGUiOjM2MDAwMDAwMDAwMDAsInJlYWQiOjEyMDAwMDAwMDAwMDAsInVwZGF0ZSI6MTIwMDAwMDAwMDAwMH19"
        }
      ]
    },
    {
      "module": "module.chat",
      "mode": "managed",
      "type": "aws_s3_bucket_cors_configuration",
      "name": "aws_s3_bucket_chat_cors",
      "provider": "provider[\"registry.terraform.io/hashicorp/aws\"]",
      "instances": [
        {
          "schema_version": 0,
          "attributes": {
            "bucket": "chat.avm-genaipilot.adcbmis.local",
            "cors_rule": [
              {
                "allowed_headers": [
                  "*"
                ],
                "allowed_methods": [
                  "DELETE",
                  "GET",
                  "HEAD",
                  "POST",
                  "PUT"
                ],
                "allowed_origins": [
                  "*"
                ],
                "expose_headers": [],
                "id": "",
                "max_age_seconds": 3000
              },
              {
                "allowed_headers": [],
                "allowed_methods": [
                  "GET"
                ],
                "allowed_origins": [
                  "*"
                ],
                "expose_headers": [],
                "id": "",
                "max_age_seconds": 0
              }
            ],
            "expected_bucket_owner": "",
            "id": "chat.avm-genaipilot.adcbmis.local"
          },
          "sensitive_attributes": [],
          "private": "bnVsbA==",
          "dependencies": [
            "module.chat.aws_s3_bucket.aws_s3_bucket_chat"
          ]
        }
      ]
    },
    {
      "module": "module.chat",
      "mode": "managed",
      "type": "aws_secretsmanager_secret",
      "name": "this",
      "provider": "provider[\"registry.terraform.io/hashicorp/aws\"]",
      "instances": [
        {
          "schema_version": 0,
          "attributes": {
            "arn": "arn:aws:secretsmanager:me-central-1:767397974420:secret:avm-prod-chat-ZFNRyV",
            "description": "",
            "force_overwrite_replica_secret": false,
            "id": "arn:aws:secretsmanager:me-central-1:767397974420:secret:avm-prod-chat-ZFNRyV",
            "kms_key_id": "",
            "name": "avm-prod-chat",
            "name_prefix": "",
            "policy": "",
            "recovery_window_in_days": 0,
            "replica": [],
            "tags": {},
            "tags_all": {}
          },
          "sensitive_attributes": [],
          "private": "bnVsbA=="
        }
      ]
    },
    {
      "module": "module.chat",
      "mode": "managed",
      "type": "aws_secretsmanager_secret_version",
      "name": "this",
      "provider": "provider[\"registry.terraform.io/hashicorp/aws\"]",
      "instances": [
        {
          "schema_version": 0,
          "attributes": {
            "arn": "arn:aws:secretsmanager:me-central-1:767397974420:secret:avm-prod-chat-ZFNRyV",
            "id": "arn:aws:secretsmanager:me-central-1:767397974420:secret:avm-prod-chat-ZFNRyV|terraform-20240305113913876700000005",
            "secret_binary": "",
            "secret_id": "arn:aws:secretsmanager:me-central-1:767397974420:secret:avm-prod-chat-ZFNRyV",
            "secret_string": "{\"REACT_APP_FIREBASE_API_KEY\":\"AIzaSyDjG79yyVfVjAiw_SO5SCxAxdxe963N9Vc\",\"REACT_APP_FIREBASE_APP_ID\":\"1:68786230312:web:724b32f947a096dd97111d\",\"REACT_APP_FIREBASE_AUTH_DOMAIN\":\"addvaluemachine-adcb.firebaseapp.com\",\"REACT_APP_FIREBASE_MEASUREMENT_ID\":\"G-FC6QSDF4QS\",\"REACT_APP_FIREBASE_MESSAGING_SENDER_ID\":\"68786230312\",\"REACT_APP_FIREBASE_PROJECT_ID\":\"addvaluemachine-adcb\",\"REACT_APP_FIREBASE_STORAGE_BUCKET\":\"addvaluemachine-adcb.appspot.com\"}",
            "version_id": "terraform-20240305113913876700000005",
            "version_stages": [
              "AWSCURRENT"
            ]
          },
          "sensitive_attributes": [],
          "private": "bnVsbA==",
          "dependencies": [
            "module.chat.aws_secretsmanager_secret.this"
          ]
        }
      ]
    },
    {
      "module": "module.chat.module.ecr",
      "mode": "data",
      "type": "aws_caller_identity",
      "name": "current",
      "provider": "provider[\"registry.terraform.io/hashicorp/aws\"]",
      "instances": [
        {
          "schema_version": 0,
          "attributes": {
            "account_id": "767397974420",
            "arn": "arn:aws:sts::767397974420:assumed-role/assumeRoleAWSTemp-AWSProfessionalServicesRole-ZkL0xexDiBMB/adcb",
            "id": "767397974420",
            "user_id": "AROA3FLD32GKKY47UFHAR:adcb"
          },
          "sensitive_attributes": []
        }
      ]
    },
    {
      "module": "module.chat.module.ecr",
      "mode": "data",
      "type": "aws_iam_policy_document",
      "name": "repository",
      "provider": "provider[\"registry.terraform.io/hashicorp/aws\"]",
      "instances": [
        {
          "index_key": 0,
          "schema_version": 0,
          "attributes": {
            "id": "1038559857",
            "json": "{\n  \"Version\": \"2012-10-17\",\n  \"Statement\": [\n    {\n      \"Sid\": \"PrivateReadOnly\",\n      \"Effect\": \"Allow\",\n      \"Action\": [\n        \"ecr:ListTagsForResource\",\n        \"ecr:ListImages\",\n        \"ecr:GetRepositoryPolicy\",\n        \"ecr:GetLifecyclePolicyPreview\",\n        \"ecr:GetLifecyclePolicy\",\n        \"ecr:GetDownloadUrlForLayer\",\n        \"ecr:GetAuthorizationToken\",\n        \"ecr:DescribeRepositories\",\n        \"ecr:DescribeImages\",\n        \"ecr:DescribeImageScanFindings\",\n        \"ecr:BatchGetImage\",\n        \"ecr:BatchCheckLayerAvailability\"\n      ],\n      \"Principal\": {\n        \"AWS\": \"arn:aws:sts::767397974420:assumed-role/assumeRoleAWSTemp-AWSProfessionalServicesRole-ZkL0xexDiBMB/adcb\"\n      }\n    },\n    {\n      \"Sid\": \"ReadWrite\",\n      \"Effect\": \"Allow\",\n      \"Action\": [\n        \"ecr:UploadLayerPart\",\n        \"ecr:PutImage\",\n        \"ecr:InitiateLayerUpload\",\n        \"ecr:CompleteLayerUpload\"\n      ],\n      \"Principal\": {\n        \"AWS\": \"arn:aws:sts::767397974420:assumed-role/assumeRoleAWSTemp-AWSProfessionalServicesRole-ZkL0xexDiBMB/adcb\"\n      }\n    }\n  ]\n}",
            "override_policy_documents": null,
            "policy_id": null,
            "source_policy_documents": null,
            "statement": [
              {
                "actions": [
                  "ecr:BatchCheckLayerAvailability",
                  "ecr:BatchGetImage",
                  "ecr:DescribeImageScanFindings",
                  "ecr:DescribeImages",
                  "ecr:DescribeRepositories",
                  "ecr:GetAuthorizationToken",
                  "ecr:GetDownloadUrlForLayer",
                  "ecr:GetLifecyclePolicy",
                  "ecr:GetLifecyclePolicyPreview",
                  "ecr:GetRepositoryPolicy",
                  "ecr:ListImages",
                  "ecr:ListTagsForResource"
                ],
                "condition": [],
                "effect": "Allow",
                "not_actions": [],
                "not_principals": [],
                "not_resources": [],
                "principals": [
                  {
                    "identifiers": [
                      "arn:aws:sts::767397974420:assumed-role/assumeRoleAWSTemp-AWSProfessionalServicesRole-ZkL0xexDiBMB/adcb"
                    ],
                    "type": "AWS"
                  }
                ],
                "resources": [],
                "sid": "PrivateReadOnly"
              },
              {
                "actions": [
                  "ecr:CompleteLayerUpload",
                  "ecr:InitiateLayerUpload",
                  "ecr:PutImage",
                  "ecr:UploadLayerPart"
                ],
                "condition": [],
                "effect": "Allow",
                "not_actions": [],
                "not_principals": [],
                "not_resources": [],
                "principals": [
                  {
                    "identifiers": [
                      "arn:aws:sts::767397974420:assumed-role/assumeRoleAWSTemp-AWSProfessionalServicesRole-ZkL0xexDiBMB/adcb"
                    ],
                    "type": "AWS"
                  }
                ],
                "resources": [],
                "sid": "ReadWrite"
              }
            ],
            "version": "2012-10-17"
          },
          "sensitive_attributes": []
        }
      ]
    },
    {
      "module": "module.chat.module.ecr",
      "mode": "data",
      "type": "aws_partition",
      "name": "current",
      "provider": "provider[\"registry.terraform.io/hashicorp/aws\"]",
      "instances": [
        {
          "schema_version": 0,
          "attributes": {
            "dns_suffix": "amazonaws.com",
            "id": "aws",
            "partition": "aws",
            "reverse_dns_prefix": "com.amazonaws"
          },
          "sensitive_attributes": []
        }
      ]
    },
    {
      "module": "module.chat.module.ecr",
      "mode": "managed",
      "type": "aws_ecr_lifecycle_policy",
      "name": "this",
      "provider": "provider[\"registry.terraform.io/hashicorp/aws\"]",
      "instances": [
        {
          "index_key": 0,
          "schema_version": 0,
          "attributes": {
            "id": "avm-chat",
            "policy": "{\"rules\":[{\"action\":{\"type\":\"expire\"},\"description\":\"Keep only tagged images\",\"rulePriority\":1,\"selection\":{\"countNumber\":1,\"countType\":\"imageCountMoreThan\",\"tagStatus\":\"untagged\"}}]}",
            "registry_id": "767397974420",
            "repository": "avm-chat"
          },
          "sensitive_attributes": [],
          "private": "bnVsbA==",
          "dependencies": [
            "module.chat.module.ecr.aws_ecr_repository.this"
          ]
        }
      ]
    },
    {
      "module": "module.chat.module.ecr",
      "mode": "managed",
      "type": "aws_ecr_repository",
      "name": "this",
      "provider": "provider[\"registry.terraform.io/hashicorp/aws\"]",
      "instances": [
        {
          "index_key": 0,
          "schema_version": 0,
          "attributes": {
            "arn": "arn:aws:ecr:me-central-1:767397974420:repository/avm-chat",
            "encryption_configuration": [
              {
                "encryption_type": "KMS",
                "kms_key": "arn:aws:kms:me-central-1:767397974420:key/10611de4-c2e0-4ca5-9a6a-f3b2f1f63556"
              }
            ],
            "force_delete": true,
            "id": "avm-chat",
            "image_scanning_configuration": [
              {
                "scan_on_push": true
              }
            ],
            "image_tag_mutability": "MUTABLE",
            "name": "avm-chat",
            "registry_id": "767397974420",
            "repository_url": "767397974420.dkr.ecr.me-central-1.amazonaws.com/avm-chat",
            "tags": {
              "Environment": "prod",
              "Name": "avm-prod"
            },
            "tags_all": {
              "Environment": "prod",
              "Name": "avm-prod"
            },
            "timeouts": null
          },
          "sensitive_attributes": [],
          "private": "eyJlMmJmYjczMC1lY2FhLTExZTYtOGY4OC0zNDM2M2JjN2M0YzAiOnsiZGVsZXRlIjoxMjAwMDAwMDAwMDAwfX0="
        }
      ]
    },
    {
      "module": "module.chat.module.ecr",
      "mode": "managed",
      "type": "aws_ecr_repository_policy",
      "name": "this",
      "provider": "provider[\"registry.terraform.io/hashicorp/aws\"]",
      "instances": [
        {
          "index_key": 0,
          "schema_version": 0,
          "attributes": {
            "id": "avm-chat",
            "policy": "{\"Statement\":[{\"Action\":[\"ecr:ListTagsForResource\",\"ecr:ListImages\",\"ecr:GetRepositoryPolicy\",\"ecr:GetLifecyclePolicyPreview\",\"ecr:GetLifecyclePolicy\",\"ecr:GetDownloadUrlForLayer\",\"ecr:GetAuthorizationToken\",\"ecr:DescribeRepositories\",\"ecr:DescribeImages\",\"ecr:DescribeImageScanFindings\",\"ecr:BatchGetImage\",\"ecr:BatchCheckLayerAvailability\"],\"Effect\":\"Allow\",\"Principal\":{\"AWS\":\"arn:aws:sts::767397974420:assumed-role/assumeRoleAWSTemp-AWSProfessionalServicesRole-ZkL0xexDiBMB/adcb\"},\"Sid\":\"PrivateReadOnly\"},{\"Action\":[\"ecr:UploadLayerPart\",\"ecr:PutImage\",\"ecr:InitiateLayerUpload\",\"ecr:CompleteLayerUpload\"],\"Effect\":\"Allow\",\"Principal\":{\"AWS\":\"arn:aws:sts::767397974420:assumed-role/assumeRoleAWSTemp-AWSProfessionalServicesRole-ZkL0xexDiBMB/adcb\"},\"Sid\":\"ReadWrite\"}],\"Version\":\"2012-10-17\"}",
            "registry_id": "767397974420",
            "repository": "avm-chat"
          },
          "sensitive_attributes": [],
          "private": "bnVsbA==",
          "dependencies": [
            "module.chat.data.aws_caller_identity.current",
            "module.chat.module.ecr.aws_ecr_repository.this",
            "module.chat.module.ecr.data.aws_caller_identity.current",
            "module.chat.module.ecr.data.aws_iam_policy_document.repository",
            "module.chat.module.ecr.data.aws_partition.current"
          ]
        }
      ]
    },
    {
      "module": "module.cluster",
      "mode": "data",
      "type": "aws_iam_policy_document",
      "name": "monitoring_rds_assume_role",
      "provider": "provider[\"registry.terraform.io/hashicorp/aws\"]",
      "instances": [
        {
          "index_key": 0,
          "schema_version": 0,
          "attributes": {
            "id": "76086537",
            "json": "{\n  \"Version\": \"2012-10-17\",\n  \"Statement\": [\n    {\n      \"Effect\": \"Allow\",\n      \"Action\": \"sts:AssumeRole\",\n      \"Principal\": {\n        \"Service\": \"monitoring.rds.amazonaws.com\"\n      }\n    }\n  ]\n}",
            "override_policy_documents": null,
            "policy_id": null,
            "source_policy_documents": null,
            "statement": [
              {
                "actions": [
                  "sts:AssumeRole"
                ],
                "condition": [],
                "effect": "Allow",
                "not_actions": [],
                "not_principals": [],
                "not_resources": [],
                "principals": [
                  {
                    "identifiers": [
                      "monitoring.rds.amazonaws.com"
                    ],
                    "type": "Service"
                  }
                ],
                "resources": [],
                "sid": ""
              }
            ],
            "version": "2012-10-17"
          },
          "sensitive_attributes": []
        }
      ]
    },
    {
      "module": "module.cluster",
      "mode": "data",
      "type": "aws_partition",
      "name": "current",
      "provider": "provider[\"registry.terraform.io/hashicorp/aws\"]",
      "instances": [
        {
          "schema_version": 0,
          "attributes": {
            "dns_suffix": "amazonaws.com",
            "id": "aws",
            "partition": "aws",
            "reverse_dns_prefix": "com.amazonaws"
          },
          "sensitive_attributes": []
        }
      ]
    },
    {
      "module": "module.cluster",
      "mode": "managed",
      "type": "aws_iam_role",
      "name": "rds_enhanced_monitoring",
      "provider": "provider[\"registry.terraform.io/hashicorp/aws\"]",
      "instances": [
        {
          "index_key": 0,
          "schema_version": 0,
          "attributes": {
            "arn": "arn:aws:iam::767397974420:role/terraform-20240305113913911500000006",
            "assume_role_policy": "{\"Statement\":[{\"Action\":\"sts:AssumeRole\",\"Effect\":\"Allow\",\"Principal\":{\"Service\":\"monitoring.rds.amazonaws.com\"}}],\"Version\":\"2012-10-17\"}",
            "create_date": "2024-03-05T11:39:15Z",
            "description": "",
            "force_detach_policies": false,
            "id": "terraform-20240305113913911500000006",
            "inline_policy": [],
            "managed_policy_arns": [
              "arn:aws:iam::aws:policy/service-role/AmazonRDSEnhancedMonitoringRole"
            ],
            "max_session_duration": 3600,
            "name": "terraform-20240305113913911500000006",
            "name_prefix": "terraform-",
            "path": "/",
            "permissions_boundary": "",
            "tags": {
              "Environment": "prod",
              "Name": "avm-prod",
              "VantaContainsUserData": "true",
              "map-migrated": "mig5TZY31HX9S"
            },
            "tags_all": {
              "Environment": "prod",
              "Name": "avm-prod",
              "VantaContainsUserData": "true",
              "map-migrated": "mig5TZY31HX9S"
            },
            "unique_id": "AROA3FLD32GKAX4VOHYC2"
          },
          "sensitive_attributes": [],
          "private": "bnVsbA==",
          "dependencies": [
            "module.cluster.data.aws_iam_policy_document.monitoring_rds_assume_role",
            "module.cluster.data.aws_partition.current"
          ]
        }
      ]
    },
    {
      "module": "module.cluster",
      "mode": "managed",
      "type": "aws_iam_role_policy_attachment",
      "name": "rds_enhanced_monitoring",
      "provider": "provider[\"registry.terraform.io/hashicorp/aws\"]",
      "instances": [
        {
          "index_key": 0,
          "schema_version": 0,
          "attributes": {
            "id": "terraform-20240305113913911500000006-20240305113916293700000009",
            "policy_arn": "arn:aws:iam::aws:policy/service-role/AmazonRDSEnhancedMonitoringRole",
            "role": "terraform-20240305113913911500000006"
          },
          "sensitive_attributes": [],
          "private": "bnVsbA==",
          "dependencies": [
            "module.cluster.aws_iam_role.rds_enhanced_monitoring",
            "module.cluster.data.aws_iam_policy_document.monitoring_rds_assume_role",
            "module.cluster.data.aws_partition.current"
          ]
        }
      ]
    },
    {
      "module": "module.cluster",
      "mode": "managed",
      "type": "aws_rds_cluster",
      "name": "this",
      "provider": "provider[\"registry.terraform.io/hashicorp/aws\"]",
      "instances": [
        {
          "index_key": 0,
          "schema_version": 1,
          "attributes": {
            "allocated_storage": 1,
            "allow_major_version_upgrade": false,
            "apply_immediately": true,
            "arn": "arn:aws:rds:me-central-1:767397974420:cluster:avm-avm-genaipilot-prod-cluster",
            "availability_zones": [
              "me-central-1a",
              "me-central-1b",
              "me-central-1c"
            ],
            "backtrack_window": 0,
            "backup_retention_period": 1,
            "cluster_identifier": "avm-avm-genaipilot-prod-cluster",
            "cluster_identifier_prefix": "",
            "cluster_members": [
              "avm-avm-genaipilot-prod-instance-1"
            ],
            "cluster_resource_id": "cluster-A3X27JIDQ2H3ST7FBOFZPVC5IU",
            "copy_tags_to_snapshot": false,
            "database_name": "avmserver",
            "db_cluster_instance_class": "",
            "db_cluster_parameter_group_name": "default.aurora-postgresql15",
            "db_instance_parameter_group_name": null,
            "db_subnet_group_name": "avm-database-subnet-group",
            "db_system_id": "",
            "delete_automated_backups": true,
            "deletion_protection": true,
            "domain": "",
            "domain_iam_role_name": "",
            "enable_global_write_forwarding": false,
            "enable_http_endpoint": false,
            "enabled_cloudwatch_logs_exports": [],
            "endpoint": "avm-avm-genaipilot-prod-cluster.cluster-cj0qaq2q44ll.me-central-1.rds.amazonaws.com",
            "engine": "aurora-postgresql",
            "engine_mode": "provisioned",
            "engine_version": "15.3",
            "engine_version_actual": "15.3",
            "final_snapshot_identifier": null,
            "global_cluster_identifier": "",
            "hosted_zone_id": "Z07448273UIGBYPWZF6MN",
            "iam_database_authentication_enabled": false,
            "iam_roles": [],
            "id": "avm-avm-genaipilot-prod-cluster",
            "iops": 0,
            "kms_key_id": "arn:aws:kms:me-central-1:767397974420:key/b138f9d2-6243-4ffc-94a9-41905f59c757",
            "manage_master_user_password": null,
            "master_password": "5eg8r5HlgbCKhVkvm1JR",
            "master_user_secret": [],
            "master_user_secret_kms_key_id": null,
            "master_username": "postgres",
            "network_type": "IPV4",
            "port": 5432,
            "preferred_backup_window": "02:00-03:00",
            "preferred_maintenance_window": "sun:05:00-sun:06:00",
            "reader_endpoint": "avm-avm-genaipilot-prod-cluster.cluster-ro-cj0qaq2q44ll.me-central-1.rds.amazonaws.com",
            "replication_source_identifier": "",
            "restore_to_point_in_time": [],
            "s3_import": [],
            "scaling_configuration": [],
            "serverlessv2_scaling_configuration": [
              {
                "max_capacity": 16,
                "min_capacity": 1
              }
            ],
            "skip_final_snapshot": true,
            "snapshot_identifier": null,
            "source_region": null,
            "storage_encrypted": true,
            "storage_type": "",
            "tags": {
              "Environment": "prod",
              "Name": "avm-prod",
              "VantaContainsUserData": "true",
              "map-migrated": "mig5TZY31HX9S"
            },
            "tags_all": {
              "Environment": "prod",
              "Name": "avm-prod",
              "VantaContainsUserData": "true",
              "map-migrated": "mig5TZY31HX9S"
            },
            "timeouts": {
              "create": null,
              "delete": null,
              "update": null
            },
            "vpc_security_group_ids": [
              "sg-0e479c3b232e5a81a"
            ]
          },
          "sensitive_attributes": [
            [
              {
                "type": "get_attr",
                "value": "master_password"
              }
            ]
          ],
          "private": "eyJlMmJmYjczMC1lY2FhLTExZTYtOGY4OC0zNDM2M2JjN2M0YzAiOnsiY3JlYXRlIjo3MjAwMDAwMDAwMDAwLCJkZWxldGUiOjcyMDAwMDAwMDAwMDAsInVwZGF0ZSI6NzIwMDAwMDAwMDAwMH0sInNjaGVtYV92ZXJzaW9uIjoiMSJ9",
          "dependencies": [
            "aws_db_subnet_group.avm",
            "data.aws_subnet.database_subnet_1",
            "data.aws_subnet.database_subnet_2",
            "data.aws_vpc.vpc",
            "module.cluster.aws_cloudwatch_log_group.this",
            "module.cluster.aws_db_subnet_group.this",
            "module.cluster.aws_rds_cluster_parameter_group.this",
            "module.cluster.aws_security_group.this",
            "module.security_group_rds.aws_security_group.this",
            "module.security_group_rds.aws_security_group.this_name_prefix",
            "random_password.password"
          ]
        }
      ]
    },
    {
      "module": "module.cluster",
      "mode": "managed",
      "type": "aws_rds_cluster_instance",
      "name": "this",
      "provider": "provider[\"registry.terraform.io/hashicorp/aws\"]",
      "instances": [
        {
          "index_key": "1",
          "schema_version": 0,
          "attributes": {
            "apply_immediately": true,
            "arn": "arn:aws:rds:me-central-1:767397974420:db:avm-avm-genaipilot-prod-instance-1",
            "auto_minor_version_upgrade": true,
            "availability_zone": "me-central-1a",
            "ca_cert_identifier": "rds-ca-rsa2048-g1",
            "cluster_identifier": "avm-avm-genaipilot-prod-cluster",
            "copy_tags_to_snapshot": false,
            "custom_iam_instance_profile": "",
            "db_parameter_group_name": "default.aurora-postgresql15",
            "db_subnet_group_name": "avm-database-subnet-group",
            "dbi_resource_id": "db-DBS2TJC5Q35UZ3YKIQAJ64VFPQ",
            "endpoint": "avm-avm-genaipilot-prod-instance-1.cj0qaq2q44ll.me-central-1.rds.amazonaws.com",
            "engine": "aurora-postgresql",
            "engine_version": "15.3",
            "engine_version_actual": "15.3",
            "id": "avm-avm-genaipilot-prod-instance-1",
            "identifier": "avm-avm-genaipilot-prod-instance-1",
            "identifier_prefix": "",
            "instance_class": "db.serverless",
            "kms_key_id": "arn:aws:kms:me-central-1:767397974420:key/b138f9d2-6243-4ffc-94a9-41905f59c757",
            "monitoring_interval": 60,
            "monitoring_role_arn": "arn:aws:iam::767397974420:role/terraform-20240305113913911500000006",
            "network_type": "IPV4",
            "performance_insights_enabled": true,
            "performance_insights_kms_key_id": "arn:aws:kms:me-central-1:767397974420:key/b138f9d2-6243-4ffc-94a9-41905f59c757",
            "performance_insights_retention_period": 7,
            "port": 5432,
            "preferred_backup_window": "02:00-03:00",
            "preferred_maintenance_window": "sun:05:00-sun:06:00",
            "promotion_tier": 0,
            "publicly_accessible": false,
            "storage_encrypted": true,
            "tags": {
              "Environment": "prod",
              "Name": "avm-prod",
              "VantaContainsUserData": "true",
              "map-migrated": "mig5TZY31HX9S"
            },
            "tags_all": {
              "Environment": "prod",
              "Name": "avm-prod",
              "VantaContainsUserData": "true",
              "map-migrated": "mig5TZY31HX9S"
            },
            "timeouts": {
              "create": null,
              "delete": null,
              "update": null
            },
            "writer": true
          },
          "sensitive_attributes": [],
          "private": "eyJlMmJmYjczMC1lY2FhLTExZTYtOGY4OC0zNDM2M2JjN2M0YzAiOnsiY3JlYXRlIjo1NDAwMDAwMDAwMDAwLCJkZWxldGUiOjU0MDAwMDAwMDAwMDAsInVwZGF0ZSI6NTQwMDAwMDAwMDAwMH19",
          "dependencies": [
            "aws_db_subnet_group.avm",
            "data.aws_subnet.database_subnet_1",
            "data.aws_subnet.database_subnet_2",
            "data.aws_vpc.vpc",
            "module.cluster.aws_cloudwatch_log_group.this",
            "module.cluster.aws_db_parameter_group.this",
            "module.cluster.aws_db_subnet_group.this",
            "module.cluster.aws_iam_role.rds_enhanced_monitoring",
            "module.cluster.aws_rds_cluster.this",
            "module.cluster.aws_rds_cluster_parameter_group.this",
            "module.cluster.aws_security_group.this",
            "module.cluster.data.aws_iam_policy_document.monitoring_rds_assume_role",
            "module.cluster.data.aws_partition.current",
            "module.security_group_rds.aws_security_group.this",
            "module.security_group_rds.aws_security_group.this_name_prefix",
            "random_password.password"
          ]
        }
      ]
    },
    {
      "module": "module.ecs.module.cluster",
      "mode": "managed",
      "type": "aws_cloudwatch_log_group",
      "name": "this",
      "provider": "provider[\"registry.terraform.io/hashicorp/aws\"]",
      "instances": [
        {
          "index_key": 0,
          "schema_version": 0,
          "attributes": {
            "arn": "arn:aws:logs:me-central-1:767397974420:log-group:/aws/ecs/avm-prod-cluster",
            "id": "/aws/ecs/avm-prod-cluster",
            "kms_key_id": "",
            "log_group_class": "STANDARD",
            "name": "/aws/ecs/avm-prod-cluster",
            "name_prefix": "",
            "retention_in_days": 365,
            "skip_destroy": false,
            "tags": {
              "Environment": "prod",
              "Name": "avm-prod",
              "map-migrated": "mig5TZY31HX9S"
            },
            "tags_all": {
              "Environment": "prod",
              "Name": "avm-prod",
              "map-migrated": "mig5TZY31HX9S"
            }
          },
          "sensitive_attributes": [],
          "private": "bnVsbA=="
        }
      ]
    },
    {
      "module": "module.ecs.module.cluster",
      "mode": "managed",
      "type": "aws_ecs_cluster",
      "name": "this",
      "provider": "provider[\"registry.terraform.io/hashicorp/aws\"]",
      "instances": [
        {
          "index_key": 0,
          "schema_version": 0,
          "attributes": {
            "arn": "arn:aws:ecs:me-central-1:767397974420:cluster/avm-prod-cluster",
            "configuration": [
              {
                "execute_command_configuration": [
                  {
                    "kms_key_id": "",
                    "log_configuration": [],
                    "logging": "DEFAULT"
                  }
                ]
              }
            ],
            "id": "arn:aws:ecs:me-central-1:767397974420:cluster/avm-prod-cluster",
            "name": "avm-prod-cluster",
            "service_connect_defaults": [],
            "setting": [
              {
                "name": "containerInsights",
                "value": "enabled"
              }
            ],
            "tags": {
              "Environment": "prod",
              "Name": "avm-prod",
              "map-migrated": "mig5TZY31HX9S"
            },
            "tags_all": {
              "Environment": "prod",
              "Name": "avm-prod",
              "map-migrated": "mig5TZY31HX9S"
            }
          },
          "sensitive_attributes": [],
          "private": "bnVsbA==",
          "dependencies": [
            "module.ecs.module.cluster.aws_cloudwatch_log_group.this"
          ]
        }
      ]
    },
    {
      "module": "module.ecs.module.cluster",
      "mode": "managed",
      "type": "aws_ecs_cluster_capacity_providers",
      "name": "this",
      "provider": "provider[\"registry.terraform.io/hashicorp/aws\"]",
      "instances": [
        {
          "index_key": 0,
          "schema_version": 0,
          "attributes": {
            "capacity_providers": [
              "FARGATE",
              "FARGATE_SPOT"
            ],
            "cluster_name": "avm-prod-cluster",
            "default_capacity_provider_strategy": [
              {
                "base": 0,
                "capacity_provider": "FARGATE_SPOT",
                "weight": 50
              },
              {
                "base": 20,
                "capacity_provider": "FARGATE",
                "weight": 50
              }
            ],
            "id": "avm-prod-cluster"
          },
          "sensitive_attributes": [],
          "private": "bnVsbA==",
          "dependencies": [
            "module.ecs.module.cluster.aws_cloudwatch_log_group.this",
            "module.ecs.module.cluster.aws_ecs_capacity_provider.this",
            "module.ecs.module.cluster.aws_ecs_cluster.this"
          ]
        }
      ]
    },
    {
      "module": "module.security_group_rds",
      "mode": "managed",
      "type": "aws_security_group",
      "name": "this",
      "provider": "provider[\"registry.terraform.io/hashicorp/aws\"]",
      "instances": [
        {
          "index_key": 0,
          "schema_version": 1,
          "attributes": {
            "arn": "arn:aws:ec2:me-central-1:767397974420:security-group/sg-0e479c3b232e5a81a",
            "description": "Control traffic to/from RDS instances",
            "egress": [],
            "id": "sg-0e479c3b232e5a81a",
            "ingress": [
              {
                "cidr_blocks": [
                  "10.91.40.0/24"
                ],
                "description": "Allow inbound traffic from existing Security Groups",
                "from_port": 5432,
                "ipv6_cidr_blocks": [],
                "prefix_list_ids": [],
                "protocol": "tcp",
                "security_groups": [],
                "self": false,
                "to_port": 5432
              }
            ],
            "name": "avm-prod-rds-sg",
            "name_prefix": "",
            "owner_id": "767397974420",
            "revoke_rules_on_delete": false,
            "tags": {
              "Environment": "prod",
              "Name": "avm-prod",
              "map-migrated": "mig5TZY31HX9S"
            },
            "tags_all": {
              "Environment": "prod",
              "Name": "avm-prod",
              "map-migrated": "mig5TZY31HX9S"
            },
            "timeouts": {
              "create": "10m",
              "delete": "15m"
            },
            "vpc_id": "vpc-09a3c73e6d7db4347"
          },
          "sensitive_attributes": [],
          "private": "eyJlMmJmYjczMC1lY2FhLTExZTYtOGY4OC0zNDM2M2JjN2M0YzAiOnsiY3JlYXRlIjo2MDAwMDAwMDAwMDAsImRlbGV0ZSI6OTAwMDAwMDAwMDAwfSwic2NoZW1hX3ZlcnNpb24iOiIxIn0=",
          "dependencies": [
            "data.aws_vpc.vpc"
          ]
        }
      ]
    },
    {
      "module": "module.security_group_rds",
      "mode": "managed",
      "type": "aws_security_group_rule",
      "name": "ingress_with_cidr_blocks",
      "provider": "provider[\"registry.terraform.io/hashicorp/aws\"]",
      "instances": [
        {
          "index_key": 0,
          "schema_version": 2,
          "attributes": {
            "cidr_blocks": [
              "10.91.40.0/24"
            ],
            "description": "Allow inbound traffic from existing Security Groups",
            "from_port": 5432,
            "id": "sgrule-527640775",
            "ipv6_cidr_blocks": null,
            "prefix_list_ids": [],
            "protocol": "tcp",
            "security_group_id": "sg-0e479c3b232e5a81a",
            "security_group_rule_id": "sgr-0496d65044675b61b",
            "self": false,
            "source_security_group_id": null,
            "timeouts": null,
            "to_port": 5432,
            "type": "ingress"
          },
          "sensitive_attributes": [],
          "private": "eyJlMmJmYjczMC1lY2FhLTExZTYtOGY4OC0zNDM2M2JjN2M0YzAiOnsiY3JlYXRlIjozMDAwMDAwMDAwMDB9LCJzY2hlbWFfdmVyc2lvbiI6IjIifQ==",
          "dependencies": [
            "data.aws_vpc.vpc",
            "module.security_group_rds.aws_security_group.this",
            "module.security_group_rds.aws_security_group.this_name_prefix"
          ]
        }
      ]
    },
    {
      "module": "module.security_group_redis",
      "mode": "managed",
      "type": "aws_security_group",
      "name": "this",
      "provider": "provider[\"registry.terraform.io/hashicorp/aws\"]",
      "instances": [
        {
          "index_key": 0,
          "schema_version": 1,
          "attributes": {
            "arn": "arn:aws:ec2:me-central-1:767397974420:security-group/sg-077a22523716e71ef",
            "description": "Security Group for Redis cluster",
            "egress": [
              {
                "cidr_blocks": [
                  "0.0.0.0/0"
                ],
                "description": "All protocols",
                "from_port": 0,
                "ipv6_cidr_blocks": [
                  "::/0"
                ],
                "prefix_list_ids": [],
                "protocol": "-1",
                "security_groups": [],
                "self": false,
                "to_port": 0
              }
            ],
            "id": "sg-077a22523716e71ef",
            "ingress": [
              {
                "cidr_blocks": [
                  "10.91.40.0/24"
                ],
                "description": "Allow inbound traffic from existing Security Groups",
                "from_port": 6379,
                "ipv6_cidr_blocks": [],
                "prefix_list_ids": [],
                "protocol": "tcp",
                "security_groups": [],
                "self": false,
                "to_port": 6379
              }
            ],
            "name": "avm-prod-redis-sg",
            "name_prefix": "",
            "owner_id": "767397974420",
            "revoke_rules_on_delete": false,
            "tags": {
              "Environment": "prod",
              "Name": "avm-prod",
              "map-migrated": "mig5TZY31HX9S"
            },
            "tags_all": {
              "Environment": "prod",
              "Name": "avm-prod",
              "map-migrated": "mig5TZY31HX9S"
            },
            "timeouts": {
              "create": "10m",
              "delete": "15m"
            },
            "vpc_id": "vpc-09a3c73e6d7db4347"
          },
          "sensitive_attributes": [],
          "private": "eyJlMmJmYjczMC1lY2FhLTExZTYtOGY4OC0zNDM2M2JjN2M0YzAiOnsiY3JlYXRlIjo2MDAwMDAwMDAwMDAsImRlbGV0ZSI6OTAwMDAwMDAwMDAwfSwic2NoZW1hX3ZlcnNpb24iOiIxIn0=",
          "dependencies": [
            "data.aws_vpc.vpc"
          ]
        }
      ]
    },
    {
      "module": "module.security_group_redis",
      "mode": "managed",
      "type": "aws_security_group_rule",
      "name": "egress_rules",
      "provider": "provider[\"registry.terraform.io/hashicorp/aws\"]",
      "instances": [
        {
          "index_key": 0,
          "schema_version": 2,
          "attributes": {
            "cidr_blocks": [
              "0.0.0.0/0"
            ],
            "description": "All protocols",
            "from_port": 0,
            "id": "sgrule-3483882696",
            "ipv6_cidr_blocks": [
              "::/0"
            ],
            "prefix_list_ids": [],
            "protocol": "-1",
            "security_group_id": "sg-077a22523716e71ef",
            "security_group_rule_id": "",
            "self": false,
            "source_security_group_id": null,
            "timeouts": null,
            "to_port": 0,
            "type": "egress"
          },
          "sensitive_attributes": [],
          "private": "eyJlMmJmYjczMC1lY2FhLTExZTYtOGY4OC0zNDM2M2JjN2M0YzAiOnsiY3JlYXRlIjozMDAwMDAwMDAwMDB9LCJzY2hlbWFfdmVyc2lvbiI6IjIifQ==",
          "dependencies": [
            "data.aws_vpc.vpc",
            "module.security_group_redis.aws_security_group.this",
            "module.security_group_redis.aws_security_group.this_name_prefix"
          ]
        }
      ]
    },
    {
      "module": "module.security_group_redis",
      "mode": "managed",
      "type": "aws_security_group_rule",
      "name": "ingress_with_cidr_blocks",
      "provider": "provider[\"registry.terraform.io/hashicorp/aws\"]",
      "instances": [
        {
          "index_key": 0,
          "schema_version": 2,
          "attributes": {
            "cidr_blocks": [
              "10.91.40.0/24"
            ],
            "description": "Allow inbound traffic from existing Security Groups",
            "from_port": 6379,
            "id": "sgrule-3048159696",
            "ipv6_cidr_blocks": null,
            "prefix_list_ids": [],
            "protocol": "tcp",
            "security_group_id": "sg-077a22523716e71ef",
            "security_group_rule_id": "sgr-018ddab9150620e64",
            "self": false,
            "source_security_group_id": null,
            "timeouts": null,
            "to_port": 6379,
            "type": "ingress"
          },
          "sensitive_attributes": [],
          "private": "eyJlMmJmYjczMC1lY2FhLTExZTYtOGY4OC0zNDM2M2JjN2M0YzAiOnsiY3JlYXRlIjozMDAwMDAwMDAwMDB9LCJzY2hlbWFfdmVyc2lvbiI6IjIifQ==",
          "dependencies": [
            "data.aws_vpc.vpc",
            "module.security_group_redis.aws_security_group.this",
            "module.security_group_redis.aws_security_group.this_name_prefix"
          ]
        }
      ]
    },
    {
      "module": "module.server",
      "mode": "data",
      "type": "aws_caller_identity",
      "name": "current",
      "provider": "provider[\"registry.terraform.io/hashicorp/aws\"]",
      "instances": [
        {
          "schema_version": 0,
          "attributes": {
            "account_id": "767397974420",
            "arn": "arn:aws:sts::767397974420:assumed-role/assumeRoleAWSTemp-AWSProfessionalServicesRole-ZkL0xexDiBMB/adcb",
            "id": "767397974420",
            "user_id": "AROA3FLD32GKKY47UFHAR:adcb"
          },
          "sensitive_attributes": []
        }
      ]
    },
    {
      "module": "module.server",
      "mode": "data",
      "type": "aws_ecs_cluster",
      "name": "this",
      "provider": "provider[\"registry.terraform.io/hashicorp/aws\"]",
      "instances": [
        {
          "schema_version": 0,
          "attributes": {
            "arn": "arn:aws:ecs:me-central-1:767397974420:cluster/avm-prod-cluster",
            "cluster_name": "avm-prod-cluster",
            "id": "arn:aws:ecs:me-central-1:767397974420:cluster/avm-prod-cluster",
            "pending_tasks_count": 0,
            "registered_container_instances_count": 0,
            "running_tasks_count": 0,
            "service_connect_defaults": [],
            "setting": [
              {
                "name": "containerInsights",
                "value": "enabled"
              }
            ],
            "status": "ACTIVE",
            "tags": {
              "Environment": "prod",
              "Name": "avm-prod",
              "map-migrated": "mig5TZY31HX9S"
            }
          },
          "sensitive_attributes": []
        }
      ]
    },
    {
      "module": "module.server",
      "mode": "data",
      "type": "aws_rds_cluster",
      "name": "this",
      "provider": "provider[\"registry.terraform.io/hashicorp/aws\"]",
      "instances": [
        {
          "schema_version": 0,
          "attributes": {
            "arn": "arn:aws:rds:me-central-1:767397974420:cluster:avm-avm-genaipilot-prod-cluster",
            "availability_zones": [
              "me-central-1a",
              "me-central-1b",
              "me-central-1c"
            ],
            "backtrack_window": 0,
            "backup_retention_period": 1,
            "cluster_identifier": "avm-avm-genaipilot-prod-cluster",
            "cluster_members": [
              "avm-avm-genaipilot-prod-instance-1"
            ],
            "cluster_resource_id": "cluster-A3X27JIDQ2H3ST7FBOFZPVC5IU",
            "database_name": "avmserver",
            "db_cluster_parameter_group_name": "default.aurora-postgresql15",
            "db_subnet_group_name": "avm-database-subnet-group",
            "db_system_id": "",
            "enabled_cloudwatch_logs_exports": [],
            "endpoint": "avm-avm-genaipilot-prod-cluster.cluster-cj0qaq2q44ll.me-central-1.rds.amazonaws.com",
            "engine": "aurora-postgresql",
            "engine_mode": "provisioned",
            "engine_version": "15.3",
            "final_snapshot_identifier": null,
            "hosted_zone_id": "Z07448273UIGBYPWZF6MN",
            "iam_database_authentication_enabled": false,
            "iam_roles": [],
            "id": "avm-avm-genaipilot-prod-cluster",
            "kms_key_id": "arn:aws:kms:me-central-1:767397974420:key/b138f9d2-6243-4ffc-94a9-41905f59c757",
            "master_user_secret": null,
            "master_username": "postgres",
            "network_type": "IPV4",
            "port": 5432,
            "preferred_backup_window": "02:00-03:00",
            "preferred_maintenance_window": "sun:05:00-sun:06:00",
            "reader_endpoint": "avm-avm-genaipilot-prod-cluster.cluster-ro-cj0qaq2q44ll.me-central-1.rds.amazonaws.com",
            "replication_source_identifier": "",
            "storage_encrypted": true,
            "tags": {
              "Environment": "prod",
              "Name": "avm-prod",
              "VantaContainsUserData": "true",
              "map-migrated": "mig5TZY31HX9S"
            },
            "vpc_security_group_ids": [
              "sg-0e479c3b232e5a81a"
            ]
          },
          "sensitive_attributes": []
        }
      ]
    },
    {
      "module": "module.server",
      "mode": "data",
      "type": "aws_secretsmanager_secret",
      "name": "this",
      "provider": "provider[\"registry.terraform.io/hashicorp/aws\"]",
      "instances": [
        {
          "schema_version": 0,
          "attributes": {
            "arn": "arn:aws:secretsmanager:me-central-1:767397974420:secret:avm-prod-server-kdgFJ7",
            "created_date": "2024-03-05T11:39:40Z",
            "description": "",
            "id": "arn:aws:secretsmanager:me-central-1:767397974420:secret:avm-prod-server-kdgFJ7",
            "kms_key_id": "",
            "last_changed_date": "2024-03-05T11:40:35Z",
            "name": "avm-prod-server",
            "policy": "",
            "tags": {}
          },
          "sensitive_attributes": []
        }
      ]
    },
    {
      "module": "module.server",
      "mode": "data",
      "type": "aws_secretsmanager_secret_version",
      "name": "this",
      "provider": "provider[\"registry.terraform.io/hashicorp/aws\"]",
      "instances": [
        {
          "schema_version": 0,
          "attributes": {
            "arn": "arn:aws:secretsmanager:me-central-1:767397974420:secret:avm-prod-server-kdgFJ7",
            "created_date": "2024-03-05T11:40:35Z",
            "id": "arn:aws:secretsmanager:me-central-1:767397974420:secret:avm-prod-server-kdgFJ7|AWSCURRENT",
            "secret_binary": "",
            "secret_id": "arn:aws:secretsmanager:me-central-1:767397974420:secret:avm-prod-server-kdgFJ7",
            "secret_string": "{\"API_KEY\":\"g3!bF0=cVwz\\u003eV=lM5vCxiU*V+h?aCs\",\"AWS_ASSETS_S3_BUCKET\":\"avm-avm-genaipilot-prod-767397974420-assets\",\"AWS_DEFAULT_KMS_KEY_ID\":\"02489e2c-87dc-468b-90c4-689274cdb05c\",\"AWS_DOCUMENTS_S3_BUCKET\":\"avm-avm-genaipilot-prod-767397974420-documents\",\"AWS_SES_ACCESS_KEY\":\"\\u003cREPLACE_ME\\u003e\",\"AWS_SES_SECRET_KEY\":\"\\u003cREPLACE_ME\\u003e\",\"DB_URI\":\"postgres://postgres:5eg8r5HlgbCKhVkvm1JR@avm-avm-genaipilot-prod-cluster.cluster-cj0qaq2q44ll.me-central-1.rds.amazonaws.com:5432/avmserver\",\"DB_VECTOR_URI\":\"postgres://postgres:5eg8r5HlgbCKhVkvm1JR@avm-avm-genaipilot-prod-cluster.cluster-cj0qaq2q44ll.me-central-1.rds.amazonaws.com:5432/vectordb\",\"FIREBASE_CLIENT_EMAIL\":\"firebase-adminsdk-wrq8m@addvaluemachine-adcb.iam.gserviceaccount.com\",\"FIREBASE_PRIVATE_KEY\":\"-----BEGIN PRIVATE KEY-----\\\\nMIIEvQIBADANBgkqhkiG9w0BAQEFAASCBKcwggSjAgEAAoIBAQClJ+JzoQsK0n/W\\\\nl3issIi+g9wUmzAnnwaDYidj0psWhvP7yk+kVbIjhubgBVuuJIJxAt+tCdtFsgba\\\\nb5oRQZtbhOD6cHH5tb77bqGabCczfwkKqGi2PA72WIrrrZlY2efRha1+bPbKaOpM\\\\nYMGM/4D8mGfyYscD77ZeOKFnu2vsl9etkFxxcu+f0qWantHmohgD8tfGltmkexJ5\\\\nttXPSUV8pevLExoSm29Duw7Z46r5gShI5WLyU0awg3zsO03pesHkH6K6Ri97P690\\\\nlDrxqqoIh9BmWfd2Ea0YP0MwMQMzjAm/whtGcAul5NnE+9+FmvWg3jmcJ0P4gLbZ\\\\nU6mGn1K7AgMBAAECggEACA3V4UWtQC3bxh9E50cEpCXSCb83rfb3XljfCuMuZP7X\\\\nzyOilqUHNuxRPgOE4Q0uv0wglFOyucdgxi5DGSxV4zSrtArfxAm08pYGk31KvBwp\\\\n2Lc1xA1RvXm77JperBKUV4dpWoz9zAkpw+fECJg9NhRInW1rvyllf1rLpD9jl/oL\\\\nfmcM6O5Ebe1eezZcscv10kgiFSeO01JKND0IrHMHr4KvARfMQvKMscsFmuLLawwW\\\\ng6yb0CD9SXQnTUYag3D5H8XGh3DpLBW5Y5pgg31ArbS46X3I98A7dGFucVqTeD0N\\\\nQ8kHQXyF10agPSNdM6mclmnnvo0oNLOiB1rJvKgqYQKBgQDmtf0/+ABm4r2KDJmT\\\\n935c2Yw8sXUqn8kjeJn20kz7ebVPKRZHhsjIWti+Pa9Lv7n8RciDtaHc05/s+wHe\\\\nrLP1BnGBi04VgXzy2ztAKkQcALFb6LNSDf4GC/QCM5iMFjn3Dsf5rwqSD7F0AxUl\\\\nUn/L8otRi1+iQlPUGF8hEBqM9wKBgQC3Qlg2baiSp8q984UW1SJ65+vc+149r7MX\\\\n0CcNAdC0LlMYAT4TXhnPQLJNkuGGKsI9pzpj0uWGgNGPL+kH8dgOfQHj47hK6spO\\\\n6m151BM8u3heNLQ58wjSksqMDsbbfq46WpsMkF2E0R34MwjSoMcypm8/0Za1v3rY\\\\nQvjuZRCLXQKBgEfGlKxjFpTrs7YQJ3N+SwTN9bAoMWB6Z5QugA/m62ZNPhgLm0/T\\\\nYgHbKZU+EZxKYK1YdIJtbpcKC7YpfTJunmn7gDKiST+tklbn164luBzSJluGsMs1\\\\naTMuYtKQhMQIYi43ngVS7MH2Oenyz5BV80ZbBfbvmmgbpILWtjnODcSPAoGASTnW\\\\nW7FHmYo4ZdxHgs8ZXvkK8xryFj39lvdSk0z1YvnbtAzTDBQexgS4+mxFd0HgqZgH\\\\nqdmcYzlYAxoGyGjnhyqGNdRJUI4u1oevxO1r3mmeeC4hEcK99L449uv0o8Ijxids\\\\nKwIIjEiu6/0gemFKF0AP1fVefjML2Bwysbdqe/UCgYEAplkDH+v/Nt4YcnBTJTjA\\\\nw4RjUS/3PEoXe4MfxkeIdx5LsQA10d4oRa7exIsqFkk9T7MeZU7ic2nIqdlx76Bk\\\\nLueKCMenb/8gjyuQOtBB4ewbAY0bSgTTkJq85X4bknm/6IIDhQIZoi8iXNU/KQvG\\\\nMG46nBhK/cEq6IOaHj6/Byc=\\\\n-----END PRIVATE KEY-----\\\\n\",\"FIREBASE_PROJECT_ID\":\"addvaluemachine-adcb\",\"GOOGLE_DRIVE_CLIENT_ID\":\"\\u003cREPLACE_ME\\u003e\",\"GOOGLE_DRIVE_CLIENT_SECRET\":\"\\u003cREPLACE_ME\\u003e\",\"NODE_ENV\":\"production\",\"UI_HOST\":\"https://avm-genaipilot.adcbmis.local\"}",
            "version_id": "terraform-20240305114035279800000019",
            "version_stage": "AWSCURRENT",
            "version_stages": [
              "AWSCURRENT"
            ]
          },
          "sensitive_attributes": []
        }
      ]
    },
    {
      "module": "module.server",
      "mode": "data",
      "type": "aws_subnets",
      "name": "subnets",
      "provider": "provider[\"registry.terraform.io/hashicorp/aws\"]",
      "instances": [
        {
          "schema_version": 0,
          "attributes": {
            "filter": [
              {
                "name": "vpc-id",
                "values": [
                  "vpc-09a3c73e6d7db4347"
                ]
              }
            ],
            "id": "me-central-1",
            "ids": [
              "subnet-01e986dcc944a47b1",
              "subnet-0252db1398521bea8",
              "subnet-085b28bbc16c1023d",
              "subnet-08955b5f11da30ddd",
              "subnet-020752009b265234c",
              "subnet-0cea2ec77e6c4ded8"
            ],
            "tags": null,
            "timeouts": null
          },
          "sensitive_attributes": []
        }
      ]
    },
    {
      "module": "module.server",
      "mode": "managed",
      "type": "aws_alb_target_group",
      "name": "this",
      "provider": "provider[\"registry.terraform.io/hashicorp/aws\"]",
      "instances": [
        {
          "schema_version": 0,
          "attributes": {
            "arn": "arn:aws:elasticloadbalancing:me-central-1:767397974420:targetgroup/avm-prod-server-tg/cce969f51a6a3180",
            "arn_suffix": "targetgroup/avm-prod-server-tg/cce969f51a6a3180",
            "connection_termination": null,
            "deregistration_delay": "30",
            "health_check": [
              {
                "enabled": true,
                "healthy_threshold": 2,
                "interval": 30,
                "matcher": "200",
                "path": "/health",
                "port": "traffic-port",
                "protocol": "HTTPS",
                "timeout": 5,
                "unhealthy_threshold": 3
              }
            ],
            "id": "arn:aws:elasticloadbalancing:me-central-1:767397974420:targetgroup/avm-prod-server-tg/cce969f51a6a3180",
            "ip_address_type": "ipv4",
            "lambda_multi_value_headers_enabled": false,
            "load_balancer_arns": [
              "arn:aws:elasticloadbalancing:me-central-1:767397974420:loadbalancer/app/avm-prod-alb/6e0af46c4132fba7"
            ],
            "load_balancing_algorithm_type": "round_robin",
            "load_balancing_anomaly_mitigation": "off",
            "load_balancing_cross_zone_enabled": "use_load_balancer_configuration",
            "name": "avm-prod-server-tg",
            "name_prefix": "",
            "port": 443,
            "preserve_client_ip": null,
            "protocol": "HTTPS",
            "protocol_version": "HTTP1",
            "proxy_protocol_v2": false,
            "slow_start": 0,
            "stickiness": [
              {
                "cookie_duration": 86400,
                "cookie_name": "",
                "enabled": true,
                "type": "lb_cookie"
              }
            ],
            "tags": {},
            "tags_all": {},
            "target_failover": [
              {
                "on_deregistration": null,
                "on_unhealthy": null
              }
            ],
            "target_health_state": [
              {
                "enable_unhealthy_connection_termination": null
              }
            ],
            "target_type": "ip",
            "vpc_id": "vpc-09a3c73e6d7db4347"
          },
          "sensitive_attributes": [],
          "private": "bnVsbA==",
          "dependencies": [
            "data.aws_vpc.vpc",
            "module.ecs.module.cluster.aws_cloudwatch_log_group.this",
            "module.ecs.module.cluster.aws_ecs_capacity_provider.this",
            "module.ecs.module.cluster.aws_ecs_cluster.this",
            "module.ecs.module.cluster.aws_ecs_cluster_capacity_providers.this",
            "module.ecs.module.cluster.aws_iam_policy.task_exec",
            "module.ecs.module.cluster.aws_iam_role.task_exec",
            "module.ecs.module.cluster.aws_iam_role_policy_attachment.task_exec",
            "module.ecs.module.cluster.aws_iam_role_policy_attachment.task_exec_additional",
            "module.ecs.module.cluster.data.aws_iam_policy_document.task_exec",
            "module.ecs.module.cluster.data.aws_iam_policy_document.task_exec_assume",
            "module.ecs.module.service.aws_appautoscaling_policy.this",
            "module.ecs.module.service.aws_appautoscaling_scheduled_action.this",
            "module.ecs.module.service.aws_appautoscaling_target.this",
            "module.ecs.module.service.aws_ecs_service.ignore_task_definition",
            "module.ecs.module.service.aws_ecs_service.this",
            "module.ecs.module.service.aws_ecs_task_definition.this",
            "module.ecs.module.service.aws_ecs_task_set.ignore_task_definition",
            "module.ecs.module.service.aws_ecs_task_set.this",
            "module.ecs.module.service.aws_iam_policy.service",
            "module.ecs.module.service.aws_iam_policy.task_exec",
            "module.ecs.module.service.aws_iam_role.service",
            "module.ecs.module.service.aws_iam_role.task_exec",
            "module.ecs.module.service.aws_iam_role.tasks",
            "module.ecs.module.service.aws_iam_role_policy.tasks",
            "module.ecs.module.service.aws_iam_role_policy_attachment.service",
            "module.ecs.module.service.aws_iam_role_policy_attachment.task_exec",
            "module.ecs.module.service.aws_iam_role_policy_attachment.task_exec_additional",
            "module.ecs.module.service.aws_iam_role_policy_attachment.tasks",
            "module.ecs.module.service.aws_security_group.this",
            "module.ecs.module.service.aws_security_group_rule.this",
            "module.ecs.module.service.data.aws_caller_identity.current",
            "module.ecs.module.service.data.aws_ecs_task_definition.this",
            "module.ecs.module.service.data.aws_iam_policy_document.service",
            "module.ecs.module.service.data.aws_iam_policy_document.service_assume",
            "module.ecs.module.service.data.aws_iam_policy_document.task_exec",
            "module.ecs.module.service.data.aws_iam_policy_document.task_exec_assume",
            "module.ecs.module.service.data.aws_iam_policy_document.tasks",
            "module.ecs.module.service.data.aws_iam_policy_document.tasks_assume",
            "module.ecs.module.service.data.aws_partition.current",
            "module.ecs.module.service.data.aws_region.current",
            "module.ecs.module.service.data.aws_subnet.this",
            "module.ecs.module.service.module.container_definition.aws_cloudwatch_log_group.this",
            "module.ecs.module.service.module.container_definition.data.aws_region.current"
          ]
        }
      ]
    },
    {
      "module": "module.server",
      "mode": "managed",
      "type": "aws_appautoscaling_policy",
      "name": "autoscaling_down_policy",
      "provider": "provider[\"registry.terraform.io/hashicorp/aws\"]",
      "instances": [
        {
          "schema_version": 0,
          "attributes": {
            "alarm_arns": [
              "arn:aws:cloudwatch:me-central-1:767397974420:alarm:avm-prod-server-cpu-usage-low"
            ],
            "arn": "arn:aws:autoscaling:me-central-1:767397974420:scalingPolicy:2c5acc5c-a1b3-426f-bbcc-00e19d138043:resource/ecs/service/avm-prod-cluster/avm-prod-server:policyName/avm-prod-server-scale-down-policy",
            "id": "avm-prod-server-scale-down-policy",
            "name": "avm-prod-server-scale-down-policy",
            "policy_type": "StepScaling",
            "resource_id": "service/avm-prod-cluster/avm-prod-server",
            "scalable_dimension": "ecs:service:DesiredCount",
            "service_namespace": "ecs",
            "step_scaling_policy_configuration": [
              {
                "adjustment_type": "ChangeInCapacity",
                "cooldown": 300,
                "metric_aggregation_type": "Maximum",
                "min_adjustment_magnitude": 0,
                "step_adjustment": [
                  {
                    "metric_interval_lower_bound": "",
                    "metric_interval_upper_bound": "0",
                    "scaling_adjustment": -1
                  }
                ]
              }
            ],
            "target_tracking_scaling_policy_configuration": []
          },
          "sensitive_attributes": [],
          "private": "bnVsbA==",
          "dependencies": [
            "aws_db_subnet_group.avm",
            "aws_security_group.lb",
            "data.aws_subnet.database_subnet_1",
            "data.aws_subnet.database_subnet_2",
            "data.aws_vpc.vpc",
            "module.cluster.aws_cloudwatch_log_group.this",
            "module.cluster.aws_db_subnet_group.this",
            "module.cluster.aws_rds_cluster.this",
            "module.cluster.aws_rds_cluster_parameter_group.this",
            "module.cluster.aws_security_group.this",
            "module.ecs.module.cluster.aws_cloudwatch_log_group.this",
            "module.ecs.module.cluster.aws_ecs_capacity_provider.this",
            "module.ecs.module.cluster.aws_ecs_cluster.this",
            "module.ecs.module.cluster.aws_ecs_cluster_capacity_providers.this",
            "module.ecs.module.cluster.aws_iam_policy.task_exec",
            "module.ecs.module.cluster.aws_iam_role.task_exec",
            "module.ecs.module.cluster.aws_iam_role_policy_attachment.task_exec",
            "module.ecs.module.cluster.aws_iam_role_policy_attachment.task_exec_additional",
            "module.ecs.module.cluster.data.aws_iam_policy_document.task_exec",
            "module.ecs.module.cluster.data.aws_iam_policy_document.task_exec_assume",
            "module.ecs.module.service.aws_appautoscaling_policy.this",
            "module.ecs.module.service.aws_appautoscaling_scheduled_action.this",
            "module.ecs.module.service.aws_appautoscaling_target.this",
            "module.ecs.module.service.aws_ecs_service.ignore_task_definition",
            "module.ecs.module.service.aws_ecs_service.this",
            "module.ecs.module.service.aws_ecs_task_definition.this",
            "module.ecs.module.service.aws_ecs_task_set.ignore_task_definition",
            "module.ecs.module.service.aws_ecs_task_set.this",
            "module.ecs.module.service.aws_iam_policy.service",
            "module.ecs.module.service.aws_iam_policy.task_exec",
            "module.ecs.module.service.aws_iam_role.service",
            "module.ecs.module.service.aws_iam_role.task_exec",
            "module.ecs.module.service.aws_iam_role.tasks",
            "module.ecs.module.service.aws_iam_role_policy.tasks",
            "module.ecs.module.service.aws_iam_role_policy_attachment.service",
            "module.ecs.module.service.aws_iam_role_policy_attachment.task_exec",
            "module.ecs.module.service.aws_iam_role_policy_attachment.task_exec_additional",
            "module.ecs.module.service.aws_iam_role_policy_attachment.tasks",
            "module.ecs.module.service.aws_security_group.this",
            "module.ecs.module.service.aws_security_group_rule.this",
            "module.ecs.module.service.data.aws_caller_identity.current",
            "module.ecs.module.service.data.aws_ecs_task_definition.this",
            "module.ecs.module.service.data.aws_iam_policy_document.service",
            "module.ecs.module.service.data.aws_iam_policy_document.service_assume",
            "module.ecs.module.service.data.aws_iam_policy_document.task_exec",
            "module.ecs.module.service.data.aws_iam_policy_document.task_exec_assume",
            "module.ecs.module.service.data.aws_iam_policy_document.tasks",
            "module.ecs.module.service.data.aws_iam_policy_document.tasks_assume",
            "module.ecs.module.service.data.aws_partition.current",
            "module.ecs.module.service.data.aws_region.current",
            "module.ecs.module.service.data.aws_subnet.this",
            "module.ecs.module.service.module.container_definition.aws_cloudwatch_log_group.this",
            "module.ecs.module.service.module.container_definition.data.aws_region.current",
            "module.security_group_rds.aws_security_group.this",
            "module.security_group_rds.aws_security_group.this_name_prefix",
            "module.server.aws_alb_target_group.this",
            "module.server.aws_appautoscaling_target.this",
            "module.server.aws_cloudwatch_log_group.this",
            "module.server.aws_ecs_service.this",
            "module.server.aws_ecs_task_definition.this",
            "module.server.aws_iam_role.ecs_task_execution_role",
            "module.server.aws_iam_role.ecs_task_role",
            "module.server.aws_kms_key.kms_key_server",
            "module.server.aws_s3_bucket.aws_s3_bucket_assets",
            "module.server.aws_s3_bucket.aws_s3_bucket_documents",
            "module.server.aws_secretsmanager_secret.this",
            "module.server.aws_secretsmanager_secret_version.this",
            "module.server.aws_security_group.security_group_ecs_service",
            "module.server.data.aws_caller_identity.current",
            "module.server.data.aws_ecs_cluster.this",
            "module.server.data.aws_rds_cluster.this",
            "module.server.data.aws_secretsmanager_secret.this",
            "module.server.data.aws_secretsmanager_secret_version.this",
            "module.server.data.aws_subnets.subnets",
            "module.server.module.ecr.aws_ecr_repository.this",
            "module.server.module.ecr.aws_ecrpublic_repository.this",
            "module.server.random_password.password",
            "random_password.password"
          ]
        }
      ]
    },
    {
      "module": "module.server",
      "mode": "managed",
      "type": "aws_appautoscaling_policy",
      "name": "autoscaling_up_policy",
      "provider": "provider[\"registry.terraform.io/hashicorp/aws\"]",
      "instances": [
        {
          "schema_version": 0,
          "attributes": {
            "alarm_arns": [
              "arn:aws:cloudwatch:me-central-1:767397974420:alarm:avm-prod-server-cpu-usage-high"
            ],
            "arn": "arn:aws:autoscaling:me-central-1:767397974420:scalingPolicy:2c5acc5c-a1b3-426f-bbcc-00e19d138043:resource/ecs/service/avm-prod-cluster/avm-prod-server:policyName/avm-prod-server-scale-up-policy",
            "id": "avm-prod-server-scale-up-policy",
            "name": "avm-prod-server-scale-up-policy",
            "policy_type": "StepScaling",
            "resource_id": "service/avm-prod-cluster/avm-prod-server",
            "scalable_dimension": "ecs:service:DesiredCount",
            "service_namespace": "ecs",
            "step_scaling_policy_configuration": [
              {
                "adjustment_type": "ChangeInCapacity",
                "cooldown": 60,
                "metric_aggregation_type": "Maximum",
                "min_adjustment_magnitude": 0,
                "step_adjustment": [
                  {
                    "metric_interval_lower_bound": "0",
                    "metric_interval_upper_bound": "",
                    "scaling_adjustment": 1
                  }
                ]
              }
            ],
            "target_tracking_scaling_policy_configuration": []
          },
          "sensitive_attributes": [],
          "private": "bnVsbA==",
          "dependencies": [
            "aws_db_subnet_group.avm",
            "aws_security_group.lb",
            "data.aws_subnet.database_subnet_1",
            "data.aws_subnet.database_subnet_2",
            "data.aws_vpc.vpc",
            "module.cluster.aws_cloudwatch_log_group.this",
            "module.cluster.aws_db_subnet_group.this",
            "module.cluster.aws_rds_cluster.this",
            "module.cluster.aws_rds_cluster_parameter_group.this",
            "module.cluster.aws_security_group.this",
            "module.ecs.module.cluster.aws_cloudwatch_log_group.this",
            "module.ecs.module.cluster.aws_ecs_capacity_provider.this",
            "module.ecs.module.cluster.aws_ecs_cluster.this",
            "module.ecs.module.cluster.aws_ecs_cluster_capacity_providers.this",
            "module.ecs.module.cluster.aws_iam_policy.task_exec",
            "module.ecs.module.cluster.aws_iam_role.task_exec",
            "module.ecs.module.cluster.aws_iam_role_policy_attachment.task_exec",
            "module.ecs.module.cluster.aws_iam_role_policy_attachment.task_exec_additional",
            "module.ecs.module.cluster.data.aws_iam_policy_document.task_exec",
            "module.ecs.module.cluster.data.aws_iam_policy_document.task_exec_assume",
            "module.ecs.module.service.aws_appautoscaling_policy.this",
            "module.ecs.module.service.aws_appautoscaling_scheduled_action.this",
            "module.ecs.module.service.aws_appautoscaling_target.this",
            "module.ecs.module.service.aws_ecs_service.ignore_task_definition",
            "module.ecs.module.service.aws_ecs_service.this",
            "module.ecs.module.service.aws_ecs_task_definition.this",
            "module.ecs.module.service.aws_ecs_task_set.ignore_task_definition",
            "module.ecs.module.service.aws_ecs_task_set.this",
            "module.ecs.module.service.aws_iam_policy.service",
            "module.ecs.module.service.aws_iam_policy.task_exec",
            "module.ecs.module.service.aws_iam_role.service",
            "module.ecs.module.service.aws_iam_role.task_exec",
            "module.ecs.module.service.aws_iam_role.tasks",
            "module.ecs.module.service.aws_iam_role_policy.tasks",
            "module.ecs.module.service.aws_iam_role_policy_attachment.service",
            "module.ecs.module.service.aws_iam_role_policy_attachment.task_exec",
            "module.ecs.module.service.aws_iam_role_policy_attachment.task_exec_additional",
            "module.ecs.module.service.aws_iam_role_policy_attachment.tasks",
            "module.ecs.module.service.aws_security_group.this",
            "module.ecs.module.service.aws_security_group_rule.this",
            "module.ecs.module.service.data.aws_caller_identity.current",
            "module.ecs.module.service.data.aws_ecs_task_definition.this",
            "module.ecs.module.service.data.aws_iam_policy_document.service",
            "module.ecs.module.service.data.aws_iam_policy_document.service_assume",
            "module.ecs.module.service.data.aws_iam_policy_document.task_exec",
            "module.ecs.module.service.data.aws_iam_policy_document.task_exec_assume",
            "module.ecs.module.service.data.aws_iam_policy_document.tasks",
            "module.ecs.module.service.data.aws_iam_policy_document.tasks_assume",
            "module.ecs.module.service.data.aws_partition.current",
            "module.ecs.module.service.data.aws_region.current",
            "module.ecs.module.service.data.aws_subnet.this",
            "module.ecs.module.service.module.container_definition.aws_cloudwatch_log_group.this",
            "module.ecs.module.service.module.container_definition.data.aws_region.current",
            "module.security_group_rds.aws_security_group.this",
            "module.security_group_rds.aws_security_group.this_name_prefix",
            "module.server.aws_alb_target_group.this",
            "module.server.aws_appautoscaling_target.this",
            "module.server.aws_cloudwatch_log_group.this",
            "module.server.aws_ecs_service.this",
            "module.server.aws_ecs_task_definition.this",
            "module.server.aws_iam_role.ecs_task_execution_role",
            "module.server.aws_iam_role.ecs_task_role",
            "module.server.aws_kms_key.kms_key_server",
            "module.server.aws_s3_bucket.aws_s3_bucket_assets",
            "module.server.aws_s3_bucket.aws_s3_bucket_documents",
            "module.server.aws_secretsmanager_secret.this",
            "module.server.aws_secretsmanager_secret_version.this",
            "module.server.aws_security_group.security_group_ecs_service",
            "module.server.data.aws_caller_identity.current",
            "module.server.data.aws_ecs_cluster.this",
            "module.server.data.aws_rds_cluster.this",
            "module.server.data.aws_secretsmanager_secret.this",
            "module.server.data.aws_secretsmanager_secret_version.this",
            "module.server.data.aws_subnets.subnets",
            "module.server.module.ecr.aws_ecr_repository.this",
            "module.server.module.ecr.aws_ecrpublic_repository.this",
            "module.server.random_password.password",
            "random_password.password"
          ]
        }
      ]
    },
    {
      "module": "module.server",
      "mode": "managed",
      "type": "aws_appautoscaling_target",
      "name": "this",
      "provider": "provider[\"registry.terraform.io/hashicorp/aws\"]",
      "instances": [
        {
          "schema_version": 0,
          "attributes": {
            "arn": "arn:aws:application-autoscaling:me-central-1:767397974420:scalable-target/0ec52c5acc5ca1b3426fbbcc00e19d138043",
            "id": "service/avm-prod-cluster/avm-prod-server",
            "max_capacity": 4,
            "min_capacity": 1,
            "resource_id": "service/avm-prod-cluster/avm-prod-server",
            "role_arn": "arn:aws:iam::767397974420:role/aws-service-role/ecs.application-autoscaling.amazonaws.com/AWSServiceRoleForApplicationAutoScaling_ECSService",
            "scalable_dimension": "ecs:service:DesiredCount",
            "service_namespace": "ecs",
            "tags": {},
            "tags_all": {}
          },
          "sensitive_attributes": [],
          "private": "bnVsbA==",
          "dependencies": [
            "aws_db_subnet_group.avm",
            "aws_security_group.lb",
            "data.aws_subnet.database_subnet_1",
            "data.aws_subnet.database_subnet_2",
            "data.aws_vpc.vpc",
            "module.cluster.aws_cloudwatch_log_group.this",
            "module.cluster.aws_db_subnet_group.this",
            "module.cluster.aws_rds_cluster.this",
            "module.cluster.aws_rds_cluster_parameter_group.this",
            "module.cluster.aws_security_group.this",
            "module.ecs.module.cluster.aws_cloudwatch_log_group.this",
            "module.ecs.module.cluster.aws_ecs_capacity_provider.this",
            "module.ecs.module.cluster.aws_ecs_cluster.this",
            "module.ecs.module.cluster.aws_ecs_cluster_capacity_providers.this",
            "module.ecs.module.cluster.aws_iam_policy.task_exec",
            "module.ecs.module.cluster.aws_iam_role.task_exec",
            "module.ecs.module.cluster.aws_iam_role_policy_attachment.task_exec",
            "module.ecs.module.cluster.aws_iam_role_policy_attachment.task_exec_additional",
            "module.ecs.module.cluster.data.aws_iam_policy_document.task_exec",
            "module.ecs.module.cluster.data.aws_iam_policy_document.task_exec_assume",
            "module.ecs.module.service.aws_appautoscaling_policy.this",
            "module.ecs.module.service.aws_appautoscaling_scheduled_action.this",
            "module.ecs.module.service.aws_appautoscaling_target.this",
            "module.ecs.module.service.aws_ecs_service.ignore_task_definition",
            "module.ecs.module.service.aws_ecs_service.this",
            "module.ecs.module.service.aws_ecs_task_definition.this",
            "module.ecs.module.service.aws_ecs_task_set.ignore_task_definition",
            "module.ecs.module.service.aws_ecs_task_set.this",
            "module.ecs.module.service.aws_iam_policy.service",
            "module.ecs.module.service.aws_iam_policy.task_exec",
            "module.ecs.module.service.aws_iam_role.service",
            "module.ecs.module.service.aws_iam_role.task_exec",
            "module.ecs.module.service.aws_iam_role.tasks",
            "module.ecs.module.service.aws_iam_role_policy.tasks",
            "module.ecs.module.service.aws_iam_role_policy_attachment.service",
            "module.ecs.module.service.aws_iam_role_policy_attachment.task_exec",
            "module.ecs.module.service.aws_iam_role_policy_attachment.task_exec_additional",
            "module.ecs.module.service.aws_iam_role_policy_attachment.tasks",
            "module.ecs.module.service.aws_security_group.this",
            "module.ecs.module.service.aws_security_group_rule.this",
            "module.ecs.module.service.data.aws_caller_identity.current",
            "module.ecs.module.service.data.aws_ecs_task_definition.this",
            "module.ecs.module.service.data.aws_iam_policy_document.service",
            "module.ecs.module.service.data.aws_iam_policy_document.service_assume",
            "module.ecs.module.service.data.aws_iam_policy_document.task_exec",
            "module.ecs.module.service.data.aws_iam_policy_document.task_exec_assume",
            "module.ecs.module.service.data.aws_iam_policy_document.tasks",
            "module.ecs.module.service.data.aws_iam_policy_document.tasks_assume",
            "module.ecs.module.service.data.aws_partition.current",
            "module.ecs.module.service.data.aws_region.current",
            "module.ecs.module.service.data.aws_subnet.this",
            "module.ecs.module.service.module.container_definition.aws_cloudwatch_log_group.this",
            "module.ecs.module.service.module.container_definition.data.aws_region.current",
            "module.security_group_rds.aws_security_group.this",
            "module.security_group_rds.aws_security_group.this_name_prefix",
            "module.server.aws_alb_target_group.this",
            "module.server.aws_cloudwatch_log_group.this",
            "module.server.aws_ecs_service.this",
            "module.server.aws_ecs_task_definition.this",
            "module.server.aws_iam_role.ecs_task_execution_role",
            "module.server.aws_iam_role.ecs_task_role",
            "module.server.aws_kms_key.kms_key_server",
            "module.server.aws_s3_bucket.aws_s3_bucket_assets",
            "module.server.aws_s3_bucket.aws_s3_bucket_documents",
            "module.server.aws_secretsmanager_secret.this",
            "module.server.aws_secretsmanager_secret_version.this",
            "module.server.aws_security_group.security_group_ecs_service",
            "module.server.data.aws_caller_identity.current",
            "module.server.data.aws_ecs_cluster.this",
            "module.server.data.aws_rds_cluster.this",
            "module.server.data.aws_secretsmanager_secret.this",
            "module.server.data.aws_secretsmanager_secret_version.this",
            "module.server.data.aws_subnets.subnets",
            "module.server.module.ecr.aws_ecr_repository.this",
            "module.server.module.ecr.aws_ecrpublic_repository.this",
            "module.server.random_password.password",
            "random_password.password"
          ]
        }
      ]
    },
    {
      "module": "module.server",
      "mode": "managed",
      "type": "aws_cloudwatch_log_group",
      "name": "this",
      "provider": "provider[\"registry.terraform.io/hashicorp/aws\"]",
      "instances": [
        {
          "schema_version": 0,
          "attributes": {
            "arn": "arn:aws:logs:me-central-1:767397974420:log-group:avm-prod-server",
            "id": "avm-prod-server",
            "kms_key_id": "",
            "log_group_class": "STANDARD",
            "name": "avm-prod-server",
            "name_prefix": "",
            "retention_in_days": 365,
            "skip_destroy": false,
            "tags": {},
            "tags_all": {}
          },
          "sensitive_attributes": [],
          "private": "bnVsbA==",
          "dependencies": [
            "module.ecs.module.cluster.aws_cloudwatch_log_group.this",
            "module.ecs.module.cluster.aws_ecs_capacity_provider.this",
            "module.ecs.module.cluster.aws_ecs_cluster.this",
            "module.ecs.module.cluster.aws_ecs_cluster_capacity_providers.this",
            "module.ecs.module.cluster.aws_iam_policy.task_exec",
            "module.ecs.module.cluster.aws_iam_role.task_exec",
            "module.ecs.module.cluster.aws_iam_role_policy_attachment.task_exec",
            "module.ecs.module.cluster.aws_iam_role_policy_attachment.task_exec_additional",
            "module.ecs.module.cluster.data.aws_iam_policy_document.task_exec",
            "module.ecs.module.cluster.data.aws_iam_policy_document.task_exec_assume",
            "module.ecs.module.service.aws_appautoscaling_policy.this",
            "module.ecs.module.service.aws_appautoscaling_scheduled_action.this",
            "module.ecs.module.service.aws_appautoscaling_target.this",
            "module.ecs.module.service.aws_ecs_service.ignore_task_definition",
            "module.ecs.module.service.aws_ecs_service.this",
            "module.ecs.module.service.aws_ecs_task_definition.this",
            "module.ecs.module.service.aws_ecs_task_set.ignore_task_definition",
            "module.ecs.module.service.aws_ecs_task_set.this",
            "module.ecs.module.service.aws_iam_policy.service",
            "module.ecs.module.service.aws_iam_policy.task_exec",
            "module.ecs.module.service.aws_iam_role.service",
            "module.ecs.module.service.aws_iam_role.task_exec",
            "module.ecs.module.service.aws_iam_role.tasks",
            "module.ecs.module.service.aws_iam_role_policy.tasks",
            "module.ecs.module.service.aws_iam_role_policy_attachment.service",
            "module.ecs.module.service.aws_iam_role_policy_attachment.task_exec",
            "module.ecs.module.service.aws_iam_role_policy_attachment.task_exec_additional",
            "module.ecs.module.service.aws_iam_role_policy_attachment.tasks",
            "module.ecs.module.service.aws_security_group.this",
            "module.ecs.module.service.aws_security_group_rule.this",
            "module.ecs.module.service.data.aws_caller_identity.current",
            "module.ecs.module.service.data.aws_ecs_task_definition.this",
            "module.ecs.module.service.data.aws_iam_policy_document.service",
            "module.ecs.module.service.data.aws_iam_policy_document.service_assume",
            "module.ecs.module.service.data.aws_iam_policy_document.task_exec",
            "module.ecs.module.service.data.aws_iam_policy_document.task_exec_assume",
            "module.ecs.module.service.data.aws_iam_policy_document.tasks",
            "module.ecs.module.service.data.aws_iam_policy_document.tasks_assume",
            "module.ecs.module.service.data.aws_partition.current",
            "module.ecs.module.service.data.aws_region.current",
            "module.ecs.module.service.data.aws_subnet.this",
            "module.ecs.module.service.module.container_definition.aws_cloudwatch_log_group.this",
            "module.ecs.module.service.module.container_definition.data.aws_region.current"
          ]
        }
      ]
    },
    {
      "module": "module.server",
      "mode": "managed",
      "type": "aws_cloudwatch_metric_alarm",
      "name": "cloudwatch_alarm_cpu_usage_high",
      "provider": "provider[\"registry.terraform.io/hashicorp/aws\"]",
      "instances": [
        {
          "schema_version": 1,
          "attributes": {
            "actions_enabled": true,
            "alarm_actions": [
              "arn:aws:autoscaling:me-central-1:767397974420:scalingPolicy:2c5acc5c-a1b3-426f-bbcc-00e19d138043:resource/ecs/service/avm-prod-cluster/avm-prod-server:policyName/avm-prod-server-scale-up-policy"
            ],
            "alarm_description": "",
            "alarm_name": "avm-prod-server-cpu-usage-high",
            "arn": "arn:aws:cloudwatch:me-central-1:767397974420:alarm:avm-prod-server-cpu-usage-high",
            "comparison_operator": "GreaterThanOrEqualToThreshold",
            "datapoints_to_alarm": 0,
            "dimensions": {
              "ClusterName": "avm-prod-cluster",
              "ServiceName": "avm-prod-server"
            },
            "evaluate_low_sample_count_percentiles": "",
            "evaluation_periods": 1,
            "extended_statistic": "",
            "id": "avm-prod-server-cpu-usage-high",
            "insufficient_data_actions": [],
            "metric_name": "CPUUtilization",
            "metric_query": [],
            "namespace": "AWS/ECS",
            "ok_actions": [],
            "period": 60,
            "statistic": "Average",
            "tags": {
              "Environment": "prod",
              "Name": "avm-prod-server"
            },
            "tags_all": {
              "Environment": "prod",
              "Name": "avm-prod-server"
            },
            "threshold": 80,
            "threshold_metric_id": "",
            "treat_missing_data": "missing",
            "unit": ""
          },
          "sensitive_attributes": [],
          "private": "eyJzY2hlbWFfdmVyc2lvbiI6IjEifQ==",
          "dependencies": [
            "aws_db_subnet_group.avm",
            "aws_security_group.lb",
            "data.aws_subnet.database_subnet_1",
            "data.aws_subnet.database_subnet_2",
            "data.aws_vpc.vpc",
            "module.cluster.aws_cloudwatch_log_group.this",
            "module.cluster.aws_db_subnet_group.this",
            "module.cluster.aws_rds_cluster.this",
            "module.cluster.aws_rds_cluster_parameter_group.this",
            "module.cluster.aws_security_group.this",
            "module.ecs.module.cluster.aws_cloudwatch_log_group.this",
            "module.ecs.module.cluster.aws_ecs_capacity_provider.this",
            "module.ecs.module.cluster.aws_ecs_cluster.this",
            "module.ecs.module.cluster.aws_ecs_cluster_capacity_providers.this",
            "module.ecs.module.cluster.aws_iam_policy.task_exec",
            "module.ecs.module.cluster.aws_iam_role.task_exec",
            "module.ecs.module.cluster.aws_iam_role_policy_attachment.task_exec",
            "module.ecs.module.cluster.aws_iam_role_policy_attachment.task_exec_additional",
            "module.ecs.module.cluster.data.aws_iam_policy_document.task_exec",
            "module.ecs.module.cluster.data.aws_iam_policy_document.task_exec_assume",
            "module.ecs.module.service.aws_appautoscaling_policy.this",
            "module.ecs.module.service.aws_appautoscaling_scheduled_action.this",
            "module.ecs.module.service.aws_appautoscaling_target.this",
            "module.ecs.module.service.aws_ecs_service.ignore_task_definition",
            "module.ecs.module.service.aws_ecs_service.this",
            "module.ecs.module.service.aws_ecs_task_definition.this",
            "module.ecs.module.service.aws_ecs_task_set.ignore_task_definition",
            "module.ecs.module.service.aws_ecs_task_set.this",
            "module.ecs.module.service.aws_iam_policy.service",
            "module.ecs.module.service.aws_iam_policy.task_exec",
            "module.ecs.module.service.aws_iam_role.service",
            "module.ecs.module.service.aws_iam_role.task_exec",
            "module.ecs.module.service.aws_iam_role.tasks",
            "module.ecs.module.service.aws_iam_role_policy.tasks",
            "module.ecs.module.service.aws_iam_role_policy_attachment.service",
            "module.ecs.module.service.aws_iam_role_policy_attachment.task_exec",
            "module.ecs.module.service.aws_iam_role_policy_attachment.task_exec_additional",
            "module.ecs.module.service.aws_iam_role_policy_attachment.tasks",
            "module.ecs.module.service.aws_security_group.this",
            "module.ecs.module.service.aws_security_group_rule.this",
            "module.ecs.module.service.data.aws_caller_identity.current",
            "module.ecs.module.service.data.aws_ecs_task_definition.this",
            "module.ecs.module.service.data.aws_iam_policy_document.service",
            "module.ecs.module.service.data.aws_iam_policy_document.service_assume",
            "module.ecs.module.service.data.aws_iam_policy_document.task_exec",
            "module.ecs.module.service.data.aws_iam_policy_document.task_exec_assume",
            "module.ecs.module.service.data.aws_iam_policy_document.tasks",
            "module.ecs.module.service.data.aws_iam_policy_document.tasks_assume",
            "module.ecs.module.service.data.aws_partition.current",
            "module.ecs.module.service.data.aws_region.current",
            "module.ecs.module.service.data.aws_subnet.this",
            "module.ecs.module.service.module.container_definition.aws_cloudwatch_log_group.this",
            "module.ecs.module.service.module.container_definition.data.aws_region.current",
            "module.security_group_rds.aws_security_group.this",
            "module.security_group_rds.aws_security_group.this_name_prefix",
            "module.server.aws_alb_target_group.this",
            "module.server.aws_appautoscaling_policy.autoscaling_up_policy",
            "module.server.aws_appautoscaling_target.this",
            "module.server.aws_cloudwatch_log_group.this",
            "module.server.aws_ecs_service.this",
            "module.server.aws_ecs_task_definition.this",
            "module.server.aws_iam_role.ecs_task_execution_role",
            "module.server.aws_iam_role.ecs_task_role",
            "module.server.aws_kms_key.kms_key_server",
            "module.server.aws_s3_bucket.aws_s3_bucket_assets",
            "module.server.aws_s3_bucket.aws_s3_bucket_documents",
            "module.server.aws_secretsmanager_secret.this",
            "module.server.aws_secretsmanager_secret_version.this",
            "module.server.aws_security_group.security_group_ecs_service",
            "module.server.data.aws_caller_identity.current",
            "module.server.data.aws_ecs_cluster.this",
            "module.server.data.aws_rds_cluster.this",
            "module.server.data.aws_secretsmanager_secret.this",
            "module.server.data.aws_secretsmanager_secret_version.this",
            "module.server.data.aws_subnets.subnets",
            "module.server.module.ecr.aws_ecr_repository.this",
            "module.server.module.ecr.aws_ecrpublic_repository.this",
            "module.server.random_password.password",
            "random_password.password"
          ]
        }
      ]
    },
    {
      "module": "module.server",
      "mode": "managed",
      "type": "aws_cloudwatch_metric_alarm",
      "name": "cloudwatch_alarm_cpu_usage_low",
      "provider": "provider[\"registry.terraform.io/hashicorp/aws\"]",
      "instances": [
        {
          "schema_version": 1,
          "attributes": {
            "actions_enabled": true,
            "alarm_actions": [
              "arn:aws:autoscaling:me-central-1:767397974420:scalingPolicy:2c5acc5c-a1b3-426f-bbcc-00e19d138043:resource/ecs/service/avm-prod-cluster/avm-prod-server:policyName/avm-prod-server-scale-down-policy"
            ],
            "alarm_description": "",
            "alarm_name": "avm-prod-server-cpu-usage-low",
            "arn": "arn:aws:cloudwatch:me-central-1:767397974420:alarm:avm-prod-server-cpu-usage-low",
            "comparison_operator": "LessThanOrEqualToThreshold",
            "datapoints_to_alarm": 0,
            "dimensions": {
              "ClusterName": "avm-prod-cluster",
              "ServiceName": "avm-prod-server"
            },
            "evaluate_low_sample_count_percentiles": "",
            "evaluation_periods": 1,
            "extended_statistic": "",
            "id": "avm-prod-server-cpu-usage-low",
            "insufficient_data_actions": [],
            "metric_name": "CPUUtilization",
            "metric_query": [],
            "namespace": "AWS/ECS",
            "ok_actions": [],
            "period": 60,
            "statistic": "Average",
            "tags": {
              "Environment": "prod",
              "Name": "avm-prod-server"
            },
            "tags_all": {
              "Environment": "prod",
              "Name": "avm-prod-server"
            },
            "threshold": 20,
            "threshold_metric_id": "",
            "treat_missing_data": "missing",
            "unit": ""
          },
          "sensitive_attributes": [],
          "private": "eyJzY2hlbWFfdmVyc2lvbiI6IjEifQ==",
          "dependencies": [
            "aws_db_subnet_group.avm",
            "aws_security_group.lb",
            "data.aws_subnet.database_subnet_1",
            "data.aws_subnet.database_subnet_2",
            "data.aws_vpc.vpc",
            "module.cluster.aws_cloudwatch_log_group.this",
            "module.cluster.aws_db_subnet_group.this",
            "module.cluster.aws_rds_cluster.this",
            "module.cluster.aws_rds_cluster_parameter_group.this",
            "module.cluster.aws_security_group.this",
            "module.ecs.module.cluster.aws_cloudwatch_log_group.this",
            "module.ecs.module.cluster.aws_ecs_capacity_provider.this",
            "module.ecs.module.cluster.aws_ecs_cluster.this",
            "module.ecs.module.cluster.aws_ecs_cluster_capacity_providers.this",
            "module.ecs.module.cluster.aws_iam_policy.task_exec",
            "module.ecs.module.cluster.aws_iam_role.task_exec",
            "module.ecs.module.cluster.aws_iam_role_policy_attachment.task_exec",
            "module.ecs.module.cluster.aws_iam_role_policy_attachment.task_exec_additional",
            "module.ecs.module.cluster.data.aws_iam_policy_document.task_exec",
            "module.ecs.module.cluster.data.aws_iam_policy_document.task_exec_assume",
            "module.ecs.module.service.aws_appautoscaling_policy.this",
            "module.ecs.module.service.aws_appautoscaling_scheduled_action.this",
            "module.ecs.module.service.aws_appautoscaling_target.this",
            "module.ecs.module.service.aws_ecs_service.ignore_task_definition",
            "module.ecs.module.service.aws_ecs_service.this",
            "module.ecs.module.service.aws_ecs_task_definition.this",
            "module.ecs.module.service.aws_ecs_task_set.ignore_task_definition",
            "module.ecs.module.service.aws_ecs_task_set.this",
            "module.ecs.module.service.aws_iam_policy.service",
            "module.ecs.module.service.aws_iam_policy.task_exec",
            "module.ecs.module.service.aws_iam_role.service",
            "module.ecs.module.service.aws_iam_role.task_exec",
            "module.ecs.module.service.aws_iam_role.tasks",
            "module.ecs.module.service.aws_iam_role_policy.tasks",
            "module.ecs.module.service.aws_iam_role_policy_attachment.service",
            "module.ecs.module.service.aws_iam_role_policy_attachment.task_exec",
            "module.ecs.module.service.aws_iam_role_policy_attachment.task_exec_additional",
            "module.ecs.module.service.aws_iam_role_policy_attachment.tasks",
            "module.ecs.module.service.aws_security_group.this",
            "module.ecs.module.service.aws_security_group_rule.this",
            "module.ecs.module.service.data.aws_caller_identity.current",
            "module.ecs.module.service.data.aws_ecs_task_definition.this",
            "module.ecs.module.service.data.aws_iam_policy_document.service",
            "module.ecs.module.service.data.aws_iam_policy_document.service_assume",
            "module.ecs.module.service.data.aws_iam_policy_document.task_exec",
            "module.ecs.module.service.data.aws_iam_policy_document.task_exec_assume",
            "module.ecs.module.service.data.aws_iam_policy_document.tasks",
            "module.ecs.module.service.data.aws_iam_policy_document.tasks_assume",
            "module.ecs.module.service.data.aws_partition.current",
            "module.ecs.module.service.data.aws_region.current",
            "module.ecs.module.service.data.aws_subnet.this",
            "module.ecs.module.service.module.container_definition.aws_cloudwatch_log_group.this",
            "module.ecs.module.service.module.container_definition.data.aws_region.current",
            "module.security_group_rds.aws_security_group.this",
            "module.security_group_rds.aws_security_group.this_name_prefix",
            "module.server.aws_alb_target_group.this",
            "module.server.aws_appautoscaling_policy.autoscaling_down_policy",
            "module.server.aws_appautoscaling_target.this",
            "module.server.aws_cloudwatch_log_group.this",
            "module.server.aws_ecs_service.this",
            "module.server.aws_ecs_task_definition.this",
            "module.server.aws_iam_role.ecs_task_execution_role",
            "module.server.aws_iam_role.ecs_task_role",
            "module.server.aws_kms_key.kms_key_server",
            "module.server.aws_s3_bucket.aws_s3_bucket_assets",
            "module.server.aws_s3_bucket.aws_s3_bucket_documents",
            "module.server.aws_secretsmanager_secret.this",
            "module.server.aws_secretsmanager_secret_version.this",
            "module.server.aws_security_group.security_group_ecs_service",
            "module.server.data.aws_caller_identity.current",
            "module.server.data.aws_ecs_cluster.this",
            "module.server.data.aws_rds_cluster.this",
            "module.server.data.aws_secretsmanager_secret.this",
            "module.server.data.aws_secretsmanager_secret_version.this",
            "module.server.data.aws_subnets.subnets",
            "module.server.module.ecr.aws_ecr_repository.this",
            "module.server.module.ecr.aws_ecrpublic_repository.this",
            "module.server.random_password.password",
            "random_password.password"
          ]
        }
      ]
    },
    {
      "module": "module.server",
      "mode": "managed",
      "type": "aws_ecs_service",
      "name": "this",
      "provider": "provider[\"registry.terraform.io/hashicorp/aws\"]",
      "instances": [
        {
          "schema_version": 0,
          "attributes": {
            "alarms": [],
            "capacity_provider_strategy": [],
            "cluster": "arn:aws:ecs:me-central-1:767397974420:cluster/avm-prod-cluster",
            "deployment_circuit_breaker": [
              {
                "enable": false,
                "rollback": false
              }
            ],
            "deployment_controller": [
              {
                "type": "ECS"
              }
            ],
            "deployment_maximum_percent": 200,
            "deployment_minimum_healthy_percent": 100,
            "desired_count": 1,
            "enable_ecs_managed_tags": false,
            "enable_execute_command": false,
            "force_new_deployment": null,
            "health_check_grace_period_seconds": 0,
            "iam_role": "/aws-service-role/ecs.amazonaws.com/AWSServiceRoleForECS",
            "id": "arn:aws:ecs:me-central-1:767397974420:service/avm-prod-cluster/avm-prod-server",
            "launch_type": "FARGATE",
            "load_balancer": [
              {
                "container_name": "avm-prod-server",
                "container_port": 443,
                "elb_name": "",
                "target_group_arn": "arn:aws:elasticloadbalancing:me-central-1:767397974420:targetgroup/avm-prod-server-tg/cce969f51a6a3180"
              }
            ],
            "name": "avm-prod-server",
            "network_configuration": [
              {
                "assign_public_ip": true,
                "security_groups": [
                  "sg-08d968a9191e1e6c9"
                ],
                "subnets": [
                  "subnet-01e986dcc944a47b1",
                  "subnet-020752009b265234c",
                  "subnet-0252db1398521bea8",
                  "subnet-085b28bbc16c1023d",
                  "subnet-08955b5f11da30ddd",
                  "subnet-0cea2ec77e6c4ded8"
                ]
              }
            ],
            "ordered_placement_strategy": [],
            "placement_constraints": [],
            "platform_version": "LATEST",
            "propagate_tags": "NONE",
            "scheduling_strategy": "REPLICA",
            "service_connect_configuration": [],
            "service_registries": [],
            "tags": null,
            "tags_all": {},
            "task_definition": "arn:aws:ecs:me-central-1:767397974420:task-definition/avm-prod-server:7",
            "timeouts": null,
            "triggers": {},
            "wait_for_steady_state": false
          },
          "sensitive_attributes": [],
          "private": "eyJlMmJmYjczMC1lY2FhLTExZTYtOGY4OC0zNDM2M2JjN2M0YzAiOnsiY3JlYXRlIjoxMjAwMDAwMDAwMDAwLCJkZWxldGUiOjEyMDAwMDAwMDAwMDAsInVwZGF0ZSI6MTIwMDAwMDAwMDAwMH19",
          "dependencies": [
            "aws_db_subnet_group.avm",
            "aws_security_group.lb",
            "data.aws_subnet.database_subnet_1",
            "data.aws_subnet.database_subnet_2",
            "data.aws_vpc.vpc",
            "module.cluster.aws_cloudwatch_log_group.this",
            "module.cluster.aws_db_subnet_group.this",
            "module.cluster.aws_rds_cluster.this",
            "module.cluster.aws_rds_cluster_parameter_group.this",
            "module.cluster.aws_security_group.this",
            "module.ecs.module.cluster.aws_cloudwatch_log_group.this",
            "module.ecs.module.cluster.aws_ecs_capacity_provider.this",
            "module.ecs.module.cluster.aws_ecs_cluster.this",
            "module.ecs.module.cluster.aws_ecs_cluster_capacity_providers.this",
            "module.ecs.module.cluster.aws_iam_policy.task_exec",
            "module.ecs.module.cluster.aws_iam_role.task_exec",
            "module.ecs.module.cluster.aws_iam_role_policy_attachment.task_exec",
            "module.ecs.module.cluster.aws_iam_role_policy_attachment.task_exec_additional",
            "module.ecs.module.cluster.data.aws_iam_policy_document.task_exec",
            "module.ecs.module.cluster.data.aws_iam_policy_document.task_exec_assume",
            "module.ecs.module.service.aws_appautoscaling_policy.this",
            "module.ecs.module.service.aws_appautoscaling_scheduled_action.this",
            "module.ecs.module.service.aws_appautoscaling_target.this",
            "module.ecs.module.service.aws_ecs_service.ignore_task_definition",
            "module.ecs.module.service.aws_ecs_service.this",
            "module.ecs.module.service.aws_ecs_task_definition.this",
            "module.ecs.module.service.aws_ecs_task_set.ignore_task_definition",
            "module.ecs.module.service.aws_ecs_task_set.this",
            "module.ecs.module.service.aws_iam_policy.service",
            "module.ecs.module.service.aws_iam_policy.task_exec",
            "module.ecs.module.service.aws_iam_role.service",
            "module.ecs.module.service.aws_iam_role.task_exec",
            "module.ecs.module.service.aws_iam_role.tasks",
            "module.ecs.module.service.aws_iam_role_policy.tasks",
            "module.ecs.module.service.aws_iam_role_policy_attachment.service",
            "module.ecs.module.service.aws_iam_role_policy_attachment.task_exec",
            "module.ecs.module.service.aws_iam_role_policy_attachment.task_exec_additional",
            "module.ecs.module.service.aws_iam_role_policy_attachment.tasks",
            "module.ecs.module.service.aws_security_group.this",
            "module.ecs.module.service.aws_security_group_rule.this",
            "module.ecs.module.service.data.aws_caller_identity.current",
            "module.ecs.module.service.data.aws_ecs_task_definition.this",
            "module.ecs.module.service.data.aws_iam_policy_document.service",
            "module.ecs.module.service.data.aws_iam_policy_document.service_assume",
            "module.ecs.module.service.data.aws_iam_policy_document.task_exec",
            "module.ecs.module.service.data.aws_iam_policy_document.task_exec_assume",
            "module.ecs.module.service.data.aws_iam_policy_document.tasks",
            "module.ecs.module.service.data.aws_iam_policy_document.tasks_assume",
            "module.ecs.module.service.data.aws_partition.current",
            "module.ecs.module.service.data.aws_region.current",
            "module.ecs.module.service.data.aws_subnet.this",
            "module.ecs.module.service.module.container_definition.aws_cloudwatch_log_group.this",
            "module.ecs.module.service.module.container_definition.data.aws_region.current",
            "module.security_group_rds.aws_security_group.this",
            "module.security_group_rds.aws_security_group.this_name_prefix",
            "module.server.aws_alb_target_group.this",
            "module.server.aws_cloudwatch_log_group.this",
            "module.server.aws_ecs_task_definition.this",
            "module.server.aws_iam_role.ecs_task_execution_role",
            "module.server.aws_iam_role.ecs_task_role",
            "module.server.aws_kms_key.kms_key_server",
            "module.server.aws_s3_bucket.aws_s3_bucket_assets",
            "module.server.aws_s3_bucket.aws_s3_bucket_documents",
            "module.server.aws_secretsmanager_secret.this",
            "module.server.aws_secretsmanager_secret_version.this",
            "module.server.aws_security_group.security_group_ecs_service",
            "module.server.data.aws_caller_identity.current",
            "module.server.data.aws_ecs_cluster.this",
            "module.server.data.aws_rds_cluster.this",
            "module.server.data.aws_secretsmanager_secret.this",
            "module.server.data.aws_secretsmanager_secret_version.this",
            "module.server.data.aws_subnets.subnets",
            "module.server.module.ecr.aws_ecr_repository.this",
            "module.server.module.ecr.aws_ecrpublic_repository.this",
            "module.server.random_password.password",
            "random_password.password"
          ]
        }
      ]
    },
    {
      "module": "module.server",
      "mode": "managed",
      "type": "aws_ecs_task_definition",
      "name": "this",
      "provider": "provider[\"registry.terraform.io/hashicorp/aws\"]",
      "instances": [
        {
          "schema_version": 1,
          "attributes": {
            "arn": "arn:aws:ecs:me-central-1:767397974420:task-definition/avm-prod-server:7",
            "arn_without_revision": "arn:aws:ecs:me-central-1:767397974420:task-definition/avm-prod-server",
            "container_definitions": "[{\"cpu\":1024,\"environment\":[{\"name\":\"AWS_REGION\",\"value\":\"me-central-1\"}],\"essential\":true,\"image\":\"767397974420.dkr.ecr.me-central-1.amazonaws.com/avm-server:latest\",\"logConfiguration\":{\"logDriver\":\"awslogs\",\"options\":{\"awslogs-group\":\"avm-prod-server\",\"awslogs-region\":\"me-central-1\",\"awslogs-stream-prefix\":\"ec2\"}},\"memory\":2048,\"mountPoints\":[],\"name\":\"avm-prod-server\",\"portMappings\":[{\"containerPort\":443,\"hostPort\":443,\"protocol\":\"tcp\"}],\"secrets\":[{\"name\":\"API_KEY\",\"valueFrom\":\"arn:aws:secretsmanager:me-central-1:767397974420:secret:avm-prod-server-kdgFJ7:API_KEY::\"},{\"name\":\"AWS_ASSETS_S3_BUCKET\",\"valueFrom\":\"arn:aws:secretsmanager:me-central-1:767397974420:secret:avm-prod-server-kdgFJ7:AWS_ASSETS_S3_BUCKET::\"},{\"name\":\"AWS_DEFAULT_KMS_KEY_ID\",\"valueFrom\":\"arn:aws:secretsmanager:me-central-1:767397974420:secret:avm-prod-server-kdgFJ7:AWS_DEFAULT_KMS_KEY_ID::\"},{\"name\":\"AWS_DOCUMENTS_S3_BUCKET\",\"valueFrom\":\"arn:aws:secretsmanager:me-central-1:767397974420:secret:avm-prod-server-kdgFJ7:AWS_DOCUMENTS_S3_BUCKET::\"},{\"name\":\"AWS_SES_ACCESS_KEY\",\"valueFrom\":\"arn:aws:secretsmanager:me-central-1:767397974420:secret:avm-prod-server-kdgFJ7:AWS_SES_ACCESS_KEY::\"},{\"name\":\"AWS_SES_SECRET_KEY\",\"valueFrom\":\"arn:aws:secretsmanager:me-central-1:767397974420:secret:avm-prod-server-kdgFJ7:AWS_SES_SECRET_KEY::\"},{\"name\":\"DB_URI\",\"valueFrom\":\"arn:aws:secretsmanager:me-central-1:767397974420:secret:avm-prod-server-kdgFJ7:DB_URI::\"},{\"name\":\"DB_VECTOR_URI\",\"valueFrom\":\"arn:aws:secretsmanager:me-central-1:767397974420:secret:avm-prod-server-kdgFJ7:DB_VECTOR_URI::\"},{\"name\":\"FIREBASE_CLIENT_EMAIL\",\"valueFrom\":\"arn:aws:secretsmanager:me-central-1:767397974420:secret:avm-prod-server-kdgFJ7:FIREBASE_CLIENT_EMAIL::\"},{\"name\":\"FIREBASE_PRIVATE_KEY\",\"valueFrom\":\"arn:aws:secretsmanager:me-central-1:767397974420:secret:avm-prod-server-kdgFJ7:FIREBASE_PRIVATE_KEY::\"},{\"name\":\"FIREBASE_PROJECT_ID\",\"valueFrom\":\"arn:aws:secretsmanager:me-central-1:767397974420:secret:avm-prod-server-kdgFJ7:FIREBASE_PROJECT_ID::\"},{\"name\":\"GOOGLE_DRIVE_CLIENT_ID\",\"valueFrom\":\"arn:aws:secretsmanager:me-central-1:767397974420:secret:avm-prod-server-kdgFJ7:GOOGLE_DRIVE_CLIENT_ID::\"},{\"name\":\"GOOGLE_DRIVE_CLIENT_SECRET\",\"valueFrom\":\"arn:aws:secretsmanager:me-central-1:767397974420:secret:avm-prod-server-kdgFJ7:GOOGLE_DRIVE_CLIENT_SECRET::\"},{\"name\":\"NODE_ENV\",\"valueFrom\":\"arn:aws:secretsmanager:me-central-1:767397974420:secret:avm-prod-server-kdgFJ7:NODE_ENV::\"},{\"name\":\"UI_HOST\",\"valueFrom\":\"arn:aws:secretsmanager:me-central-1:767397974420:secret:avm-prod-server-kdgFJ7:UI_HOST::\"}],\"systemControls\":[],\"volumesFrom\":[]}]",
            "cpu": "1024",
            "ephemeral_storage": [],
            "execution_role_arn": "arn:aws:iam::767397974420:role/avm-prod-server-ecsTaskExecutionRole",
            "family": "avm-prod-server",
            "id": "avm-prod-server",
            "inference_accelerator": [],
            "ipc_mode": "",
            "memory": "2048",
            "network_mode": "awsvpc",
            "pid_mode": "",
            "placement_constraints": [],
            "proxy_configuration": [],
            "requires_compatibilities": [
              "FARGATE"
            ],
            "revision": 7,
            "runtime_platform": [],
            "skip_destroy": false,
            "tags": null,
            "tags_all": {},
            "task_role_arn": "arn:aws:iam::767397974420:role/avm-prod-server-ecsTaskRole",
            "track_latest": false,
            "volume": []
          },
          "sensitive_attributes": [
            [
              {
                "type": "get_attr",
                "value": "container_definitions"
              }
            ]
          ],
          "private": "eyJzY2hlbWFfdmVyc2lvbiI6IjEifQ==",
          "dependencies": [
            "aws_db_subnet_group.avm",
            "data.aws_subnet.database_subnet_1",
            "data.aws_subnet.database_subnet_2",
            "data.aws_vpc.vpc",
            "module.cluster.aws_cloudwatch_log_group.this",
            "module.cluster.aws_db_subnet_group.this",
            "module.cluster.aws_rds_cluster.this",
            "module.cluster.aws_rds_cluster_parameter_group.this",
            "module.cluster.aws_security_group.this",
            "module.ecs.module.cluster.aws_cloudwatch_log_group.this",
            "module.ecs.module.cluster.aws_ecs_capacity_provider.this",
            "module.ecs.module.cluster.aws_ecs_cluster.this",
            "module.ecs.module.cluster.aws_ecs_cluster_capacity_providers.this",
            "module.ecs.module.cluster.aws_iam_policy.task_exec",
            "module.ecs.module.cluster.aws_iam_role.task_exec",
            "module.ecs.module.cluster.aws_iam_role_policy_attachment.task_exec",
            "module.ecs.module.cluster.aws_iam_role_policy_attachment.task_exec_additional",
            "module.ecs.module.cluster.data.aws_iam_policy_document.task_exec",
            "module.ecs.module.cluster.data.aws_iam_policy_document.task_exec_assume",
            "module.ecs.module.service.aws_appautoscaling_policy.this",
            "module.ecs.module.service.aws_appautoscaling_scheduled_action.this",
            "module.ecs.module.service.aws_appautoscaling_target.this",
            "module.ecs.module.service.aws_ecs_service.ignore_task_definition",
            "module.ecs.module.service.aws_ecs_service.this",
            "module.ecs.module.service.aws_ecs_task_definition.this",
            "module.ecs.module.service.aws_ecs_task_set.ignore_task_definition",
            "module.ecs.module.service.aws_ecs_task_set.this",
            "module.ecs.module.service.aws_iam_policy.service",
            "module.ecs.module.service.aws_iam_policy.task_exec",
            "module.ecs.module.service.aws_iam_role.service",
            "module.ecs.module.service.aws_iam_role.task_exec",
            "module.ecs.module.service.aws_iam_role.tasks",
            "module.ecs.module.service.aws_iam_role_policy.tasks",
            "module.ecs.module.service.aws_iam_role_policy_attachment.service",
            "module.ecs.module.service.aws_iam_role_policy_attachment.task_exec",
            "module.ecs.module.service.aws_iam_role_policy_attachment.task_exec_additional",
            "module.ecs.module.service.aws_iam_role_policy_attachment.tasks",
            "module.ecs.module.service.aws_security_group.this",
            "module.ecs.module.service.aws_security_group_rule.this",
            "module.ecs.module.service.data.aws_caller_identity.current",
            "module.ecs.module.service.data.aws_ecs_task_definition.this",
            "module.ecs.module.service.data.aws_iam_policy_document.service",
            "module.ecs.module.service.data.aws_iam_policy_document.service_assume",
            "module.ecs.module.service.data.aws_iam_policy_document.task_exec",
            "module.ecs.module.service.data.aws_iam_policy_document.task_exec_assume",
            "module.ecs.module.service.data.aws_iam_policy_document.tasks",
            "module.ecs.module.service.data.aws_iam_policy_document.tasks_assume",
            "module.ecs.module.service.data.aws_partition.current",
            "module.ecs.module.service.data.aws_region.current",
            "module.ecs.module.service.data.aws_subnet.this",
            "module.ecs.module.service.module.container_definition.aws_cloudwatch_log_group.this",
            "module.ecs.module.service.module.container_definition.data.aws_region.current",
            "module.security_group_rds.aws_security_group.this",
            "module.security_group_rds.aws_security_group.this_name_prefix",
            "module.server.aws_cloudwatch_log_group.this",
            "module.server.aws_iam_role.ecs_task_execution_role",
            "module.server.aws_iam_role.ecs_task_role",
            "module.server.aws_kms_key.kms_key_server",
            "module.server.aws_s3_bucket.aws_s3_bucket_assets",
            "module.server.aws_s3_bucket.aws_s3_bucket_documents",
            "module.server.aws_secretsmanager_secret.this",
            "module.server.aws_secretsmanager_secret_version.this",
            "module.server.data.aws_caller_identity.current",
            "module.server.data.aws_rds_cluster.this",
            "module.server.data.aws_secretsmanager_secret.this",
            "module.server.data.aws_secretsmanager_secret_version.this",
            "module.server.module.ecr.aws_ecr_repository.this",
            "module.server.module.ecr.aws_ecrpublic_repository.this",
            "module.server.random_password.password",
            "random_password.password"
          ]
        }
      ]
    },
    {
      "module": "module.server",
      "mode": "managed",
      "type": "aws_iam_policy",
      "name": "aws_iam_policy_bedrock",
      "provider": "provider[\"registry.terraform.io/hashicorp/aws\"]",
      "instances": [
        {
          "schema_version": 0,
          "attributes": {
            "arn": "arn:aws:iam::767397974420:policy/avm-prod-bedrock-policy",
            "description": "Access control for Bedrock resources",
            "id": "arn:aws:iam::767397974420:policy/avm-prod-bedrock-policy",
            "name": "avm-prod-bedrock-policy",
            "name_prefix": "",
            "path": "/",
            "policy": "{\"Statement\":[{\"Action\":[\"bedrock:*\"],\"Effect\":\"Allow\",\"Resource\":[\"*\"]}],\"Version\":\"2012-10-17\"}",
            "policy_id": "ANPA3FLD32GKL7XAJN3FN",
            "tags": {},
            "tags_all": {}
          },
          "sensitive_attributes": [],
          "private": "bnVsbA==",
          "dependencies": [
            "module.ecs.module.cluster.aws_cloudwatch_log_group.this",
            "module.ecs.module.cluster.aws_ecs_capacity_provider.this",
            "module.ecs.module.cluster.aws_ecs_cluster.this",
            "module.ecs.module.cluster.aws_ecs_cluster_capacity_providers.this",
            "module.ecs.module.cluster.aws_iam_policy.task_exec",
            "module.ecs.module.cluster.aws_iam_role.task_exec",
            "module.ecs.module.cluster.aws_iam_role_policy_attachment.task_exec",
            "module.ecs.module.cluster.aws_iam_role_policy_attachment.task_exec_additional",
            "module.ecs.module.cluster.data.aws_iam_policy_document.task_exec",
            "module.ecs.module.cluster.data.aws_iam_policy_document.task_exec_assume",
            "module.ecs.module.service.aws_appautoscaling_policy.this",
            "module.ecs.module.service.aws_appautoscaling_scheduled_action.this",
            "module.ecs.module.service.aws_appautoscaling_target.this",
            "module.ecs.module.service.aws_ecs_service.ignore_task_definition",
            "module.ecs.module.service.aws_ecs_service.this",
            "module.ecs.module.service.aws_ecs_task_definition.this",
            "module.ecs.module.service.aws_ecs_task_set.ignore_task_definition",
            "module.ecs.module.service.aws_ecs_task_set.this",
            "module.ecs.module.service.aws_iam_policy.service",
            "module.ecs.module.service.aws_iam_policy.task_exec",
            "module.ecs.module.service.aws_iam_role.service",
            "module.ecs.module.service.aws_iam_role.task_exec",
            "module.ecs.module.service.aws_iam_role.tasks",
            "module.ecs.module.service.aws_iam_role_policy.tasks",
            "module.ecs.module.service.aws_iam_role_policy_attachment.service",
            "module.ecs.module.service.aws_iam_role_policy_attachment.task_exec",
            "module.ecs.module.service.aws_iam_role_policy_attachment.task_exec_additional",
            "module.ecs.module.service.aws_iam_role_policy_attachment.tasks",
            "module.ecs.module.service.aws_security_group.this",
            "module.ecs.module.service.aws_security_group_rule.this",
            "module.ecs.module.service.data.aws_caller_identity.current",
            "module.ecs.module.service.data.aws_ecs_task_definition.this",
            "module.ecs.module.service.data.aws_iam_policy_document.service",
            "module.ecs.module.service.data.aws_iam_policy_document.service_assume",
            "module.ecs.module.service.data.aws_iam_policy_document.task_exec",
            "module.ecs.module.service.data.aws_iam_policy_document.task_exec_assume",
            "module.ecs.module.service.data.aws_iam_policy_document.tasks",
            "module.ecs.module.service.data.aws_iam_policy_document.tasks_assume",
            "module.ecs.module.service.data.aws_partition.current",
            "module.ecs.module.service.data.aws_region.current",
            "module.ecs.module.service.data.aws_subnet.this",
            "module.ecs.module.service.module.container_definition.aws_cloudwatch_log_group.this",
            "module.ecs.module.service.module.container_definition.data.aws_region.current"
          ]
        }
      ]
    },
    {
      "module": "module.server",
      "mode": "managed",
      "type": "aws_iam_policy",
      "name": "aws_iam_policy_s3",
      "provider": "provider[\"registry.terraform.io/hashicorp/aws\"]",
      "instances": [
        {
          "schema_version": 0,
          "attributes": {
            "arn": "arn:aws:iam::767397974420:policy/avm-prod-s3-policy",
            "description": "Access control for S3 resources",
            "id": "arn:aws:iam::767397974420:policy/avm-prod-s3-policy",
            "name": "avm-prod-s3-policy",
            "name_prefix": "",
            "path": "/",
            "policy": "{\"Statement\":[{\"Action\":[\"s3:*\"],\"Effect\":\"Allow\",\"Resource\":[\"arn:aws:s3:::avm-avm-genaipilot-prod-*\",\"arn:aws:s3:::avm-avm-genaipilot-prod-*/*\"]}],\"Version\":\"2012-10-17\"}",
            "policy_id": "ANPA3FLD32GKACSFEBXJ3",
            "tags": {},
            "tags_all": {}
          },
          "sensitive_attributes": [],
          "private": "bnVsbA==",
          "dependencies": [
            "module.ecs.module.cluster.aws_cloudwatch_log_group.this",
            "module.ecs.module.cluster.aws_ecs_capacity_provider.this",
            "module.ecs.module.cluster.aws_ecs_cluster.this",
            "module.ecs.module.cluster.aws_ecs_cluster_capacity_providers.this",
            "module.ecs.module.cluster.aws_iam_policy.task_exec",
            "module.ecs.module.cluster.aws_iam_role.task_exec",
            "module.ecs.module.cluster.aws_iam_role_policy_attachment.task_exec",
            "module.ecs.module.cluster.aws_iam_role_policy_attachment.task_exec_additional",
            "module.ecs.module.cluster.data.aws_iam_policy_document.task_exec",
            "module.ecs.module.cluster.data.aws_iam_policy_document.task_exec_assume",
            "module.ecs.module.service.aws_appautoscaling_policy.this",
            "module.ecs.module.service.aws_appautoscaling_scheduled_action.this",
            "module.ecs.module.service.aws_appautoscaling_target.this",
            "module.ecs.module.service.aws_ecs_service.ignore_task_definition",
            "module.ecs.module.service.aws_ecs_service.this",
            "module.ecs.module.service.aws_ecs_task_definition.this",
            "module.ecs.module.service.aws_ecs_task_set.ignore_task_definition",
            "module.ecs.module.service.aws_ecs_task_set.this",
            "module.ecs.module.service.aws_iam_policy.service",
            "module.ecs.module.service.aws_iam_policy.task_exec",
            "module.ecs.module.service.aws_iam_role.service",
            "module.ecs.module.service.aws_iam_role.task_exec",
            "module.ecs.module.service.aws_iam_role.tasks",
            "module.ecs.module.service.aws_iam_role_policy.tasks",
            "module.ecs.module.service.aws_iam_role_policy_attachment.service",
            "module.ecs.module.service.aws_iam_role_policy_attachment.task_exec",
            "module.ecs.module.service.aws_iam_role_policy_attachment.task_exec_additional",
            "module.ecs.module.service.aws_iam_role_policy_attachment.tasks",
            "module.ecs.module.service.aws_security_group.this",
            "module.ecs.module.service.aws_security_group_rule.this",
            "module.ecs.module.service.data.aws_caller_identity.current",
            "module.ecs.module.service.data.aws_ecs_task_definition.this",
            "module.ecs.module.service.data.aws_iam_policy_document.service",
            "module.ecs.module.service.data.aws_iam_policy_document.service_assume",
            "module.ecs.module.service.data.aws_iam_policy_document.task_exec",
            "module.ecs.module.service.data.aws_iam_policy_document.task_exec_assume",
            "module.ecs.module.service.data.aws_iam_policy_document.tasks",
            "module.ecs.module.service.data.aws_iam_policy_document.tasks_assume",
            "module.ecs.module.service.data.aws_partition.current",
            "module.ecs.module.service.data.aws_region.current",
            "module.ecs.module.service.data.aws_subnet.this",
            "module.ecs.module.service.module.container_definition.aws_cloudwatch_log_group.this",
            "module.ecs.module.service.module.container_definition.data.aws_region.current"
          ]
        }
      ]
    },
    {
      "module": "module.server",
      "mode": "managed",
      "type": "aws_iam_policy",
      "name": "aws_iam_policy_sagemaker",
      "provider": "provider[\"registry.terraform.io/hashicorp/aws\"]",
      "instances": [
        {
          "schema_version": 0,
          "attributes": {
            "arn": "arn:aws:iam::767397974420:policy/avm-prod-sagemaker-policy",
            "description": "Access control for Sagemaker resources",
            "id": "arn:aws:iam::767397974420:policy/avm-prod-sagemaker-policy",
            "name": "avm-prod-sagemaker-policy",
            "name_prefix": "",
            "path": "/",
            "policy": "{\"Statement\":[{\"Action\":[\"sagemaker:*\"],\"Effect\":\"Allow\",\"Resource\":[\"*\"]}],\"Version\":\"2012-10-17\"}",
            "policy_id": "ANPA3FLD32GKONUBWPXUL",
            "tags": {},
            "tags_all": {}
          },
          "sensitive_attributes": [],
          "private": "bnVsbA==",
          "dependencies": [
            "module.ecs.module.cluster.aws_cloudwatch_log_group.this",
            "module.ecs.module.cluster.aws_ecs_capacity_provider.this",
            "module.ecs.module.cluster.aws_ecs_cluster.this",
            "module.ecs.module.cluster.aws_ecs_cluster_capacity_providers.this",
            "module.ecs.module.cluster.aws_iam_policy.task_exec",
            "module.ecs.module.cluster.aws_iam_role.task_exec",
            "module.ecs.module.cluster.aws_iam_role_policy_attachment.task_exec",
            "module.ecs.module.cluster.aws_iam_role_policy_attachment.task_exec_additional",
            "module.ecs.module.cluster.data.aws_iam_policy_document.task_exec",
            "module.ecs.module.cluster.data.aws_iam_policy_document.task_exec_assume",
            "module.ecs.module.service.aws_appautoscaling_policy.this",
            "module.ecs.module.service.aws_appautoscaling_scheduled_action.this",
            "module.ecs.module.service.aws_appautoscaling_target.this",
            "module.ecs.module.service.aws_ecs_service.ignore_task_definition",
            "module.ecs.module.service.aws_ecs_service.this",
            "module.ecs.module.service.aws_ecs_task_definition.this",
            "module.ecs.module.service.aws_ecs_task_set.ignore_task_definition",
            "module.ecs.module.service.aws_ecs_task_set.this",
            "module.ecs.module.service.aws_iam_policy.service",
            "module.ecs.module.service.aws_iam_policy.task_exec",
            "module.ecs.module.service.aws_iam_role.service",
            "module.ecs.module.service.aws_iam_role.task_exec",
            "module.ecs.module.service.aws_iam_role.tasks",
            "module.ecs.module.service.aws_iam_role_policy.tasks",
            "module.ecs.module.service.aws_iam_role_policy_attachment.service",
            "module.ecs.module.service.aws_iam_role_policy_attachment.task_exec",
            "module.ecs.module.service.aws_iam_role_policy_attachment.task_exec_additional",
            "module.ecs.module.service.aws_iam_role_policy_attachment.tasks",
            "module.ecs.module.service.aws_security_group.this",
            "module.ecs.module.service.aws_security_group_rule.this",
            "module.ecs.module.service.data.aws_caller_identity.current",
            "module.ecs.module.service.data.aws_ecs_task_definition.this",
            "module.ecs.module.service.data.aws_iam_policy_document.service",
            "module.ecs.module.service.data.aws_iam_policy_document.service_assume",
            "module.ecs.module.service.data.aws_iam_policy_document.task_exec",
            "module.ecs.module.service.data.aws_iam_policy_document.task_exec_assume",
            "module.ecs.module.service.data.aws_iam_policy_document.tasks",
            "module.ecs.module.service.data.aws_iam_policy_document.tasks_assume",
            "module.ecs.module.service.data.aws_partition.current",
            "module.ecs.module.service.data.aws_region.current",
            "module.ecs.module.service.data.aws_subnet.this",
            "module.ecs.module.service.module.container_definition.aws_cloudwatch_log_group.this",
            "module.ecs.module.service.module.container_definition.data.aws_region.current"
          ]
        }
      ]
    },
    {
      "module": "module.server",
      "mode": "managed",
      "type": "aws_iam_policy",
      "name": "aws_iam_policy_secrets_manager",
      "provider": "provider[\"registry.terraform.io/hashicorp/aws\"]",
      "instances": [
        {
          "schema_version": 0,
          "attributes": {
            "arn": "arn:aws:iam::767397974420:policy/avm-prod-server-secrets-manager-policy",
            "description": "Access control for Secrets Manager",
            "id": "arn:aws:iam::767397974420:policy/avm-prod-server-secrets-manager-policy",
            "name": "avm-prod-server-secrets-manager-policy",
            "name_prefix": "",
            "path": "/",
            "policy": "{\"Statement\":[{\"Action\":[\"secretsmanager:GetResourcePolicy\",\"secretsmanager:GetSecretValue\",\"secretsmanager:DescribeSecret\",\"secretsmanager:ListSecretVersionIds\"],\"Effect\":\"Allow\",\"Resource\":[\"arn:aws:secretsmanager:me-central-1:767397974420:secret:avm-prod-server-kdgFJ7\"]}],\"Version\":\"2012-10-17\"}",
            "policy_id": "ANPA3FLD32GKHNUZ55CDN",
            "tags": {},
            "tags_all": {}
          },
          "sensitive_attributes": [],
          "private": "bnVsbA==",
          "dependencies": [
            "module.ecs.module.cluster.aws_cloudwatch_log_group.this",
            "module.ecs.module.cluster.aws_ecs_capacity_provider.this",
            "module.ecs.module.cluster.aws_ecs_cluster.this",
            "module.ecs.module.cluster.aws_ecs_cluster_capacity_providers.this",
            "module.ecs.module.cluster.aws_iam_policy.task_exec",
            "module.ecs.module.cluster.aws_iam_role.task_exec",
            "module.ecs.module.cluster.aws_iam_role_policy_attachment.task_exec",
            "module.ecs.module.cluster.aws_iam_role_policy_attachment.task_exec_additional",
            "module.ecs.module.cluster.data.aws_iam_policy_document.task_exec",
            "module.ecs.module.cluster.data.aws_iam_policy_document.task_exec_assume",
            "module.ecs.module.service.aws_appautoscaling_policy.this",
            "module.ecs.module.service.aws_appautoscaling_scheduled_action.this",
            "module.ecs.module.service.aws_appautoscaling_target.this",
            "module.ecs.module.service.aws_ecs_service.ignore_task_definition",
            "module.ecs.module.service.aws_ecs_service.this",
            "module.ecs.module.service.aws_ecs_task_definition.this",
            "module.ecs.module.service.aws_ecs_task_set.ignore_task_definition",
            "module.ecs.module.service.aws_ecs_task_set.this",
            "module.ecs.module.service.aws_iam_policy.service",
            "module.ecs.module.service.aws_iam_policy.task_exec",
            "module.ecs.module.service.aws_iam_role.service",
            "module.ecs.module.service.aws_iam_role.task_exec",
            "module.ecs.module.service.aws_iam_role.tasks",
            "module.ecs.module.service.aws_iam_role_policy.tasks",
            "module.ecs.module.service.aws_iam_role_policy_attachment.service",
            "module.ecs.module.service.aws_iam_role_policy_attachment.task_exec",
            "module.ecs.module.service.aws_iam_role_policy_attachment.task_exec_additional",
            "module.ecs.module.service.aws_iam_role_policy_attachment.tasks",
            "module.ecs.module.service.aws_security_group.this",
            "module.ecs.module.service.aws_security_group_rule.this",
            "module.ecs.module.service.data.aws_caller_identity.current",
            "module.ecs.module.service.data.aws_ecs_task_definition.this",
            "module.ecs.module.service.data.aws_iam_policy_document.service",
            "module.ecs.module.service.data.aws_iam_policy_document.service_assume",
            "module.ecs.module.service.data.aws_iam_policy_document.task_exec",
            "module.ecs.module.service.data.aws_iam_policy_document.task_exec_assume",
            "module.ecs.module.service.data.aws_iam_policy_document.tasks",
            "module.ecs.module.service.data.aws_iam_policy_document.tasks_assume",
            "module.ecs.module.service.data.aws_partition.current",
            "module.ecs.module.service.data.aws_region.current",
            "module.ecs.module.service.data.aws_subnet.this",
            "module.ecs.module.service.module.container_definition.aws_cloudwatch_log_group.this",
            "module.ecs.module.service.module.container_definition.data.aws_region.current",
            "module.server.aws_secretsmanager_secret.this"
          ]
        }
      ]
    },
    {
      "module": "module.server",
      "mode": "managed",
      "type": "aws_iam_role",
      "name": "ecs_task_execution_role",
      "provider": "provider[\"registry.terraform.io/hashicorp/aws\"]",
      "instances": [
        {
          "schema_version": 0,
          "attributes": {
            "arn": "arn:aws:iam::767397974420:role/avm-prod-server-ecsTaskExecutionRole",
            "assume_role_policy": "{\"Statement\":[{\"Action\":\"sts:AssumeRole\",\"Effect\":\"Allow\",\"Principal\":{\"Service\":\"ecs-tasks.amazonaws.com\"}}],\"Version\":\"2012-10-17\"}",
            "create_date": "2024-03-05T11:39:41Z",
            "description": "",
            "force_detach_policies": false,
            "id": "avm-prod-server-ecsTaskExecutionRole",
            "inline_policy": [],
            "managed_policy_arns": [
              "arn:aws:iam::767397974420:policy/avm-prod-bedrock-policy",
              "arn:aws:iam::767397974420:policy/avm-prod-s3-policy",
              "arn:aws:iam::767397974420:policy/avm-prod-sagemaker-policy",
              "arn:aws:iam::767397974420:policy/avm-prod-server-secrets-manager-policy",
              "arn:aws:iam::aws:policy/ComprehendFullAccess",
              "arn:aws:iam::aws:policy/ComprehendMedicalFullAccess",
              "arn:aws:iam::aws:policy/service-role/AmazonECSTaskExecutionRolePolicy"
            ],
            "max_session_duration": 3600,
            "name": "avm-prod-server-ecsTaskExecutionRole",
            "name_prefix": "",
            "path": "/",
            "permissions_boundary": "",
            "tags": {},
            "tags_all": {},
            "unique_id": "AROA3FLD32GKJ4P4RKG45"
          },
          "sensitive_attributes": [],
          "private": "bnVsbA==",
          "dependencies": [
            "module.ecs.module.cluster.aws_cloudwatch_log_group.this",
            "module.ecs.module.cluster.aws_ecs_capacity_provider.this",
            "module.ecs.module.cluster.aws_ecs_cluster.this",
            "module.ecs.module.cluster.aws_ecs_cluster_capacity_providers.this",
            "module.ecs.module.cluster.aws_iam_policy.task_exec",
            "module.ecs.module.cluster.aws_iam_role.task_exec",
            "module.ecs.module.cluster.aws_iam_role_policy_attachment.task_exec",
            "module.ecs.module.cluster.aws_iam_role_policy_attachment.task_exec_additional",
            "module.ecs.module.cluster.data.aws_iam_policy_document.task_exec",
            "module.ecs.module.cluster.data.aws_iam_policy_document.task_exec_assume",
            "module.ecs.module.service.aws_appautoscaling_policy.this",
            "module.ecs.module.service.aws_appautoscaling_scheduled_action.this",
            "module.ecs.module.service.aws_appautoscaling_target.this",
            "module.ecs.module.service.aws_ecs_service.ignore_task_definition",
            "module.ecs.module.service.aws_ecs_service.this",
            "module.ecs.module.service.aws_ecs_task_definition.this",
            "module.ecs.module.service.aws_ecs_task_set.ignore_task_definition",
            "module.ecs.module.service.aws_ecs_task_set.this",
            "module.ecs.module.service.aws_iam_policy.service",
            "module.ecs.module.service.aws_iam_policy.task_exec",
            "module.ecs.module.service.aws_iam_role.service",
            "module.ecs.module.service.aws_iam_role.task_exec",
            "module.ecs.module.service.aws_iam_role.tasks",
            "module.ecs.module.service.aws_iam_role_policy.tasks",
            "module.ecs.module.service.aws_iam_role_policy_attachment.service",
            "module.ecs.module.service.aws_iam_role_policy_attachment.task_exec",
            "module.ecs.module.service.aws_iam_role_policy_attachment.task_exec_additional",
            "module.ecs.module.service.aws_iam_role_policy_attachment.tasks",
            "module.ecs.module.service.aws_security_group.this",
            "module.ecs.module.service.aws_security_group_rule.this",
            "module.ecs.module.service.data.aws_caller_identity.current",
            "module.ecs.module.service.data.aws_ecs_task_definition.this",
            "module.ecs.module.service.data.aws_iam_policy_document.service",
            "module.ecs.module.service.data.aws_iam_policy_document.service_assume",
            "module.ecs.module.service.data.aws_iam_policy_document.task_exec",
            "module.ecs.module.service.data.aws_iam_policy_document.task_exec_assume",
            "module.ecs.module.service.data.aws_iam_policy_document.tasks",
            "module.ecs.module.service.data.aws_iam_policy_document.tasks_assume",
            "module.ecs.module.service.data.aws_partition.current",
            "module.ecs.module.service.data.aws_region.current",
            "module.ecs.module.service.data.aws_subnet.this",
            "module.ecs.module.service.module.container_definition.aws_cloudwatch_log_group.this",
            "module.ecs.module.service.module.container_definition.data.aws_region.current"
          ]
        }
      ]
    },
    {
      "module": "module.server",
      "mode": "managed",
      "type": "aws_iam_role",
      "name": "ecs_task_role",
      "provider": "provider[\"registry.terraform.io/hashicorp/aws\"]",
      "instances": [
        {
          "schema_version": 0,
          "attributes": {
            "arn": "arn:aws:iam::767397974420:role/avm-prod-server-ecsTaskRole",
            "assume_role_policy": "{\"Statement\":[{\"Action\":\"sts:AssumeRole\",\"Effect\":\"Allow\",\"Principal\":{\"Service\":\"ecs-tasks.amazonaws.com\"}}],\"Version\":\"2012-10-17\"}",
            "create_date": "2024-03-05T11:39:41Z",
            "description": "",
            "force_detach_policies": false,
            "id": "avm-prod-server-ecsTaskRole",
            "inline_policy": [],
            "managed_policy_arns": [
              "arn:aws:iam::767397974420:policy/avm-prod-bedrock-policy",
              "arn:aws:iam::767397974420:policy/avm-prod-s3-policy",
              "arn:aws:iam::767397974420:policy/avm-prod-sagemaker-policy",
              "arn:aws:iam::767397974420:policy/avm-prod-server-secrets-manager-policy",
              "arn:aws:iam::aws:policy/ComprehendFullAccess",
              "arn:aws:iam::aws:policy/ComprehendMedicalFullAccess",
              "arn:aws:iam::aws:policy/service-role/AmazonECSTaskExecutionRolePolicy"
            ],
            "max_session_duration": 3600,
            "name": "avm-prod-server-ecsTaskRole",
            "name_prefix": "",
            "path": "/",
            "permissions_boundary": "",
            "tags": {},
            "tags_all": {},
            "unique_id": "AROA3FLD32GKDCXYVGBG7"
          },
          "sensitive_attributes": [],
          "private": "bnVsbA==",
          "dependencies": [
            "module.ecs.module.cluster.aws_cloudwatch_log_group.this",
            "module.ecs.module.cluster.aws_ecs_capacity_provider.this",
            "module.ecs.module.cluster.aws_ecs_cluster.this",
            "module.ecs.module.cluster.aws_ecs_cluster_capacity_providers.this",
            "module.ecs.module.cluster.aws_iam_policy.task_exec",
            "module.ecs.module.cluster.aws_iam_role.task_exec",
            "module.ecs.module.cluster.aws_iam_role_policy_attachment.task_exec",
            "module.ecs.module.cluster.aws_iam_role_policy_attachment.task_exec_additional",
            "module.ecs.module.cluster.data.aws_iam_policy_document.task_exec",
            "module.ecs.module.cluster.data.aws_iam_policy_document.task_exec_assume",
            "module.ecs.module.service.aws_appautoscaling_policy.this",
            "module.ecs.module.service.aws_appautoscaling_scheduled_action.this",
            "module.ecs.module.service.aws_appautoscaling_target.this",
            "module.ecs.module.service.aws_ecs_service.ignore_task_definition",
            "module.ecs.module.service.aws_ecs_service.this",
            "module.ecs.module.service.aws_ecs_task_definition.this",
            "module.ecs.module.service.aws_ecs_task_set.ignore_task_definition",
            "module.ecs.module.service.aws_ecs_task_set.this",
            "module.ecs.module.service.aws_iam_policy.service",
            "module.ecs.module.service.aws_iam_policy.task_exec",
            "module.ecs.module.service.aws_iam_role.service",
            "module.ecs.module.service.aws_iam_role.task_exec",
            "module.ecs.module.service.aws_iam_role.tasks",
            "module.ecs.module.service.aws_iam_role_policy.tasks",
            "module.ecs.module.service.aws_iam_role_policy_attachment.service",
            "module.ecs.module.service.aws_iam_role_policy_attachment.task_exec",
            "module.ecs.module.service.aws_iam_role_policy_attachment.task_exec_additional",
            "module.ecs.module.service.aws_iam_role_policy_attachment.tasks",
            "module.ecs.module.service.aws_security_group.this",
            "module.ecs.module.service.aws_security_group_rule.this",
            "module.ecs.module.service.data.aws_caller_identity.current",
            "module.ecs.module.service.data.aws_ecs_task_definition.this",
            "module.ecs.module.service.data.aws_iam_policy_document.service",
            "module.ecs.module.service.data.aws_iam_policy_document.service_assume",
            "module.ecs.module.service.data.aws_iam_policy_document.task_exec",
            "module.ecs.module.service.data.aws_iam_policy_document.task_exec_assume",
            "module.ecs.module.service.data.aws_iam_policy_document.tasks",
            "module.ecs.module.service.data.aws_iam_policy_document.tasks_assume",
            "module.ecs.module.service.data.aws_partition.current",
            "module.ecs.module.service.data.aws_region.current",
            "module.ecs.module.service.data.aws_subnet.this",
            "module.ecs.module.service.module.container_definition.aws_cloudwatch_log_group.this",
            "module.ecs.module.service.module.container_definition.data.aws_region.current"
          ]
        }
      ]
    },
    {
      "module": "module.server",
      "mode": "managed",
      "type": "aws_iam_role_policy_attachment",
      "name": "bedrock_ecs_task_execution_policy_attachment",
      "provider": "provider[\"registry.terraform.io/hashicorp/aws\"]",
      "instances": [
        {
          "schema_version": 0,
          "attributes": {
            "id": "avm-prod-server-ecsTaskExecutionRole-2024030511394366140000000c",
            "policy_arn": "arn:aws:iam::767397974420:policy/avm-prod-bedrock-policy",
            "role": "avm-prod-server-ecsTaskExecutionRole"
          },
          "sensitive_attributes": [],
          "private": "bnVsbA==",
          "dependencies": [
            "module.ecs.module.cluster.aws_cloudwatch_log_group.this",
            "module.ecs.module.cluster.aws_ecs_capacity_provider.this",
            "module.ecs.module.cluster.aws_ecs_cluster.this",
            "module.ecs.module.cluster.aws_ecs_cluster_capacity_providers.this",
            "module.ecs.module.cluster.aws_iam_policy.task_exec",
            "module.ecs.module.cluster.aws_iam_role.task_exec",
            "module.ecs.module.cluster.aws_iam_role_policy_attachment.task_exec",
            "module.ecs.module.cluster.aws_iam_role_policy_attachment.task_exec_additional",
            "module.ecs.module.cluster.data.aws_iam_policy_document.task_exec",
            "module.ecs.module.cluster.data.aws_iam_policy_document.task_exec_assume",
            "module.ecs.module.service.aws_appautoscaling_policy.this",
            "module.ecs.module.service.aws_appautoscaling_scheduled_action.this",
            "module.ecs.module.service.aws_appautoscaling_target.this",
            "module.ecs.module.service.aws_ecs_service.ignore_task_definition",
            "module.ecs.module.service.aws_ecs_service.this",
            "module.ecs.module.service.aws_ecs_task_definition.this",
            "module.ecs.module.service.aws_ecs_task_set.ignore_task_definition",
            "module.ecs.module.service.aws_ecs_task_set.this",
            "module.ecs.module.service.aws_iam_policy.service",
            "module.ecs.module.service.aws_iam_policy.task_exec",
            "module.ecs.module.service.aws_iam_role.service",
            "module.ecs.module.service.aws_iam_role.task_exec",
            "module.ecs.module.service.aws_iam_role.tasks",
            "module.ecs.module.service.aws_iam_role_policy.tasks",
            "module.ecs.module.service.aws_iam_role_policy_attachment.service",
            "module.ecs.module.service.aws_iam_role_policy_attachment.task_exec",
            "module.ecs.module.service.aws_iam_role_policy_attachment.task_exec_additional",
            "module.ecs.module.service.aws_iam_role_policy_attachment.tasks",
            "module.ecs.module.service.aws_security_group.this",
            "module.ecs.module.service.aws_security_group_rule.this",
            "module.ecs.module.service.data.aws_caller_identity.current",
            "module.ecs.module.service.data.aws_ecs_task_definition.this",
            "module.ecs.module.service.data.aws_iam_policy_document.service",
            "module.ecs.module.service.data.aws_iam_policy_document.service_assume",
            "module.ecs.module.service.data.aws_iam_policy_document.task_exec",
            "module.ecs.module.service.data.aws_iam_policy_document.task_exec_assume",
            "module.ecs.module.service.data.aws_iam_policy_document.tasks",
            "module.ecs.module.service.data.aws_iam_policy_document.tasks_assume",
            "module.ecs.module.service.data.aws_partition.current",
            "module.ecs.module.service.data.aws_region.current",
            "module.ecs.module.service.data.aws_subnet.this",
            "module.ecs.module.service.module.container_definition.aws_cloudwatch_log_group.this",
            "module.ecs.module.service.module.container_definition.data.aws_region.current",
            "module.server.aws_iam_policy.aws_iam_policy_bedrock",
            "module.server.aws_iam_role.ecs_task_execution_role"
          ]
        }
      ]
    },
    {
      "module": "module.server",
      "mode": "managed",
      "type": "aws_iam_role_policy_attachment",
      "name": "bedrock_ecs_task_role_policy_attachment",
      "provider": "provider[\"registry.terraform.io/hashicorp/aws\"]",
      "instances": [
        {
          "schema_version": 0,
          "attributes": {
            "id": "avm-prod-server-ecsTaskRole-20240305113945418200000013",
            "policy_arn": "arn:aws:iam::767397974420:policy/avm-prod-bedrock-policy",
            "role": "avm-prod-server-ecsTaskRole"
          },
          "sensitive_attributes": [],
          "private": "bnVsbA==",
          "dependencies": [
            "module.ecs.module.cluster.aws_cloudwatch_log_group.this",
            "module.ecs.module.cluster.aws_ecs_capacity_provider.this",
            "module.ecs.module.cluster.aws_ecs_cluster.this",
            "module.ecs.module.cluster.aws_ecs_cluster_capacity_providers.this",
            "module.ecs.module.cluster.aws_iam_policy.task_exec",
            "module.ecs.module.cluster.aws_iam_role.task_exec",
            "module.ecs.module.cluster.aws_iam_role_policy_attachment.task_exec",
            "module.ecs.module.cluster.aws_iam_role_policy_attachment.task_exec_additional",
            "module.ecs.module.cluster.data.aws_iam_policy_document.task_exec",
            "module.ecs.module.cluster.data.aws_iam_policy_document.task_exec_assume",
            "module.ecs.module.service.aws_appautoscaling_policy.this",
            "module.ecs.module.service.aws_appautoscaling_scheduled_action.this",
            "module.ecs.module.service.aws_appautoscaling_target.this",
            "module.ecs.module.service.aws_ecs_service.ignore_task_definition",
            "module.ecs.module.service.aws_ecs_service.this",
            "module.ecs.module.service.aws_ecs_task_definition.this",
            "module.ecs.module.service.aws_ecs_task_set.ignore_task_definition",
            "module.ecs.module.service.aws_ecs_task_set.this",
            "module.ecs.module.service.aws_iam_policy.service",
            "module.ecs.module.service.aws_iam_policy.task_exec",
            "module.ecs.module.service.aws_iam_role.service",
            "module.ecs.module.service.aws_iam_role.task_exec",
            "module.ecs.module.service.aws_iam_role.tasks",
            "module.ecs.module.service.aws_iam_role_policy.tasks",
            "module.ecs.module.service.aws_iam_role_policy_attachment.service",
            "module.ecs.module.service.aws_iam_role_policy_attachment.task_exec",
            "module.ecs.module.service.aws_iam_role_policy_attachment.task_exec_additional",
            "module.ecs.module.service.aws_iam_role_policy_attachment.tasks",
            "module.ecs.module.service.aws_security_group.this",
            "module.ecs.module.service.aws_security_group_rule.this",
            "module.ecs.module.service.data.aws_caller_identity.current",
            "module.ecs.module.service.data.aws_ecs_task_definition.this",
            "module.ecs.module.service.data.aws_iam_policy_document.service",
            "module.ecs.module.service.data.aws_iam_policy_document.service_assume",
            "module.ecs.module.service.data.aws_iam_policy_document.task_exec",
            "module.ecs.module.service.data.aws_iam_policy_document.task_exec_assume",
            "module.ecs.module.service.data.aws_iam_policy_document.tasks",
            "module.ecs.module.service.data.aws_iam_policy_document.tasks_assume",
            "module.ecs.module.service.data.aws_partition.current",
            "module.ecs.module.service.data.aws_region.current",
            "module.ecs.module.service.data.aws_subnet.this",
            "module.ecs.module.service.module.container_definition.aws_cloudwatch_log_group.this",
            "module.ecs.module.service.module.container_definition.data.aws_region.current",
            "module.server.aws_iam_policy.aws_iam_policy_bedrock",
            "module.server.aws_iam_role.ecs_task_role"
          ]
        }
      ]
    },
    {
      "module": "module.server",
      "mode": "managed",
      "type": "aws_iam_role_policy_attachment",
      "name": "comprehend_ecs_task_execution_policy_attachment",
      "provider": "provider[\"registry.terraform.io/hashicorp/aws\"]",
      "instances": [
        {
          "schema_version": 0,
          "attributes": {
            "id": "avm-prod-server-ecsTaskExecutionRole-2024030511394475750000000f",
            "policy_arn": "arn:aws:iam::aws:policy/ComprehendFullAccess",
            "role": "avm-prod-server-ecsTaskExecutionRole"
          },
          "sensitive_attributes": [],
          "private": "bnVsbA==",
          "dependencies": [
            "module.ecs.module.cluster.aws_cloudwatch_log_group.this",
            "module.ecs.module.cluster.aws_ecs_capacity_provider.this",
            "module.ecs.module.cluster.aws_ecs_cluster.this",
            "module.ecs.module.cluster.aws_ecs_cluster_capacity_providers.this",
            "module.ecs.module.cluster.aws_iam_policy.task_exec",
            "module.ecs.module.cluster.aws_iam_role.task_exec",
            "module.ecs.module.cluster.aws_iam_role_policy_attachment.task_exec",
            "module.ecs.module.cluster.aws_iam_role_policy_attachment.task_exec_additional",
            "module.ecs.module.cluster.data.aws_iam_policy_document.task_exec",
            "module.ecs.module.cluster.data.aws_iam_policy_document.task_exec_assume",
            "module.ecs.module.service.aws_appautoscaling_policy.this",
            "module.ecs.module.service.aws_appautoscaling_scheduled_action.this",
            "module.ecs.module.service.aws_appautoscaling_target.this",
            "module.ecs.module.service.aws_ecs_service.ignore_task_definition",
            "module.ecs.module.service.aws_ecs_service.this",
            "module.ecs.module.service.aws_ecs_task_definition.this",
            "module.ecs.module.service.aws_ecs_task_set.ignore_task_definition",
            "module.ecs.module.service.aws_ecs_task_set.this",
            "module.ecs.module.service.aws_iam_policy.service",
            "module.ecs.module.service.aws_iam_policy.task_exec",
            "module.ecs.module.service.aws_iam_role.service",
            "module.ecs.module.service.aws_iam_role.task_exec",
            "module.ecs.module.service.aws_iam_role.tasks",
            "module.ecs.module.service.aws_iam_role_policy.tasks",
            "module.ecs.module.service.aws_iam_role_policy_attachment.service",
            "module.ecs.module.service.aws_iam_role_policy_attachment.task_exec",
            "module.ecs.module.service.aws_iam_role_policy_attachment.task_exec_additional",
            "module.ecs.module.service.aws_iam_role_policy_attachment.tasks",
            "module.ecs.module.service.aws_security_group.this",
            "module.ecs.module.service.aws_security_group_rule.this",
            "module.ecs.module.service.data.aws_caller_identity.current",
            "module.ecs.module.service.data.aws_ecs_task_definition.this",
            "module.ecs.module.service.data.aws_iam_policy_document.service",
            "module.ecs.module.service.data.aws_iam_policy_document.service_assume",
            "module.ecs.module.service.data.aws_iam_policy_document.task_exec",
            "module.ecs.module.service.data.aws_iam_policy_document.task_exec_assume",
            "module.ecs.module.service.data.aws_iam_policy_document.tasks",
            "module.ecs.module.service.data.aws_iam_policy_document.tasks_assume",
            "module.ecs.module.service.data.aws_partition.current",
            "module.ecs.module.service.data.aws_region.current",
            "module.ecs.module.service.data.aws_subnet.this",
            "module.ecs.module.service.module.container_definition.aws_cloudwatch_log_group.this",
            "module.ecs.module.service.module.container_definition.data.aws_region.current",
            "module.server.aws_iam_role.ecs_task_execution_role"
          ]
        }
      ]
    },
    {
      "module": "module.server",
      "mode": "managed",
      "type": "aws_iam_role_policy_attachment",
      "name": "comprehend_ecs_task_policy_attachment",
      "provider": "provider[\"registry.terraform.io/hashicorp/aws\"]",
      "instances": [
        {
          "schema_version": 0,
          "attributes": {
            "id": "avm-prod-server-ecsTaskRole-20240305113945797500000015",
            "policy_arn": "arn:aws:iam::aws:policy/ComprehendFullAccess",
            "role": "avm-prod-server-ecsTaskRole"
          },
          "sensitive_attributes": [],
          "private": "bnVsbA==",
          "dependencies": [
            "module.ecs.module.cluster.aws_cloudwatch_log_group.this",
            "module.ecs.module.cluster.aws_ecs_capacity_provider.this",
            "module.ecs.module.cluster.aws_ecs_cluster.this",
            "module.ecs.module.cluster.aws_ecs_cluster_capacity_providers.this",
            "module.ecs.module.cluster.aws_iam_policy.task_exec",
            "module.ecs.module.cluster.aws_iam_role.task_exec",
            "module.ecs.module.cluster.aws_iam_role_policy_attachment.task_exec",
            "module.ecs.module.cluster.aws_iam_role_policy_attachment.task_exec_additional",
            "module.ecs.module.cluster.data.aws_iam_policy_document.task_exec",
            "module.ecs.module.cluster.data.aws_iam_policy_document.task_exec_assume",
            "module.ecs.module.service.aws_appautoscaling_policy.this",
            "module.ecs.module.service.aws_appautoscaling_scheduled_action.this",
            "module.ecs.module.service.aws_appautoscaling_target.this",
            "module.ecs.module.service.aws_ecs_service.ignore_task_definition",
            "module.ecs.module.service.aws_ecs_service.this",
            "module.ecs.module.service.aws_ecs_task_definition.this",
            "module.ecs.module.service.aws_ecs_task_set.ignore_task_definition",
            "module.ecs.module.service.aws_ecs_task_set.this",
            "module.ecs.module.service.aws_iam_policy.service",
            "module.ecs.module.service.aws_iam_policy.task_exec",
            "module.ecs.module.service.aws_iam_role.service",
            "module.ecs.module.service.aws_iam_role.task_exec",
            "module.ecs.module.service.aws_iam_role.tasks",
            "module.ecs.module.service.aws_iam_role_policy.tasks",
            "module.ecs.module.service.aws_iam_role_policy_attachment.service",
            "module.ecs.module.service.aws_iam_role_policy_attachment.task_exec",
            "module.ecs.module.service.aws_iam_role_policy_attachment.task_exec_additional",
            "module.ecs.module.service.aws_iam_role_policy_attachment.tasks",
            "module.ecs.module.service.aws_security_group.this",
            "module.ecs.module.service.aws_security_group_rule.this",
            "module.ecs.module.service.data.aws_caller_identity.current",
            "module.ecs.module.service.data.aws_ecs_task_definition.this",
            "module.ecs.module.service.data.aws_iam_policy_document.service",
            "module.ecs.module.service.data.aws_iam_policy_document.service_assume",
            "module.ecs.module.service.data.aws_iam_policy_document.task_exec",
            "module.ecs.module.service.data.aws_iam_policy_document.task_exec_assume",
            "module.ecs.module.service.data.aws_iam_policy_document.tasks",
            "module.ecs.module.service.data.aws_iam_policy_document.tasks_assume",
            "module.ecs.module.service.data.aws_partition.current",
            "module.ecs.module.service.data.aws_region.current",
            "module.ecs.module.service.data.aws_subnet.this",
            "module.ecs.module.service.module.container_definition.aws_cloudwatch_log_group.this",
            "module.ecs.module.service.module.container_definition.data.aws_region.current",
            "module.server.aws_iam_role.ecs_task_role"
          ]
        }
      ]
    },
    {
      "module": "module.server",
      "mode": "managed",
      "type": "aws_iam_role_policy_attachment",
      "name": "comprehend_medical_ecs_task_execution_policy_attachment",
      "provider": "provider[\"registry.terraform.io/hashicorp/aws\"]",
      "instances": [
        {
          "schema_version": 0,
          "attributes": {
            "id": "avm-prod-server-ecsTaskExecutionRole-2024030511394428630000000e",
            "policy_arn": "arn:aws:iam::aws:policy/ComprehendMedicalFullAccess",
            "role": "avm-prod-server-ecsTaskExecutionRole"
          },
          "sensitive_attributes": [],
          "private": "bnVsbA==",
          "dependencies": [
            "module.ecs.module.cluster.aws_cloudwatch_log_group.this",
            "module.ecs.module.cluster.aws_ecs_capacity_provider.this",
            "module.ecs.module.cluster.aws_ecs_cluster.this",
            "module.ecs.module.cluster.aws_ecs_cluster_capacity_providers.this",
            "module.ecs.module.cluster.aws_iam_policy.task_exec",
            "module.ecs.module.cluster.aws_iam_role.task_exec",
            "module.ecs.module.cluster.aws_iam_role_policy_attachment.task_exec",
            "module.ecs.module.cluster.aws_iam_role_policy_attachment.task_exec_additional",
            "module.ecs.module.cluster.data.aws_iam_policy_document.task_exec",
            "module.ecs.module.cluster.data.aws_iam_policy_document.task_exec_assume",
            "module.ecs.module.service.aws_appautoscaling_policy.this",
            "module.ecs.module.service.aws_appautoscaling_scheduled_action.this",
            "module.ecs.module.service.aws_appautoscaling_target.this",
            "module.ecs.module.service.aws_ecs_service.ignore_task_definition",
            "module.ecs.module.service.aws_ecs_service.this",
            "module.ecs.module.service.aws_ecs_task_definition.this",
            "module.ecs.module.service.aws_ecs_task_set.ignore_task_definition",
            "module.ecs.module.service.aws_ecs_task_set.this",
            "module.ecs.module.service.aws_iam_policy.service",
            "module.ecs.module.service.aws_iam_policy.task_exec",
            "module.ecs.module.service.aws_iam_role.service",
            "module.ecs.module.service.aws_iam_role.task_exec",
            "module.ecs.module.service.aws_iam_role.tasks",
            "module.ecs.module.service.aws_iam_role_policy.tasks",
            "module.ecs.module.service.aws_iam_role_policy_attachment.service",
            "module.ecs.module.service.aws_iam_role_policy_attachment.task_exec",
            "module.ecs.module.service.aws_iam_role_policy_attachment.task_exec_additional",
            "module.ecs.module.service.aws_iam_role_policy_attachment.tasks",
            "module.ecs.module.service.aws_security_group.this",
            "module.ecs.module.service.aws_security_group_rule.this",
            "module.ecs.module.service.data.aws_caller_identity.current",
            "module.ecs.module.service.data.aws_ecs_task_definition.this",
            "module.ecs.module.service.data.aws_iam_policy_document.service",
            "module.ecs.module.service.data.aws_iam_policy_document.service_assume",
            "module.ecs.module.service.data.aws_iam_policy_document.task_exec",
            "module.ecs.module.service.data.aws_iam_policy_document.task_exec_assume",
            "module.ecs.module.service.data.aws_iam_policy_document.tasks",
            "module.ecs.module.service.data.aws_iam_policy_document.tasks_assume",
            "module.ecs.module.service.data.aws_partition.current",
            "module.ecs.module.service.data.aws_region.current",
            "module.ecs.module.service.data.aws_subnet.this",
            "module.ecs.module.service.module.container_definition.aws_cloudwatch_log_group.this",
            "module.ecs.module.service.module.container_definition.data.aws_region.current",
            "module.server.aws_iam_role.ecs_task_execution_role"
          ]
        }
      ]
    },
    {
      "module": "module.server",
      "mode": "managed",
      "type": "aws_iam_role_policy_attachment",
      "name": "comprehend_medical_ecs_task_policy_attachment",
      "provider": "provider[\"registry.terraform.io/hashicorp/aws\"]",
      "instances": [
        {
          "schema_version": 0,
          "attributes": {
            "id": "avm-prod-server-ecsTaskRole-20240305113945105200000011",
            "policy_arn": "arn:aws:iam::aws:policy/ComprehendMedicalFullAccess",
            "role": "avm-prod-server-ecsTaskRole"
          },
          "sensitive_attributes": [],
          "private": "bnVsbA==",
          "dependencies": [
            "module.ecs.module.cluster.aws_cloudwatch_log_group.this",
            "module.ecs.module.cluster.aws_ecs_capacity_provider.this",
            "module.ecs.module.cluster.aws_ecs_cluster.this",
            "module.ecs.module.cluster.aws_ecs_cluster_capacity_providers.this",
            "module.ecs.module.cluster.aws_iam_policy.task_exec",
            "module.ecs.module.cluster.aws_iam_role.task_exec",
            "module.ecs.module.cluster.aws_iam_role_policy_attachment.task_exec",
            "module.ecs.module.cluster.aws_iam_role_policy_attachment.task_exec_additional",
            "module.ecs.module.cluster.data.aws_iam_policy_document.task_exec",
            "module.ecs.module.cluster.data.aws_iam_policy_document.task_exec_assume",
            "module.ecs.module.service.aws_appautoscaling_policy.this",
            "module.ecs.module.service.aws_appautoscaling_scheduled_action.this",
            "module.ecs.module.service.aws_appautoscaling_target.this",
            "module.ecs.module.service.aws_ecs_service.ignore_task_definition",
            "module.ecs.module.service.aws_ecs_service.this",
            "module.ecs.module.service.aws_ecs_task_definition.this",
            "module.ecs.module.service.aws_ecs_task_set.ignore_task_definition",
            "module.ecs.module.service.aws_ecs_task_set.this",
            "module.ecs.module.service.aws_iam_policy.service",
            "module.ecs.module.service.aws_iam_policy.task_exec",
            "module.ecs.module.service.aws_iam_role.service",
            "module.ecs.module.service.aws_iam_role.task_exec",
            "module.ecs.module.service.aws_iam_role.tasks",
            "module.ecs.module.service.aws_iam_role_policy.tasks",
            "module.ecs.module.service.aws_iam_role_policy_attachment.service",
            "module.ecs.module.service.aws_iam_role_policy_attachment.task_exec",
            "module.ecs.module.service.aws_iam_role_policy_attachment.task_exec_additional",
            "module.ecs.module.service.aws_iam_role_policy_attachment.tasks",
            "module.ecs.module.service.aws_security_group.this",
            "module.ecs.module.service.aws_security_group_rule.this",
            "module.ecs.module.service.data.aws_caller_identity.current",
            "module.ecs.module.service.data.aws_ecs_task_definition.this",
            "module.ecs.module.service.data.aws_iam_policy_document.service",
            "module.ecs.module.service.data.aws_iam_policy_document.service_assume",
            "module.ecs.module.service.data.aws_iam_policy_document.task_exec",
            "module.ecs.module.service.data.aws_iam_policy_document.task_exec_assume",
            "module.ecs.module.service.data.aws_iam_policy_document.tasks",
            "module.ecs.module.service.data.aws_iam_policy_document.tasks_assume",
            "module.ecs.module.service.data.aws_partition.current",
            "module.ecs.module.service.data.aws_region.current",
            "module.ecs.module.service.data.aws_subnet.this",
            "module.ecs.module.service.module.container_definition.aws_cloudwatch_log_group.this",
            "module.ecs.module.service.module.container_definition.data.aws_region.current",
            "module.server.aws_iam_role.ecs_task_role"
          ]
        }
      ]
    },
    {
      "module": "module.server",
      "mode": "managed",
      "type": "aws_iam_role_policy_attachment",
      "name": "ecs_task_execution_role_policy_attachment",
      "provider": "provider[\"registry.terraform.io/hashicorp/aws\"]",
      "instances": [
        {
          "schema_version": 0,
          "attributes": {
            "id": "avm-prod-server-ecsTaskExecutionRole-2024030511394388830000000d",
            "policy_arn": "arn:aws:iam::aws:policy/service-role/AmazonECSTaskExecutionRolePolicy",
            "role": "avm-prod-server-ecsTaskExecutionRole"
          },
          "sensitive_attributes": [],
          "private": "bnVsbA==",
          "dependencies": [
            "module.ecs.module.cluster.aws_cloudwatch_log_group.this",
            "module.ecs.module.cluster.aws_ecs_capacity_provider.this",
            "module.ecs.module.cluster.aws_ecs_cluster.this",
            "module.ecs.module.cluster.aws_ecs_cluster_capacity_providers.this",
            "module.ecs.module.cluster.aws_iam_policy.task_exec",
            "module.ecs.module.cluster.aws_iam_role.task_exec",
            "module.ecs.module.cluster.aws_iam_role_policy_attachment.task_exec",
            "module.ecs.module.cluster.aws_iam_role_policy_attachment.task_exec_additional",
            "module.ecs.module.cluster.data.aws_iam_policy_document.task_exec",
            "module.ecs.module.cluster.data.aws_iam_policy_document.task_exec_assume",
            "module.ecs.module.service.aws_appautoscaling_policy.this",
            "module.ecs.module.service.aws_appautoscaling_scheduled_action.this",
            "module.ecs.module.service.aws_appautoscaling_target.this",
            "module.ecs.module.service.aws_ecs_service.ignore_task_definition",
            "module.ecs.module.service.aws_ecs_service.this",
            "module.ecs.module.service.aws_ecs_task_definition.this",
            "module.ecs.module.service.aws_ecs_task_set.ignore_task_definition",
            "module.ecs.module.service.aws_ecs_task_set.this",
            "module.ecs.module.service.aws_iam_policy.service",
            "module.ecs.module.service.aws_iam_policy.task_exec",
            "module.ecs.module.service.aws_iam_role.service",
            "module.ecs.module.service.aws_iam_role.task_exec",
            "module.ecs.module.service.aws_iam_role.tasks",
            "module.ecs.module.service.aws_iam_role_policy.tasks",
            "module.ecs.module.service.aws_iam_role_policy_attachment.service",
            "module.ecs.module.service.aws_iam_role_policy_attachment.task_exec",
            "module.ecs.module.service.aws_iam_role_policy_attachment.task_exec_additional",
            "module.ecs.module.service.aws_iam_role_policy_attachment.tasks",
            "module.ecs.module.service.aws_security_group.this",
            "module.ecs.module.service.aws_security_group_rule.this",
            "module.ecs.module.service.data.aws_caller_identity.current",
            "module.ecs.module.service.data.aws_ecs_task_definition.this",
            "module.ecs.module.service.data.aws_iam_policy_document.service",
            "module.ecs.module.service.data.aws_iam_policy_document.service_assume",
            "module.ecs.module.service.data.aws_iam_policy_document.task_exec",
            "module.ecs.module.service.data.aws_iam_policy_document.task_exec_assume",
            "module.ecs.module.service.data.aws_iam_policy_document.tasks",
            "module.ecs.module.service.data.aws_iam_policy_document.tasks_assume",
            "module.ecs.module.service.data.aws_partition.current",
            "module.ecs.module.service.data.aws_region.current",
            "module.ecs.module.service.data.aws_subnet.this",
            "module.ecs.module.service.module.container_definition.aws_cloudwatch_log_group.this",
            "module.ecs.module.service.module.container_definition.data.aws_region.current",
            "module.server.aws_iam_role.ecs_task_execution_role"
          ]
        }
      ]
    },
    {
      "module": "module.server",
      "mode": "managed",
      "type": "aws_iam_role_policy_attachment",
      "name": "ecs_task_role_policy_attachment",
      "provider": "provider[\"registry.terraform.io/hashicorp/aws\"]",
      "instances": [
        {
          "schema_version": 0,
          "attributes": {
            "id": "avm-prod-server-ecsTaskRole-20240305113945373400000012",
            "policy_arn": "arn:aws:iam::aws:policy/service-role/AmazonECSTaskExecutionRolePolicy",
            "role": "avm-prod-server-ecsTaskRole"
          },
          "sensitive_attributes": [],
          "private": "bnVsbA==",
          "dependencies": [
            "module.ecs.module.cluster.aws_cloudwatch_log_group.this",
            "module.ecs.module.cluster.aws_ecs_capacity_provider.this",
            "module.ecs.module.cluster.aws_ecs_cluster.this",
            "module.ecs.module.cluster.aws_ecs_cluster_capacity_providers.this",
            "module.ecs.module.cluster.aws_iam_policy.task_exec",
            "module.ecs.module.cluster.aws_iam_role.task_exec",
            "module.ecs.module.cluster.aws_iam_role_policy_attachment.task_exec",
            "module.ecs.module.cluster.aws_iam_role_policy_attachment.task_exec_additional",
            "module.ecs.module.cluster.data.aws_iam_policy_document.task_exec",
            "module.ecs.module.cluster.data.aws_iam_policy_document.task_exec_assume",
            "module.ecs.module.service.aws_appautoscaling_policy.this",
            "module.ecs.module.service.aws_appautoscaling_scheduled_action.this",
            "module.ecs.module.service.aws_appautoscaling_target.this",
            "module.ecs.module.service.aws_ecs_service.ignore_task_definition",
            "module.ecs.module.service.aws_ecs_service.this",
            "module.ecs.module.service.aws_ecs_task_definition.this",
            "module.ecs.module.service.aws_ecs_task_set.ignore_task_definition",
            "module.ecs.module.service.aws_ecs_task_set.this",
            "module.ecs.module.service.aws_iam_policy.service",
            "module.ecs.module.service.aws_iam_policy.task_exec",
            "module.ecs.module.service.aws_iam_role.service",
            "module.ecs.module.service.aws_iam_role.task_exec",
            "module.ecs.module.service.aws_iam_role.tasks",
            "module.ecs.module.service.aws_iam_role_policy.tasks",
            "module.ecs.module.service.aws_iam_role_policy_attachment.service",
            "module.ecs.module.service.aws_iam_role_policy_attachment.task_exec",
            "module.ecs.module.service.aws_iam_role_policy_attachment.task_exec_additional",
            "module.ecs.module.service.aws_iam_role_policy_attachment.tasks",
            "module.ecs.module.service.aws_security_group.this",
            "module.ecs.module.service.aws_security_group_rule.this",
            "module.ecs.module.service.data.aws_caller_identity.current",
            "module.ecs.module.service.data.aws_ecs_task_definition.this",
            "module.ecs.module.service.data.aws_iam_policy_document.service",
            "module.ecs.module.service.data.aws_iam_policy_document.service_assume",
            "module.ecs.module.service.data.aws_iam_policy_document.task_exec",
            "module.ecs.module.service.data.aws_iam_policy_document.task_exec_assume",
            "module.ecs.module.service.data.aws_iam_policy_document.tasks",
            "module.ecs.module.service.data.aws_iam_policy_document.tasks_assume",
            "module.ecs.module.service.data.aws_partition.current",
            "module.ecs.module.service.data.aws_region.current",
            "module.ecs.module.service.data.aws_subnet.this",
            "module.ecs.module.service.module.container_definition.aws_cloudwatch_log_group.this",
            "module.ecs.module.service.module.container_definition.data.aws_region.current",
            "module.server.aws_iam_role.ecs_task_role"
          ]
        }
      ]
    },
    {
      "module": "module.server",
      "mode": "managed",
      "type": "aws_iam_role_policy_attachment",
      "name": "s3_ecs_task_execution_policy_attachment",
      "provider": "provider[\"registry.terraform.io/hashicorp/aws\"]",
      "instances": [
        {
          "schema_version": 0,
          "attributes": {
            "id": "avm-prod-server-ecsTaskExecutionRole-20240305113944768300000010",
            "policy_arn": "arn:aws:iam::767397974420:policy/avm-prod-s3-policy",
            "role": "avm-prod-server-ecsTaskExecutionRole"
          },
          "sensitive_attributes": [],
          "private": "bnVsbA==",
          "dependencies": [
            "module.ecs.module.cluster.aws_cloudwatch_log_group.this",
            "module.ecs.module.cluster.aws_ecs_capacity_provider.this",
            "module.ecs.module.cluster.aws_ecs_cluster.this",
            "module.ecs.module.cluster.aws_ecs_cluster_capacity_providers.this",
            "module.ecs.module.cluster.aws_iam_policy.task_exec",
            "module.ecs.module.cluster.aws_iam_role.task_exec",
            "module.ecs.module.cluster.aws_iam_role_policy_attachment.task_exec",
            "module.ecs.module.cluster.aws_iam_role_policy_attachment.task_exec_additional",
            "module.ecs.module.cluster.data.aws_iam_policy_document.task_exec",
            "module.ecs.module.cluster.data.aws_iam_policy_document.task_exec_assume",
            "module.ecs.module.service.aws_appautoscaling_policy.this",
            "module.ecs.module.service.aws_appautoscaling_scheduled_action.this",
            "module.ecs.module.service.aws_appautoscaling_target.this",
            "module.ecs.module.service.aws_ecs_service.ignore_task_definition",
            "module.ecs.module.service.aws_ecs_service.this",
            "module.ecs.module.service.aws_ecs_task_definition.this",
            "module.ecs.module.service.aws_ecs_task_set.ignore_task_definition",
            "module.ecs.module.service.aws_ecs_task_set.this",
            "module.ecs.module.service.aws_iam_policy.service",
            "module.ecs.module.service.aws_iam_policy.task_exec",
            "module.ecs.module.service.aws_iam_role.service",
            "module.ecs.module.service.aws_iam_role.task_exec",
            "module.ecs.module.service.aws_iam_role.tasks",
            "module.ecs.module.service.aws_iam_role_policy.tasks",
            "module.ecs.module.service.aws_iam_role_policy_attachment.service",
            "module.ecs.module.service.aws_iam_role_policy_attachment.task_exec",
            "module.ecs.module.service.aws_iam_role_policy_attachment.task_exec_additional",
            "module.ecs.module.service.aws_iam_role_policy_attachment.tasks",
            "module.ecs.module.service.aws_security_group.this",
            "module.ecs.module.service.aws_security_group_rule.this",
            "module.ecs.module.service.data.aws_caller_identity.current",
            "module.ecs.module.service.data.aws_ecs_task_definition.this",
            "module.ecs.module.service.data.aws_iam_policy_document.service",
            "module.ecs.module.service.data.aws_iam_policy_document.service_assume",
            "module.ecs.module.service.data.aws_iam_policy_document.task_exec",
            "module.ecs.module.service.data.aws_iam_policy_document.task_exec_assume",
            "module.ecs.module.service.data.aws_iam_policy_document.tasks",
            "module.ecs.module.service.data.aws_iam_policy_document.tasks_assume",
            "module.ecs.module.service.data.aws_partition.current",
            "module.ecs.module.service.data.aws_region.current",
            "module.ecs.module.service.data.aws_subnet.this",
            "module.ecs.module.service.module.container_definition.aws_cloudwatch_log_group.this",
            "module.ecs.module.service.module.container_definition.data.aws_region.current",
            "module.server.aws_iam_policy.aws_iam_policy_s3",
            "module.server.aws_iam_role.ecs_task_execution_role"
          ]
        }
      ]
    },
    {
      "module": "module.server",
      "mode": "managed",
      "type": "aws_iam_role_policy_attachment",
      "name": "s3_ecs_task_role_policy_attachment",
      "provider": "provider[\"registry.terraform.io/hashicorp/aws\"]",
      "instances": [
        {
          "schema_version": 0,
          "attributes": {
            "id": "avm-prod-server-ecsTaskRole-20240305113945430000000014",
            "policy_arn": "arn:aws:iam::767397974420:policy/avm-prod-s3-policy",
            "role": "avm-prod-server-ecsTaskRole"
          },
          "sensitive_attributes": [],
          "private": "bnVsbA==",
          "dependencies": [
            "module.ecs.module.cluster.aws_cloudwatch_log_group.this",
            "module.ecs.module.cluster.aws_ecs_capacity_provider.this",
            "module.ecs.module.cluster.aws_ecs_cluster.this",
            "module.ecs.module.cluster.aws_ecs_cluster_capacity_providers.this",
            "module.ecs.module.cluster.aws_iam_policy.task_exec",
            "module.ecs.module.cluster.aws_iam_role.task_exec",
            "module.ecs.module.cluster.aws_iam_role_policy_attachment.task_exec",
            "module.ecs.module.cluster.aws_iam_role_policy_attachment.task_exec_additional",
            "module.ecs.module.cluster.data.aws_iam_policy_document.task_exec",
            "module.ecs.module.cluster.data.aws_iam_policy_document.task_exec_assume",
            "module.ecs.module.service.aws_appautoscaling_policy.this",
            "module.ecs.module.service.aws_appautoscaling_scheduled_action.this",
            "module.ecs.module.service.aws_appautoscaling_target.this",
            "module.ecs.module.service.aws_ecs_service.ignore_task_definition",
            "module.ecs.module.service.aws_ecs_service.this",
            "module.ecs.module.service.aws_ecs_task_definition.this",
            "module.ecs.module.service.aws_ecs_task_set.ignore_task_definition",
            "module.ecs.module.service.aws_ecs_task_set.this",
            "module.ecs.module.service.aws_iam_policy.service",
            "module.ecs.module.service.aws_iam_policy.task_exec",
            "module.ecs.module.service.aws_iam_role.service",
            "module.ecs.module.service.aws_iam_role.task_exec",
            "module.ecs.module.service.aws_iam_role.tasks",
            "module.ecs.module.service.aws_iam_role_policy.tasks",
            "module.ecs.module.service.aws_iam_role_policy_attachment.service",
            "module.ecs.module.service.aws_iam_role_policy_attachment.task_exec",
            "module.ecs.module.service.aws_iam_role_policy_attachment.task_exec_additional",
            "module.ecs.module.service.aws_iam_role_policy_attachment.tasks",
            "module.ecs.module.service.aws_security_group.this",
            "module.ecs.module.service.aws_security_group_rule.this",
            "module.ecs.module.service.data.aws_caller_identity.current",
            "module.ecs.module.service.data.aws_ecs_task_definition.this",
            "module.ecs.module.service.data.aws_iam_policy_document.service",
            "module.ecs.module.service.data.aws_iam_policy_document.service_assume",
            "module.ecs.module.service.data.aws_iam_policy_document.task_exec",
            "module.ecs.module.service.data.aws_iam_policy_document.task_exec_assume",
            "module.ecs.module.service.data.aws_iam_policy_document.tasks",
            "module.ecs.module.service.data.aws_iam_policy_document.tasks_assume",
            "module.ecs.module.service.data.aws_partition.current",
            "module.ecs.module.service.data.aws_region.current",
            "module.ecs.module.service.data.aws_subnet.this",
            "module.ecs.module.service.module.container_definition.aws_cloudwatch_log_group.this",
            "module.ecs.module.service.module.container_definition.data.aws_region.current",
            "module.server.aws_iam_policy.aws_iam_policy_s3",
            "module.server.aws_iam_role.ecs_task_role"
          ]
        }
      ]
    },
    {
      "module": "module.server",
      "mode": "managed",
      "type": "aws_iam_role_policy_attachment",
      "name": "sagemaker_ecs_task_execution_policy_attachment",
      "provider": "provider[\"registry.terraform.io/hashicorp/aws\"]",
      "instances": [
        {
          "schema_version": 0,
          "attributes": {
            "id": "avm-prod-server-ecsTaskExecutionRole-2024030511394322670000000b",
            "policy_arn": "arn:aws:iam::767397974420:policy/avm-prod-sagemaker-policy",
            "role": "avm-prod-server-ecsTaskExecutionRole"
          },
          "sensitive_attributes": [],
          "private": "bnVsbA==",
          "dependencies": [
            "module.ecs.module.cluster.aws_cloudwatch_log_group.this",
            "module.ecs.module.cluster.aws_ecs_capacity_provider.this",
            "module.ecs.module.cluster.aws_ecs_cluster.this",
            "module.ecs.module.cluster.aws_ecs_cluster_capacity_providers.this",
            "module.ecs.module.cluster.aws_iam_policy.task_exec",
            "module.ecs.module.cluster.aws_iam_role.task_exec",
            "module.ecs.module.cluster.aws_iam_role_policy_attachment.task_exec",
            "module.ecs.module.cluster.aws_iam_role_policy_attachment.task_exec_additional",
            "module.ecs.module.cluster.data.aws_iam_policy_document.task_exec",
            "module.ecs.module.cluster.data.aws_iam_policy_document.task_exec_assume",
            "module.ecs.module.service.aws_appautoscaling_policy.this",
            "module.ecs.module.service.aws_appautoscaling_scheduled_action.this",
            "module.ecs.module.service.aws_appautoscaling_target.this",
            "module.ecs.module.service.aws_ecs_service.ignore_task_definition",
            "module.ecs.module.service.aws_ecs_service.this",
            "module.ecs.module.service.aws_ecs_task_definition.this",
            "module.ecs.module.service.aws_ecs_task_set.ignore_task_definition",
            "module.ecs.module.service.aws_ecs_task_set.this",
            "module.ecs.module.service.aws_iam_policy.service",
            "module.ecs.module.service.aws_iam_policy.task_exec",
            "module.ecs.module.service.aws_iam_role.service",
            "module.ecs.module.service.aws_iam_role.task_exec",
            "module.ecs.module.service.aws_iam_role.tasks",
            "module.ecs.module.service.aws_iam_role_policy.tasks",
            "module.ecs.module.service.aws_iam_role_policy_attachment.service",
            "module.ecs.module.service.aws_iam_role_policy_attachment.task_exec",
            "module.ecs.module.service.aws_iam_role_policy_attachment.task_exec_additional",
            "module.ecs.module.service.aws_iam_role_policy_attachment.tasks",
            "module.ecs.module.service.aws_security_group.this",
            "module.ecs.module.service.aws_security_group_rule.this",
            "module.ecs.module.service.data.aws_caller_identity.current",
            "module.ecs.module.service.data.aws_ecs_task_definition.this",
            "module.ecs.module.service.data.aws_iam_policy_document.service",
            "module.ecs.module.service.data.aws_iam_policy_document.service_assume",
            "module.ecs.module.service.data.aws_iam_policy_document.task_exec",
            "module.ecs.module.service.data.aws_iam_policy_document.task_exec_assume",
            "module.ecs.module.service.data.aws_iam_policy_document.tasks",
            "module.ecs.module.service.data.aws_iam_policy_document.tasks_assume",
            "module.ecs.module.service.data.aws_partition.current",
            "module.ecs.module.service.data.aws_region.current",
            "module.ecs.module.service.data.aws_subnet.this",
            "module.ecs.module.service.module.container_definition.aws_cloudwatch_log_group.this",
            "module.ecs.module.service.module.container_definition.data.aws_region.current",
            "module.server.aws_iam_policy.aws_iam_policy_sagemaker",
            "module.server.aws_iam_role.ecs_task_execution_role"
          ]
        }
      ]
    },
    {
      "module": "module.server",
      "mode": "managed",
      "type": "aws_iam_role_policy_attachment",
      "name": "sagemaker_ecs_task_role_policy_attachment",
      "provider": "provider[\"registry.terraform.io/hashicorp/aws\"]",
      "instances": [
        {
          "schema_version": 0,
          "attributes": {
            "id": "avm-prod-server-ecsTaskRole-20240305113946021200000016",
            "policy_arn": "arn:aws:iam::767397974420:policy/avm-prod-sagemaker-policy",
            "role": "avm-prod-server-ecsTaskRole"
          },
          "sensitive_attributes": [],
          "private": "bnVsbA==",
          "dependencies": [
            "module.ecs.module.cluster.aws_cloudwatch_log_group.this",
            "module.ecs.module.cluster.aws_ecs_capacity_provider.this",
            "module.ecs.module.cluster.aws_ecs_cluster.this",
            "module.ecs.module.cluster.aws_ecs_cluster_capacity_providers.this",
            "module.ecs.module.cluster.aws_iam_policy.task_exec",
            "module.ecs.module.cluster.aws_iam_role.task_exec",
            "module.ecs.module.cluster.aws_iam_role_policy_attachment.task_exec",
            "module.ecs.module.cluster.aws_iam_role_policy_attachment.task_exec_additional",
            "module.ecs.module.cluster.data.aws_iam_policy_document.task_exec",
            "module.ecs.module.cluster.data.aws_iam_policy_document.task_exec_assume",
            "module.ecs.module.service.aws_appautoscaling_policy.this",
            "module.ecs.module.service.aws_appautoscaling_scheduled_action.this",
            "module.ecs.module.service.aws_appautoscaling_target.this",
            "module.ecs.module.service.aws_ecs_service.ignore_task_definition",
            "module.ecs.module.service.aws_ecs_service.this",
            "module.ecs.module.service.aws_ecs_task_definition.this",
            "module.ecs.module.service.aws_ecs_task_set.ignore_task_definition",
            "module.ecs.module.service.aws_ecs_task_set.this",
            "module.ecs.module.service.aws_iam_policy.service",
            "module.ecs.module.service.aws_iam_policy.task_exec",
            "module.ecs.module.service.aws_iam_role.service",
            "module.ecs.module.service.aws_iam_role.task_exec",
            "module.ecs.module.service.aws_iam_role.tasks",
            "module.ecs.module.service.aws_iam_role_policy.tasks",
            "module.ecs.module.service.aws_iam_role_policy_attachment.service",
            "module.ecs.module.service.aws_iam_role_policy_attachment.task_exec",
            "module.ecs.module.service.aws_iam_role_policy_attachment.task_exec_additional",
            "module.ecs.module.service.aws_iam_role_policy_attachment.tasks",
            "module.ecs.module.service.aws_security_group.this",
            "module.ecs.module.service.aws_security_group_rule.this",
            "module.ecs.module.service.data.aws_caller_identity.current",
            "module.ecs.module.service.data.aws_ecs_task_definition.this",
            "module.ecs.module.service.data.aws_iam_policy_document.service",
            "module.ecs.module.service.data.aws_iam_policy_document.service_assume",
            "module.ecs.module.service.data.aws_iam_policy_document.task_exec",
            "module.ecs.module.service.data.aws_iam_policy_document.task_exec_assume",
            "module.ecs.module.service.data.aws_iam_policy_document.tasks",
            "module.ecs.module.service.data.aws_iam_policy_document.tasks_assume",
            "module.ecs.module.service.data.aws_partition.current",
            "module.ecs.module.service.data.aws_region.current",
            "module.ecs.module.service.data.aws_subnet.this",
            "module.ecs.module.service.module.container_definition.aws_cloudwatch_log_group.this",
            "module.ecs.module.service.module.container_definition.data.aws_region.current",
            "module.server.aws_iam_policy.aws_iam_policy_sagemaker",
            "module.server.aws_iam_role.ecs_task_role"
          ]
        }
      ]
    },
    {
      "module": "module.server",
      "mode": "managed",
      "type": "aws_iam_role_policy_attachment",
      "name": "secrets_manager_ecs_task_execution_policy_attachment",
      "provider": "provider[\"registry.terraform.io/hashicorp/aws\"]",
      "instances": [
        {
          "schema_version": 0,
          "attributes": {
            "id": "avm-prod-server-ecsTaskExecutionRole-20240305113946090000000017",
            "policy_arn": "arn:aws:iam::767397974420:policy/avm-prod-server-secrets-manager-policy",
            "role": "avm-prod-server-ecsTaskExecutionRole"
          },
          "sensitive_attributes": [],
          "private": "bnVsbA==",
          "dependencies": [
            "module.ecs.module.cluster.aws_cloudwatch_log_group.this",
            "module.ecs.module.cluster.aws_ecs_capacity_provider.this",
            "module.ecs.module.cluster.aws_ecs_cluster.this",
            "module.ecs.module.cluster.aws_ecs_cluster_capacity_providers.this",
            "module.ecs.module.cluster.aws_iam_policy.task_exec",
            "module.ecs.module.cluster.aws_iam_role.task_exec",
            "module.ecs.module.cluster.aws_iam_role_policy_attachment.task_exec",
            "module.ecs.module.cluster.aws_iam_role_policy_attachment.task_exec_additional",
            "module.ecs.module.cluster.data.aws_iam_policy_document.task_exec",
            "module.ecs.module.cluster.data.aws_iam_policy_document.task_exec_assume",
            "module.ecs.module.service.aws_appautoscaling_policy.this",
            "module.ecs.module.service.aws_appautoscaling_scheduled_action.this",
            "module.ecs.module.service.aws_appautoscaling_target.this",
            "module.ecs.module.service.aws_ecs_service.ignore_task_definition",
            "module.ecs.module.service.aws_ecs_service.this",
            "module.ecs.module.service.aws_ecs_task_definition.this",
            "module.ecs.module.service.aws_ecs_task_set.ignore_task_definition",
            "module.ecs.module.service.aws_ecs_task_set.this",
            "module.ecs.module.service.aws_iam_policy.service",
            "module.ecs.module.service.aws_iam_policy.task_exec",
            "module.ecs.module.service.aws_iam_role.service",
            "module.ecs.module.service.aws_iam_role.task_exec",
            "module.ecs.module.service.aws_iam_role.tasks",
            "module.ecs.module.service.aws_iam_role_policy.tasks",
            "module.ecs.module.service.aws_iam_role_policy_attachment.service",
            "module.ecs.module.service.aws_iam_role_policy_attachment.task_exec",
            "module.ecs.module.service.aws_iam_role_policy_attachment.task_exec_additional",
            "module.ecs.module.service.aws_iam_role_policy_attachment.tasks",
            "module.ecs.module.service.aws_security_group.this",
            "module.ecs.module.service.aws_security_group_rule.this",
            "module.ecs.module.service.data.aws_caller_identity.current",
            "module.ecs.module.service.data.aws_ecs_task_definition.this",
            "module.ecs.module.service.data.aws_iam_policy_document.service",
            "module.ecs.module.service.data.aws_iam_policy_document.service_assume",
            "module.ecs.module.service.data.aws_iam_policy_document.task_exec",
            "module.ecs.module.service.data.aws_iam_policy_document.task_exec_assume",
            "module.ecs.module.service.data.aws_iam_policy_document.tasks",
            "module.ecs.module.service.data.aws_iam_policy_document.tasks_assume",
            "module.ecs.module.service.data.aws_partition.current",
            "module.ecs.module.service.data.aws_region.current",
            "module.ecs.module.service.data.aws_subnet.this",
            "module.ecs.module.service.module.container_definition.aws_cloudwatch_log_group.this",
            "module.ecs.module.service.module.container_definition.data.aws_region.current",
            "module.server.aws_iam_policy.aws_iam_policy_secrets_manager",
            "module.server.aws_iam_role.ecs_task_execution_role",
            "module.server.aws_secretsmanager_secret.this"
          ]
        }
      ]
    },
    {
      "module": "module.server",
      "mode": "managed",
      "type": "aws_iam_role_policy_attachment",
      "name": "secrets_manager_ecs_task_policy_attachment",
      "provider": "provider[\"registry.terraform.io/hashicorp/aws\"]",
      "instances": [
        {
          "schema_version": 0,
          "attributes": {
            "id": "avm-prod-server-ecsTaskRole-20240305113946104500000018",
            "policy_arn": "arn:aws:iam::767397974420:policy/avm-prod-server-secrets-manager-policy",
            "role": "avm-prod-server-ecsTaskRole"
          },
          "sensitive_attributes": [],
          "private": "bnVsbA==",
          "dependencies": [
            "module.ecs.module.cluster.aws_cloudwatch_log_group.this",
            "module.ecs.module.cluster.aws_ecs_capacity_provider.this",
            "module.ecs.module.cluster.aws_ecs_cluster.this",
            "module.ecs.module.cluster.aws_ecs_cluster_capacity_providers.this",
            "module.ecs.module.cluster.aws_iam_policy.task_exec",
            "module.ecs.module.cluster.aws_iam_role.task_exec",
            "module.ecs.module.cluster.aws_iam_role_policy_attachment.task_exec",
            "module.ecs.module.cluster.aws_iam_role_policy_attachment.task_exec_additional",
            "module.ecs.module.cluster.data.aws_iam_policy_document.task_exec",
            "module.ecs.module.cluster.data.aws_iam_policy_document.task_exec_assume",
            "module.ecs.module.service.aws_appautoscaling_policy.this",
            "module.ecs.module.service.aws_appautoscaling_scheduled_action.this",
            "module.ecs.module.service.aws_appautoscaling_target.this",
            "module.ecs.module.service.aws_ecs_service.ignore_task_definition",
            "module.ecs.module.service.aws_ecs_service.this",
            "module.ecs.module.service.aws_ecs_task_definition.this",
            "module.ecs.module.service.aws_ecs_task_set.ignore_task_definition",
            "module.ecs.module.service.aws_ecs_task_set.this",
            "module.ecs.module.service.aws_iam_policy.service",
            "module.ecs.module.service.aws_iam_policy.task_exec",
            "module.ecs.module.service.aws_iam_role.service",
            "module.ecs.module.service.aws_iam_role.task_exec",
            "module.ecs.module.service.aws_iam_role.tasks",
            "module.ecs.module.service.aws_iam_role_policy.tasks",
            "module.ecs.module.service.aws_iam_role_policy_attachment.service",
            "module.ecs.module.service.aws_iam_role_policy_attachment.task_exec",
            "module.ecs.module.service.aws_iam_role_policy_attachment.task_exec_additional",
            "module.ecs.module.service.aws_iam_role_policy_attachment.tasks",
            "module.ecs.module.service.aws_security_group.this",
            "module.ecs.module.service.aws_security_group_rule.this",
            "module.ecs.module.service.data.aws_caller_identity.current",
            "module.ecs.module.service.data.aws_ecs_task_definition.this",
            "module.ecs.module.service.data.aws_iam_policy_document.service",
            "module.ecs.module.service.data.aws_iam_policy_document.service_assume",
            "module.ecs.module.service.data.aws_iam_policy_document.task_exec",
            "module.ecs.module.service.data.aws_iam_policy_document.task_exec_assume",
            "module.ecs.module.service.data.aws_iam_policy_document.tasks",
            "module.ecs.module.service.data.aws_iam_policy_document.tasks_assume",
            "module.ecs.module.service.data.aws_partition.current",
            "module.ecs.module.service.data.aws_region.current",
            "module.ecs.module.service.data.aws_subnet.this",
            "module.ecs.module.service.module.container_definition.aws_cloudwatch_log_group.this",
            "module.ecs.module.service.module.container_definition.data.aws_region.current",
            "module.server.aws_iam_policy.aws_iam_policy_secrets_manager",
            "module.server.aws_iam_role.ecs_task_role",
            "module.server.aws_secretsmanager_secret.this"
          ]
        }
      ]
    },
    {
      "module": "module.server",
      "mode": "managed",
      "type": "aws_kms_alias",
      "name": "kms_alias_server",
      "provider": "provider[\"registry.terraform.io/hashicorp/aws\"]",
      "instances": [
        {
          "schema_version": 0,
          "attributes": {
            "arn": "arn:aws:kms:me-central-1:767397974420:alias/avm-prod-server-kms-key",
            "id": "alias/avm-prod-server-kms-key",
            "name": "alias/avm-prod-server-kms-key",
            "name_prefix": "",
            "target_key_arn": "arn:aws:kms:me-central-1:767397974420:key/02489e2c-87dc-468b-90c4-689274cdb05c",
            "target_key_id": "02489e2c-87dc-468b-90c4-689274cdb05c"
          },
          "sensitive_attributes": [],
          "private": "bnVsbA==",
          "dependencies": [
            "module.ecs.module.cluster.aws_cloudwatch_log_group.this",
            "module.ecs.module.cluster.aws_ecs_capacity_provider.this",
            "module.ecs.module.cluster.aws_ecs_cluster.this",
            "module.ecs.module.cluster.aws_ecs_cluster_capacity_providers.this",
            "module.ecs.module.cluster.aws_iam_policy.task_exec",
            "module.ecs.module.cluster.aws_iam_role.task_exec",
            "module.ecs.module.cluster.aws_iam_role_policy_attachment.task_exec",
            "module.ecs.module.cluster.aws_iam_role_policy_attachment.task_exec_additional",
            "module.ecs.module.cluster.data.aws_iam_policy_document.task_exec",
            "module.ecs.module.cluster.data.aws_iam_policy_document.task_exec_assume",
            "module.ecs.module.service.aws_appautoscaling_policy.this",
            "module.ecs.module.service.aws_appautoscaling_scheduled_action.this",
            "module.ecs.module.service.aws_appautoscaling_target.this",
            "module.ecs.module.service.aws_ecs_service.ignore_task_definition",
            "module.ecs.module.service.aws_ecs_service.this",
            "module.ecs.module.service.aws_ecs_task_definition.this",
            "module.ecs.module.service.aws_ecs_task_set.ignore_task_definition",
            "module.ecs.module.service.aws_ecs_task_set.this",
            "module.ecs.module.service.aws_iam_policy.service",
            "module.ecs.module.service.aws_iam_policy.task_exec",
            "module.ecs.module.service.aws_iam_role.service",
            "module.ecs.module.service.aws_iam_role.task_exec",
            "module.ecs.module.service.aws_iam_role.tasks",
            "module.ecs.module.service.aws_iam_role_policy.tasks",
            "module.ecs.module.service.aws_iam_role_policy_attachment.service",
            "module.ecs.module.service.aws_iam_role_policy_attachment.task_exec",
            "module.ecs.module.service.aws_iam_role_policy_attachment.task_exec_additional",
            "module.ecs.module.service.aws_iam_role_policy_attachment.tasks",
            "module.ecs.module.service.aws_security_group.this",
            "module.ecs.module.service.aws_security_group_rule.this",
            "module.ecs.module.service.data.aws_caller_identity.current",
            "module.ecs.module.service.data.aws_ecs_task_definition.this",
            "module.ecs.module.service.data.aws_iam_policy_document.service",
            "module.ecs.module.service.data.aws_iam_policy_document.service_assume",
            "module.ecs.module.service.data.aws_iam_policy_document.task_exec",
            "module.ecs.module.service.data.aws_iam_policy_document.task_exec_assume",
            "module.ecs.module.service.data.aws_iam_policy_document.tasks",
            "module.ecs.module.service.data.aws_iam_policy_document.tasks_assume",
            "module.ecs.module.service.data.aws_partition.current",
            "module.ecs.module.service.data.aws_region.current",
            "module.ecs.module.service.data.aws_subnet.this",
            "module.ecs.module.service.module.container_definition.aws_cloudwatch_log_group.this",
            "module.ecs.module.service.module.container_definition.data.aws_region.current",
            "module.server.aws_kms_key.kms_key_server"
          ]
        }
      ]
    },
    {
      "module": "module.server",
      "mode": "managed",
      "type": "aws_kms_key",
      "name": "kms_key_server",
      "provider": "provider[\"registry.terraform.io/hashicorp/aws\"]",
      "instances": [
        {
          "schema_version": 0,
          "attributes": {
            "arn": "arn:aws:kms:me-central-1:767397974420:key/02489e2c-87dc-468b-90c4-689274cdb05c",
            "bypass_policy_lockout_safety_check": false,
            "custom_key_store_id": "",
            "customer_master_key_spec": "SYMMETRIC_DEFAULT",
            "deletion_window_in_days": null,
            "description": "KMS for server side encryption",
            "enable_key_rotation": false,
            "id": "02489e2c-87dc-468b-90c4-689274cdb05c",
            "is_enabled": true,
            "key_id": "02489e2c-87dc-468b-90c4-689274cdb05c",
            "key_usage": "ENCRYPT_DECRYPT",
            "multi_region": false,
            "policy": "{\"Id\":\"key-default-1\",\"Statement\":[{\"Action\":\"kms:*\",\"Effect\":\"Allow\",\"Principal\":{\"AWS\":\"arn:aws:iam::767397974420:root\"},\"Resource\":\"*\",\"Sid\":\"Enable IAM User Permissions\"}],\"Version\":\"2012-10-17\"}",
            "tags": {
              "Environment": "prod",
              "Name": "avm-prod-server"
            },
            "tags_all": {
              "Environment": "prod",
              "Name": "avm-prod-server"
            },
            "timeouts": null,
            "xks_key_id": ""
          },
          "sensitive_attributes": [],
          "private": "eyJlMmJmYjczMC1lY2FhLTExZTYtOGY4OC0zNDM2M2JjN2M0YzAiOnsiY3JlYXRlIjoxMjAwMDAwMDAwMDB9fQ==",
          "dependencies": [
            "module.ecs.module.cluster.aws_cloudwatch_log_group.this",
            "module.ecs.module.cluster.aws_ecs_capacity_provider.this",
            "module.ecs.module.cluster.aws_ecs_cluster.this",
            "module.ecs.module.cluster.aws_ecs_cluster_capacity_providers.this",
            "module.ecs.module.cluster.aws_iam_policy.task_exec",
            "module.ecs.module.cluster.aws_iam_role.task_exec",
            "module.ecs.module.cluster.aws_iam_role_policy_attachment.task_exec",
            "module.ecs.module.cluster.aws_iam_role_policy_attachment.task_exec_additional",
            "module.ecs.module.cluster.data.aws_iam_policy_document.task_exec",
            "module.ecs.module.cluster.data.aws_iam_policy_document.task_exec_assume",
            "module.ecs.module.service.aws_appautoscaling_policy.this",
            "module.ecs.module.service.aws_appautoscaling_scheduled_action.this",
            "module.ecs.module.service.aws_appautoscaling_target.this",
            "module.ecs.module.service.aws_ecs_service.ignore_task_definition",
            "module.ecs.module.service.aws_ecs_service.this",
            "module.ecs.module.service.aws_ecs_task_definition.this",
            "module.ecs.module.service.aws_ecs_task_set.ignore_task_definition",
            "module.ecs.module.service.aws_ecs_task_set.this",
            "module.ecs.module.service.aws_iam_policy.service",
            "module.ecs.module.service.aws_iam_policy.task_exec",
            "module.ecs.module.service.aws_iam_role.service",
            "module.ecs.module.service.aws_iam_role.task_exec",
            "module.ecs.module.service.aws_iam_role.tasks",
            "module.ecs.module.service.aws_iam_role_policy.tasks",
            "module.ecs.module.service.aws_iam_role_policy_attachment.service",
            "module.ecs.module.service.aws_iam_role_policy_attachment.task_exec",
            "module.ecs.module.service.aws_iam_role_policy_attachment.task_exec_additional",
            "module.ecs.module.service.aws_iam_role_policy_attachment.tasks",
            "module.ecs.module.service.aws_security_group.this",
            "module.ecs.module.service.aws_security_group_rule.this",
            "module.ecs.module.service.data.aws_caller_identity.current",
            "module.ecs.module.service.data.aws_ecs_task_definition.this",
            "module.ecs.module.service.data.aws_iam_policy_document.service",
            "module.ecs.module.service.data.aws_iam_policy_document.service_assume",
            "module.ecs.module.service.data.aws_iam_policy_document.task_exec",
            "module.ecs.module.service.data.aws_iam_policy_document.task_exec_assume",
            "module.ecs.module.service.data.aws_iam_policy_document.tasks",
            "module.ecs.module.service.data.aws_iam_policy_document.tasks_assume",
            "module.ecs.module.service.data.aws_partition.current",
            "module.ecs.module.service.data.aws_region.current",
            "module.ecs.module.service.data.aws_subnet.this",
            "module.ecs.module.service.module.container_definition.aws_cloudwatch_log_group.this",
            "module.ecs.module.service.module.container_definition.data.aws_region.current"
          ]
        }
      ]
    },
    {
      "module": "module.server",
      "mode": "managed",
      "type": "aws_s3_bucket",
      "name": "aws_s3_bucket_assets",
      "provider": "provider[\"registry.terraform.io/hashicorp/aws\"]",
      "instances": [
        {
          "schema_version": 0,
          "attributes": {
            "acceleration_status": "",
            "acl": null,
            "arn": "arn:aws:s3:::avm-avm-genaipilot-prod-767397974420-assets",
            "bucket": "avm-avm-genaipilot-prod-767397974420-assets",
            "bucket_domain_name": "avm-avm-genaipilot-prod-767397974420-assets.s3.amazonaws.com",
            "bucket_prefix": "",
            "bucket_regional_domain_name": "avm-avm-genaipilot-prod-767397974420-assets.s3.me-central-1.amazonaws.com",
            "cors_rule": [],
            "force_destroy": true,
            "grant": [
              {
                "id": "91b9fb9469d472d3853c3d78de6d937e0ab7a630ca96499ad0cf5ee015688acb",
                "permissions": [
                  "FULL_CONTROL"
                ],
                "type": "CanonicalUser",
                "uri": ""
              }
            ],
            "hosted_zone_id": "Z06143092I8HRXZRUZROF",
            "id": "avm-avm-genaipilot-prod-767397974420-assets",
            "lifecycle_rule": [],
            "logging": [],
            "object_lock_configuration": [],
            "object_lock_enabled": false,
            "policy": "",
            "region": "me-central-1",
            "replication_configuration": [],
            "request_payer": "BucketOwner",
            "server_side_encryption_configuration": [
              {
                "rule": [
                  {
                    "apply_server_side_encryption_by_default": [
                      {
                        "kms_master_key_id": "",
                        "sse_algorithm": "AES256"
                      }
                    ],
                    "bucket_key_enabled": false
                  }
                ]
              }
            ],
            "tags": null,
            "tags_all": {},
            "timeouts": null,
            "versioning": [
              {
                "enabled": false,
                "mfa_delete": false
              }
            ],
            "website": [],
            "website_domain": null,
            "website_endpoint": null
          },
          "sensitive_attributes": [],
          "private": "eyJlMmJmYjczMC1lY2FhLTExZTYtOGY4OC0zNDM2M2JjN2M0YzAiOnsiY3JlYXRlIjoxMjAwMDAwMDAwMDAwLCJkZWxldGUiOjM2MDAwMDAwMDAwMDAsInJlYWQiOjEyMDAwMDAwMDAwMDAsInVwZGF0ZSI6MTIwMDAwMDAwMDAwMH19",
          "dependencies": [
            "module.ecs.module.cluster.aws_cloudwatch_log_group.this",
            "module.ecs.module.cluster.aws_ecs_capacity_provider.this",
            "module.ecs.module.cluster.aws_ecs_cluster.this",
            "module.ecs.module.cluster.aws_ecs_cluster_capacity_providers.this",
            "module.ecs.module.cluster.aws_iam_policy.task_exec",
            "module.ecs.module.cluster.aws_iam_role.task_exec",
            "module.ecs.module.cluster.aws_iam_role_policy_attachment.task_exec",
            "module.ecs.module.cluster.aws_iam_role_policy_attachment.task_exec_additional",
            "module.ecs.module.cluster.data.aws_iam_policy_document.task_exec",
            "module.ecs.module.cluster.data.aws_iam_policy_document.task_exec_assume",
            "module.ecs.module.service.aws_appautoscaling_policy.this",
            "module.ecs.module.service.aws_appautoscaling_scheduled_action.this",
            "module.ecs.module.service.aws_appautoscaling_target.this",
            "module.ecs.module.service.aws_ecs_service.ignore_task_definition",
            "module.ecs.module.service.aws_ecs_service.this",
            "module.ecs.module.service.aws_ecs_task_definition.this",
            "module.ecs.module.service.aws_ecs_task_set.ignore_task_definition",
            "module.ecs.module.service.aws_ecs_task_set.this",
            "module.ecs.module.service.aws_iam_policy.service",
            "module.ecs.module.service.aws_iam_policy.task_exec",
            "module.ecs.module.service.aws_iam_role.service",
            "module.ecs.module.service.aws_iam_role.task_exec",
            "module.ecs.module.service.aws_iam_role.tasks",
            "module.ecs.module.service.aws_iam_role_policy.tasks",
            "module.ecs.module.service.aws_iam_role_policy_attachment.service",
            "module.ecs.module.service.aws_iam_role_policy_attachment.task_exec",
            "module.ecs.module.service.aws_iam_role_policy_attachment.task_exec_additional",
            "module.ecs.module.service.aws_iam_role_policy_attachment.tasks",
            "module.ecs.module.service.aws_security_group.this",
            "module.ecs.module.service.aws_security_group_rule.this",
            "module.ecs.module.service.data.aws_caller_identity.current",
            "module.ecs.module.service.data.aws_ecs_task_definition.this",
            "module.ecs.module.service.data.aws_iam_policy_document.service",
            "module.ecs.module.service.data.aws_iam_policy_document.service_assume",
            "module.ecs.module.service.data.aws_iam_policy_document.task_exec",
            "module.ecs.module.service.data.aws_iam_policy_document.task_exec_assume",
            "module.ecs.module.service.data.aws_iam_policy_document.tasks",
            "module.ecs.module.service.data.aws_iam_policy_document.tasks_assume",
            "module.ecs.module.service.data.aws_partition.current",
            "module.ecs.module.service.data.aws_region.current",
            "module.ecs.module.service.data.aws_subnet.this",
            "module.ecs.module.service.module.container_definition.aws_cloudwatch_log_group.this",
            "module.ecs.module.service.module.container_definition.data.aws_region.current",
            "module.server.data.aws_caller_identity.current"
          ]
        }
      ]
    },
    {
      "module": "module.server",
      "mode": "managed",
      "type": "aws_s3_bucket",
      "name": "aws_s3_bucket_documents",
      "provider": "provider[\"registry.terraform.io/hashicorp/aws\"]",
      "instances": [
        {
          "schema_version": 0,
          "attributes": {
            "acceleration_status": "",
            "acl": null,
            "arn": "arn:aws:s3:::avm-avm-genaipilot-prod-767397974420-documents",
            "bucket": "avm-avm-genaipilot-prod-767397974420-documents",
            "bucket_domain_name": "avm-avm-genaipilot-prod-767397974420-documents.s3.amazonaws.com",
            "bucket_prefix": "",
            "bucket_regional_domain_name": "avm-avm-genaipilot-prod-767397974420-documents.s3.me-central-1.amazonaws.com",
            "cors_rule": [],
            "force_destroy": true,
            "grant": [
              {
                "id": "91b9fb9469d472d3853c3d78de6d937e0ab7a630ca96499ad0cf5ee015688acb",
                "permissions": [
                  "FULL_CONTROL"
                ],
                "type": "CanonicalUser",
                "uri": ""
              }
            ],
            "hosted_zone_id": "Z06143092I8HRXZRUZROF",
            "id": "avm-avm-genaipilot-prod-767397974420-documents",
            "lifecycle_rule": [],
            "logging": [],
            "object_lock_configuration": [],
            "object_lock_enabled": false,
            "policy": "",
            "region": "me-central-1",
            "replication_configuration": [],
            "request_payer": "BucketOwner",
            "server_side_encryption_configuration": [
              {
                "rule": [
                  {
                    "apply_server_side_encryption_by_default": [
                      {
                        "kms_master_key_id": "",
                        "sse_algorithm": "AES256"
                      }
                    ],
                    "bucket_key_enabled": false
                  }
                ]
              }
            ],
            "tags": null,
            "tags_all": {},
            "timeouts": null,
            "versioning": [
              {
                "enabled": false,
                "mfa_delete": false
              }
            ],
            "website": [],
            "website_domain": null,
            "website_endpoint": null
          },
          "sensitive_attributes": [],
          "private": "eyJlMmJmYjczMC1lY2FhLTExZTYtOGY4OC0zNDM2M2JjN2M0YzAiOnsiY3JlYXRlIjoxMjAwMDAwMDAwMDAwLCJkZWxldGUiOjM2MDAwMDAwMDAwMDAsInJlYWQiOjEyMDAwMDAwMDAwMDAsInVwZGF0ZSI6MTIwMDAwMDAwMDAwMH19",
          "dependencies": [
            "module.ecs.module.cluster.aws_cloudwatch_log_group.this",
            "module.ecs.module.cluster.aws_ecs_capacity_provider.this",
            "module.ecs.module.cluster.aws_ecs_cluster.this",
            "module.ecs.module.cluster.aws_ecs_cluster_capacity_providers.this",
            "module.ecs.module.cluster.aws_iam_policy.task_exec",
            "module.ecs.module.cluster.aws_iam_role.task_exec",
            "module.ecs.module.cluster.aws_iam_role_policy_attachment.task_exec",
            "module.ecs.module.cluster.aws_iam_role_policy_attachment.task_exec_additional",
            "module.ecs.module.cluster.data.aws_iam_policy_document.task_exec",
            "module.ecs.module.cluster.data.aws_iam_policy_document.task_exec_assume",
            "module.ecs.module.service.aws_appautoscaling_policy.this",
            "module.ecs.module.service.aws_appautoscaling_scheduled_action.this",
            "module.ecs.module.service.aws_appautoscaling_target.this",
            "module.ecs.module.service.aws_ecs_service.ignore_task_definition",
            "module.ecs.module.service.aws_ecs_service.this",
            "module.ecs.module.service.aws_ecs_task_definition.this",
            "module.ecs.module.service.aws_ecs_task_set.ignore_task_definition",
            "module.ecs.module.service.aws_ecs_task_set.this",
            "module.ecs.module.service.aws_iam_policy.service",
            "module.ecs.module.service.aws_iam_policy.task_exec",
            "module.ecs.module.service.aws_iam_role.service",
            "module.ecs.module.service.aws_iam_role.task_exec",
            "module.ecs.module.service.aws_iam_role.tasks",
            "module.ecs.module.service.aws_iam_role_policy.tasks",
            "module.ecs.module.service.aws_iam_role_policy_attachment.service",
            "module.ecs.module.service.aws_iam_role_policy_attachment.task_exec",
            "module.ecs.module.service.aws_iam_role_policy_attachment.task_exec_additional",
            "module.ecs.module.service.aws_iam_role_policy_attachment.tasks",
            "module.ecs.module.service.aws_security_group.this",
            "module.ecs.module.service.aws_security_group_rule.this",
            "module.ecs.module.service.data.aws_caller_identity.current",
            "module.ecs.module.service.data.aws_ecs_task_definition.this",
            "module.ecs.module.service.data.aws_iam_policy_document.service",
            "module.ecs.module.service.data.aws_iam_policy_document.service_assume",
            "module.ecs.module.service.data.aws_iam_policy_document.task_exec",
            "module.ecs.module.service.data.aws_iam_policy_document.task_exec_assume",
            "module.ecs.module.service.data.aws_iam_policy_document.tasks",
            "module.ecs.module.service.data.aws_iam_policy_document.tasks_assume",
            "module.ecs.module.service.data.aws_partition.current",
            "module.ecs.module.service.data.aws_region.current",
            "module.ecs.module.service.data.aws_subnet.this",
            "module.ecs.module.service.module.container_definition.aws_cloudwatch_log_group.this",
            "module.ecs.module.service.module.container_definition.data.aws_region.current",
            "module.server.data.aws_caller_identity.current"
          ]
        }
      ]
    },
    {
      "module": "module.server",
      "mode": "managed",
      "type": "aws_s3_bucket",
      "name": "aws_s3_bucket_logs",
      "provider": "provider[\"registry.terraform.io/hashicorp/aws\"]",
      "instances": [
        {
          "schema_version": 0,
          "attributes": {
            "acceleration_status": "",
            "acl": null,
            "arn": "arn:aws:s3:::avm-avm-genaipilot-prod-767397974420-bucket-access-logs",
            "bucket": "avm-avm-genaipilot-prod-767397974420-bucket-access-logs",
            "bucket_domain_name": "avm-avm-genaipilot-prod-767397974420-bucket-access-logs.s3.amazonaws.com",
            "bucket_prefix": "",
            "bucket_regional_domain_name": "avm-avm-genaipilot-prod-767397974420-bucket-access-logs.s3.me-central-1.amazonaws.com",
            "cors_rule": [],
            "force_destroy": true,
            "grant": [
              {
                "id": "91b9fb9469d472d3853c3d78de6d937e0ab7a630ca96499ad0cf5ee015688acb",
                "permissions": [
                  "FULL_CONTROL"
                ],
                "type": "CanonicalUser",
                "uri": ""
              }
            ],
            "hosted_zone_id": "Z06143092I8HRXZRUZROF",
            "id": "avm-avm-genaipilot-prod-767397974420-bucket-access-logs",
            "lifecycle_rule": [],
            "logging": [],
            "object_lock_configuration": [],
            "object_lock_enabled": false,
            "policy": "",
            "region": "me-central-1",
            "replication_configuration": [],
            "request_payer": "BucketOwner",
            "server_side_encryption_configuration": [
              {
                "rule": [
                  {
                    "apply_server_side_encryption_by_default": [
                      {
                        "kms_master_key_id": "",
                        "sse_algorithm": "AES256"
                      }
                    ],
                    "bucket_key_enabled": false
                  }
                ]
              }
            ],
            "tags": null,
            "tags_all": {},
            "timeouts": null,
            "versioning": [
              {
                "enabled": false,
                "mfa_delete": false
              }
            ],
            "website": [],
            "website_domain": null,
            "website_endpoint": null
          },
          "sensitive_attributes": [],
          "private": "eyJlMmJmYjczMC1lY2FhLTExZTYtOGY4OC0zNDM2M2JjN2M0YzAiOnsiY3JlYXRlIjoxMjAwMDAwMDAwMDAwLCJkZWxldGUiOjM2MDAwMDAwMDAwMDAsInJlYWQiOjEyMDAwMDAwMDAwMDAsInVwZGF0ZSI6MTIwMDAwMDAwMDAwMH19",
          "dependencies": [
            "module.ecs.module.cluster.aws_cloudwatch_log_group.this",
            "module.ecs.module.cluster.aws_ecs_capacity_provider.this",
            "module.ecs.module.cluster.aws_ecs_cluster.this",
            "module.ecs.module.cluster.aws_ecs_cluster_capacity_providers.this",
            "module.ecs.module.cluster.aws_iam_policy.task_exec",
            "module.ecs.module.cluster.aws_iam_role.task_exec",
            "module.ecs.module.cluster.aws_iam_role_policy_attachment.task_exec",
            "module.ecs.module.cluster.aws_iam_role_policy_attachment.task_exec_additional",
            "module.ecs.module.cluster.data.aws_iam_policy_document.task_exec",
            "module.ecs.module.cluster.data.aws_iam_policy_document.task_exec_assume",
            "module.ecs.module.service.aws_appautoscaling_policy.this",
            "module.ecs.module.service.aws_appautoscaling_scheduled_action.this",
            "module.ecs.module.service.aws_appautoscaling_target.this",
            "module.ecs.module.service.aws_ecs_service.ignore_task_definition",
            "module.ecs.module.service.aws_ecs_service.this",
            "module.ecs.module.service.aws_ecs_task_definition.this",
            "module.ecs.module.service.aws_ecs_task_set.ignore_task_definition",
            "module.ecs.module.service.aws_ecs_task_set.this",
            "module.ecs.module.service.aws_iam_policy.service",
            "module.ecs.module.service.aws_iam_policy.task_exec",
            "module.ecs.module.service.aws_iam_role.service",
            "module.ecs.module.service.aws_iam_role.task_exec",
            "module.ecs.module.service.aws_iam_role.tasks",
            "module.ecs.module.service.aws_iam_role_policy.tasks",
            "module.ecs.module.service.aws_iam_role_policy_attachment.service",
            "module.ecs.module.service.aws_iam_role_policy_attachment.task_exec",
            "module.ecs.module.service.aws_iam_role_policy_attachment.task_exec_additional",
            "module.ecs.module.service.aws_iam_role_policy_attachment.tasks",
            "module.ecs.module.service.aws_security_group.this",
            "module.ecs.module.service.aws_security_group_rule.this",
            "module.ecs.module.service.data.aws_caller_identity.current",
            "module.ecs.module.service.data.aws_ecs_task_definition.this",
            "module.ecs.module.service.data.aws_iam_policy_document.service",
            "module.ecs.module.service.data.aws_iam_policy_document.service_assume",
            "module.ecs.module.service.data.aws_iam_policy_document.task_exec",
            "module.ecs.module.service.data.aws_iam_policy_document.task_exec_assume",
            "module.ecs.module.service.data.aws_iam_policy_document.tasks",
            "module.ecs.module.service.data.aws_iam_policy_document.tasks_assume",
            "module.ecs.module.service.data.aws_partition.current",
            "module.ecs.module.service.data.aws_region.current",
            "module.ecs.module.service.data.aws_subnet.this",
            "module.ecs.module.service.module.container_definition.aws_cloudwatch_log_group.this",
            "module.ecs.module.service.module.container_definition.data.aws_region.current",
            "module.server.data.aws_caller_identity.current"
          ]
        }
      ]
    },
    {
      "module": "module.server",
      "mode": "managed",
      "type": "aws_s3_bucket_cors_configuration",
      "name": "aws_s3_bucket_assets_cors",
      "provider": "provider[\"registry.terraform.io/hashicorp/aws\"]",
      "instances": [
        {
          "schema_version": 0,
          "attributes": {
            "bucket": "avm-avm-genaipilot-prod-767397974420-assets",
            "cors_rule": [
              {
                "allowed_headers": [
                  "*"
                ],
                "allowed_methods": [
                  "DELETE",
                  "GET",
                  "HEAD",
                  "POST",
                  "PUT"
                ],
                "allowed_origins": [
                  "*"
                ],
                "expose_headers": [],
                "id": "",
                "max_age_seconds": 3000
              },
              {
                "allowed_headers": [],
                "allowed_methods": [
                  "GET"
                ],
                "allowed_origins": [
                  "*"
                ],
                "expose_headers": [],
                "id": "",
                "max_age_seconds": null
              }
            ],
            "expected_bucket_owner": "",
            "id": "avm-avm-genaipilot-prod-767397974420-assets"
          },
          "sensitive_attributes": [],
          "private": "bnVsbA==",
          "dependencies": [
            "module.ecs.module.cluster.aws_cloudwatch_log_group.this",
            "module.ecs.module.cluster.aws_ecs_capacity_provider.this",
            "module.ecs.module.cluster.aws_ecs_cluster.this",
            "module.ecs.module.cluster.aws_ecs_cluster_capacity_providers.this",
            "module.ecs.module.cluster.aws_iam_policy.task_exec",
            "module.ecs.module.cluster.aws_iam_role.task_exec",
            "module.ecs.module.cluster.aws_iam_role_policy_attachment.task_exec",
            "module.ecs.module.cluster.aws_iam_role_policy_attachment.task_exec_additional",
            "module.ecs.module.cluster.data.aws_iam_policy_document.task_exec",
            "module.ecs.module.cluster.data.aws_iam_policy_document.task_exec_assume",
            "module.ecs.module.service.aws_appautoscaling_policy.this",
            "module.ecs.module.service.aws_appautoscaling_scheduled_action.this",
            "module.ecs.module.service.aws_appautoscaling_target.this",
            "module.ecs.module.service.aws_ecs_service.ignore_task_definition",
            "module.ecs.module.service.aws_ecs_service.this",
            "module.ecs.module.service.aws_ecs_task_definition.this",
            "module.ecs.module.service.aws_ecs_task_set.ignore_task_definition",
            "module.ecs.module.service.aws_ecs_task_set.this",
            "module.ecs.module.service.aws_iam_policy.service",
            "module.ecs.module.service.aws_iam_policy.task_exec",
            "module.ecs.module.service.aws_iam_role.service",
            "module.ecs.module.service.aws_iam_role.task_exec",
            "module.ecs.module.service.aws_iam_role.tasks",
            "module.ecs.module.service.aws_iam_role_policy.tasks",
            "module.ecs.module.service.aws_iam_role_policy_attachment.service",
            "module.ecs.module.service.aws_iam_role_policy_attachment.task_exec",
            "module.ecs.module.service.aws_iam_role_policy_attachment.task_exec_additional",
            "module.ecs.module.service.aws_iam_role_policy_attachment.tasks",
            "module.ecs.module.service.aws_security_group.this",
            "module.ecs.module.service.aws_security_group_rule.this",
            "module.ecs.module.service.data.aws_caller_identity.current",
            "module.ecs.module.service.data.aws_ecs_task_definition.this",
            "module.ecs.module.service.data.aws_iam_policy_document.service",
            "module.ecs.module.service.data.aws_iam_policy_document.service_assume",
            "module.ecs.module.service.data.aws_iam_policy_document.task_exec",
            "module.ecs.module.service.data.aws_iam_policy_document.task_exec_assume",
            "module.ecs.module.service.data.aws_iam_policy_document.tasks",
            "module.ecs.module.service.data.aws_iam_policy_document.tasks_assume",
            "module.ecs.module.service.data.aws_partition.current",
            "module.ecs.module.service.data.aws_region.current",
            "module.ecs.module.service.data.aws_subnet.this",
            "module.ecs.module.service.module.container_definition.aws_cloudwatch_log_group.this",
            "module.ecs.module.service.module.container_definition.data.aws_region.current",
            "module.server.aws_s3_bucket.aws_s3_bucket_assets",
            "module.server.data.aws_caller_identity.current"
          ]
        }
      ]
    },
    {
      "module": "module.server",
      "mode": "managed",
      "type": "aws_s3_bucket_cors_configuration",
      "name": "aws_s3_bucket_documents_cors",
      "provider": "provider[\"registry.terraform.io/hashicorp/aws\"]",
      "instances": [
        {
          "schema_version": 0,
          "attributes": {
            "bucket": "avm-avm-genaipilot-prod-767397974420-documents",
            "cors_rule": [
              {
                "allowed_headers": [
                  "*"
                ],
                "allowed_methods": [
                  "DELETE",
                  "GET",
                  "HEAD",
                  "POST",
                  "PUT"
                ],
                "allowed_origins": [
                  "*"
                ],
                "expose_headers": [],
                "id": "",
                "max_age_seconds": 3000
              },
              {
                "allowed_headers": [],
                "allowed_methods": [
                  "GET"
                ],
                "allowed_origins": [
                  "*"
                ],
                "expose_headers": [],
                "id": "",
                "max_age_seconds": null
              }
            ],
            "expected_bucket_owner": "",
            "id": "avm-avm-genaipilot-prod-767397974420-documents"
          },
          "sensitive_attributes": [],
          "private": "bnVsbA==",
          "dependencies": [
            "module.ecs.module.cluster.aws_cloudwatch_log_group.this",
            "module.ecs.module.cluster.aws_ecs_capacity_provider.this",
            "module.ecs.module.cluster.aws_ecs_cluster.this",
            "module.ecs.module.cluster.aws_ecs_cluster_capacity_providers.this",
            "module.ecs.module.cluster.aws_iam_policy.task_exec",
            "module.ecs.module.cluster.aws_iam_role.task_exec",
            "module.ecs.module.cluster.aws_iam_role_policy_attachment.task_exec",
            "module.ecs.module.cluster.aws_iam_role_policy_attachment.task_exec_additional",
            "module.ecs.module.cluster.data.aws_iam_policy_document.task_exec",
            "module.ecs.module.cluster.data.aws_iam_policy_document.task_exec_assume",
            "module.ecs.module.service.aws_appautoscaling_policy.this",
            "module.ecs.module.service.aws_appautoscaling_scheduled_action.this",
            "module.ecs.module.service.aws_appautoscaling_target.this",
            "module.ecs.module.service.aws_ecs_service.ignore_task_definition",
            "module.ecs.module.service.aws_ecs_service.this",
            "module.ecs.module.service.aws_ecs_task_definition.this",
            "module.ecs.module.service.aws_ecs_task_set.ignore_task_definition",
            "module.ecs.module.service.aws_ecs_task_set.this",
            "module.ecs.module.service.aws_iam_policy.service",
            "module.ecs.module.service.aws_iam_policy.task_exec",
            "module.ecs.module.service.aws_iam_role.service",
            "module.ecs.module.service.aws_iam_role.task_exec",
            "module.ecs.module.service.aws_iam_role.tasks",
            "module.ecs.module.service.aws_iam_role_policy.tasks",
            "module.ecs.module.service.aws_iam_role_policy_attachment.service",
            "module.ecs.module.service.aws_iam_role_policy_attachment.task_exec",
            "module.ecs.module.service.aws_iam_role_policy_attachment.task_exec_additional",
            "module.ecs.module.service.aws_iam_role_policy_attachment.tasks",
            "module.ecs.module.service.aws_security_group.this",
            "module.ecs.module.service.aws_security_group_rule.this",
            "module.ecs.module.service.data.aws_caller_identity.current",
            "module.ecs.module.service.data.aws_ecs_task_definition.this",
            "module.ecs.module.service.data.aws_iam_policy_document.service",
            "module.ecs.module.service.data.aws_iam_policy_document.service_assume",
            "module.ecs.module.service.data.aws_iam_policy_document.task_exec",
            "module.ecs.module.service.data.aws_iam_policy_document.task_exec_assume",
            "module.ecs.module.service.data.aws_iam_policy_document.tasks",
            "module.ecs.module.service.data.aws_iam_policy_document.tasks_assume",
            "module.ecs.module.service.data.aws_partition.current",
            "module.ecs.module.service.data.aws_region.current",
            "module.ecs.module.service.data.aws_subnet.this",
            "module.ecs.module.service.module.container_definition.aws_cloudwatch_log_group.this",
            "module.ecs.module.service.module.container_definition.data.aws_region.current",
            "module.server.aws_s3_bucket.aws_s3_bucket_documents",
            "module.server.data.aws_caller_identity.current"
          ]
        }
      ]
    },
    {
      "module": "module.server",
      "mode": "managed",
      "type": "aws_s3_bucket_logging",
      "name": "aws_s3_bucket_logging_assets",
      "provider": "provider[\"registry.terraform.io/hashicorp/aws\"]",
      "instances": [
        {
          "schema_version": 0,
          "attributes": {
            "bucket": "avm-avm-genaipilot-prod-767397974420-assets",
            "expected_bucket_owner": "",
            "id": "avm-avm-genaipilot-prod-767397974420-assets",
            "target_bucket": "avm-avm-genaipilot-prod-767397974420-bucket-access-logs",
            "target_grant": [],
            "target_object_key_format": [],
            "target_prefix": "avm-avm-genaipilot-prod-767397974420-assets"
          },
          "sensitive_attributes": [],
          "private": "bnVsbA==",
          "dependencies": [
            "module.ecs.module.cluster.aws_cloudwatch_log_group.this",
            "module.ecs.module.cluster.aws_ecs_capacity_provider.this",
            "module.ecs.module.cluster.aws_ecs_cluster.this",
            "module.ecs.module.cluster.aws_ecs_cluster_capacity_providers.this",
            "module.ecs.module.cluster.aws_iam_policy.task_exec",
            "module.ecs.module.cluster.aws_iam_role.task_exec",
            "module.ecs.module.cluster.aws_iam_role_policy_attachment.task_exec",
            "module.ecs.module.cluster.aws_iam_role_policy_attachment.task_exec_additional",
            "module.ecs.module.cluster.data.aws_iam_policy_document.task_exec",
            "module.ecs.module.cluster.data.aws_iam_policy_document.task_exec_assume",
            "module.ecs.module.service.aws_appautoscaling_policy.this",
            "module.ecs.module.service.aws_appautoscaling_scheduled_action.this",
            "module.ecs.module.service.aws_appautoscaling_target.this",
            "module.ecs.module.service.aws_ecs_service.ignore_task_definition",
            "module.ecs.module.service.aws_ecs_service.this",
            "module.ecs.module.service.aws_ecs_task_definition.this",
            "module.ecs.module.service.aws_ecs_task_set.ignore_task_definition",
            "module.ecs.module.service.aws_ecs_task_set.this",
            "module.ecs.module.service.aws_iam_policy.service",
            "module.ecs.module.service.aws_iam_policy.task_exec",
            "module.ecs.module.service.aws_iam_role.service",
            "module.ecs.module.service.aws_iam_role.task_exec",
            "module.ecs.module.service.aws_iam_role.tasks",
            "module.ecs.module.service.aws_iam_role_policy.tasks",
            "module.ecs.module.service.aws_iam_role_policy_attachment.service",
            "module.ecs.module.service.aws_iam_role_policy_attachment.task_exec",
            "module.ecs.module.service.aws_iam_role_policy_attachment.task_exec_additional",
            "module.ecs.module.service.aws_iam_role_policy_attachment.tasks",
            "module.ecs.module.service.aws_security_group.this",
            "module.ecs.module.service.aws_security_group_rule.this",
            "module.ecs.module.service.data.aws_caller_identity.current",
            "module.ecs.module.service.data.aws_ecs_task_definition.this",
            "module.ecs.module.service.data.aws_iam_policy_document.service",
            "module.ecs.module.service.data.aws_iam_policy_document.service_assume",
            "module.ecs.module.service.data.aws_iam_policy_document.task_exec",
            "module.ecs.module.service.data.aws_iam_policy_document.task_exec_assume",
            "module.ecs.module.service.data.aws_iam_policy_document.tasks",
            "module.ecs.module.service.data.aws_iam_policy_document.tasks_assume",
            "module.ecs.module.service.data.aws_partition.current",
            "module.ecs.module.service.data.aws_region.current",
            "module.ecs.module.service.data.aws_subnet.this",
            "module.ecs.module.service.module.container_definition.aws_cloudwatch_log_group.this",
            "module.ecs.module.service.module.container_definition.data.aws_region.current",
            "module.server.aws_s3_bucket.aws_s3_bucket_assets",
            "module.server.aws_s3_bucket.aws_s3_bucket_logs",
            "module.server.data.aws_caller_identity.current"
          ]
        }
      ]
    },
    {
      "module": "module.server",
      "mode": "managed",
      "type": "aws_s3_bucket_logging",
      "name": "aws_s3_bucket_logging_documents",
      "provider": "provider[\"registry.terraform.io/hashicorp/aws\"]",
      "instances": [
        {
          "schema_version": 0,
          "attributes": {
            "bucket": "avm-avm-genaipilot-prod-767397974420-documents",
            "expected_bucket_owner": "",
            "id": "avm-avm-genaipilot-prod-767397974420-documents",
            "target_bucket": "avm-avm-genaipilot-prod-767397974420-bucket-access-logs",
            "target_grant": [],
            "target_object_key_format": [],
            "target_prefix": "avm-avm-genaipilot-prod-767397974420-documents"
          },
          "sensitive_attributes": [],
          "private": "bnVsbA==",
          "dependencies": [
            "module.ecs.module.cluster.aws_cloudwatch_log_group.this",
            "module.ecs.module.cluster.aws_ecs_capacity_provider.this",
            "module.ecs.module.cluster.aws_ecs_cluster.this",
            "module.ecs.module.cluster.aws_ecs_cluster_capacity_providers.this",
            "module.ecs.module.cluster.aws_iam_policy.task_exec",
            "module.ecs.module.cluster.aws_iam_role.task_exec",
            "module.ecs.module.cluster.aws_iam_role_policy_attachment.task_exec",
            "module.ecs.module.cluster.aws_iam_role_policy_attachment.task_exec_additional",
            "module.ecs.module.cluster.data.aws_iam_policy_document.task_exec",
            "module.ecs.module.cluster.data.aws_iam_policy_document.task_exec_assume",
            "module.ecs.module.service.aws_appautoscaling_policy.this",
            "module.ecs.module.service.aws_appautoscaling_scheduled_action.this",
            "module.ecs.module.service.aws_appautoscaling_target.this",
            "module.ecs.module.service.aws_ecs_service.ignore_task_definition",
            "module.ecs.module.service.aws_ecs_service.this",
            "module.ecs.module.service.aws_ecs_task_definition.this",
            "module.ecs.module.service.aws_ecs_task_set.ignore_task_definition",
            "module.ecs.module.service.aws_ecs_task_set.this",
            "module.ecs.module.service.aws_iam_policy.service",
            "module.ecs.module.service.aws_iam_policy.task_exec",
            "module.ecs.module.service.aws_iam_role.service",
            "module.ecs.module.service.aws_iam_role.task_exec",
            "module.ecs.module.service.aws_iam_role.tasks",
            "module.ecs.module.service.aws_iam_role_policy.tasks",
            "module.ecs.module.service.aws_iam_role_policy_attachment.service",
            "module.ecs.module.service.aws_iam_role_policy_attachment.task_exec",
            "module.ecs.module.service.aws_iam_role_policy_attachment.task_exec_additional",
            "module.ecs.module.service.aws_iam_role_policy_attachment.tasks",
            "module.ecs.module.service.aws_security_group.this",
            "module.ecs.module.service.aws_security_group_rule.this",
            "module.ecs.module.service.data.aws_caller_identity.current",
            "module.ecs.module.service.data.aws_ecs_task_definition.this",
            "module.ecs.module.service.data.aws_iam_policy_document.service",
            "module.ecs.module.service.data.aws_iam_policy_document.service_assume",
            "module.ecs.module.service.data.aws_iam_policy_document.task_exec",
            "module.ecs.module.service.data.aws_iam_policy_document.task_exec_assume",
            "module.ecs.module.service.data.aws_iam_policy_document.tasks",
            "module.ecs.module.service.data.aws_iam_policy_document.tasks_assume",
            "module.ecs.module.service.data.aws_partition.current",
            "module.ecs.module.service.data.aws_region.current",
            "module.ecs.module.service.data.aws_subnet.this",
            "module.ecs.module.service.module.container_definition.aws_cloudwatch_log_group.this",
            "module.ecs.module.service.module.container_definition.data.aws_region.current",
            "module.server.aws_s3_bucket.aws_s3_bucket_documents",
            "module.server.aws_s3_bucket.aws_s3_bucket_logs",
            "module.server.data.aws_caller_identity.current"
          ]
        }
      ]
    },
    {
      "module": "module.server",
      "mode": "managed",
      "type": "aws_secretsmanager_secret",
      "name": "this",
      "provider": "provider[\"registry.terraform.io/hashicorp/aws\"]",
      "instances": [
        {
          "schema_version": 0,
          "attributes": {
            "arn": "arn:aws:secretsmanager:me-central-1:767397974420:secret:avm-prod-server-kdgFJ7",
            "description": "",
            "force_overwrite_replica_secret": false,
            "id": "arn:aws:secretsmanager:me-central-1:767397974420:secret:avm-prod-server-kdgFJ7",
            "kms_key_id": "",
            "name": "avm-prod-server",
            "name_prefix": "",
            "policy": "",
            "recovery_window_in_days": 0,
            "replica": [],
            "tags": {},
            "tags_all": {}
          },
          "sensitive_attributes": [],
          "private": "bnVsbA==",
          "dependencies": [
            "module.ecs.module.cluster.aws_cloudwatch_log_group.this",
            "module.ecs.module.cluster.aws_ecs_capacity_provider.this",
            "module.ecs.module.cluster.aws_ecs_cluster.this",
            "module.ecs.module.cluster.aws_ecs_cluster_capacity_providers.this",
            "module.ecs.module.cluster.aws_iam_policy.task_exec",
            "module.ecs.module.cluster.aws_iam_role.task_exec",
            "module.ecs.module.cluster.aws_iam_role_policy_attachment.task_exec",
            "module.ecs.module.cluster.aws_iam_role_policy_attachment.task_exec_additional",
            "module.ecs.module.cluster.data.aws_iam_policy_document.task_exec",
            "module.ecs.module.cluster.data.aws_iam_policy_document.task_exec_assume",
            "module.ecs.module.service.aws_appautoscaling_policy.this",
            "module.ecs.module.service.aws_appautoscaling_scheduled_action.this",
            "module.ecs.module.service.aws_appautoscaling_target.this",
            "module.ecs.module.service.aws_ecs_service.ignore_task_definition",
            "module.ecs.module.service.aws_ecs_service.this",
            "module.ecs.module.service.aws_ecs_task_definition.this",
            "module.ecs.module.service.aws_ecs_task_set.ignore_task_definition",
            "module.ecs.module.service.aws_ecs_task_set.this",
            "module.ecs.module.service.aws_iam_policy.service",
            "module.ecs.module.service.aws_iam_policy.task_exec",
            "module.ecs.module.service.aws_iam_role.service",
            "module.ecs.module.service.aws_iam_role.task_exec",
            "module.ecs.module.service.aws_iam_role.tasks",
            "module.ecs.module.service.aws_iam_role_policy.tasks",
            "module.ecs.module.service.aws_iam_role_policy_attachment.service",
            "module.ecs.module.service.aws_iam_role_policy_attachment.task_exec",
            "module.ecs.module.service.aws_iam_role_policy_attachment.task_exec_additional",
            "module.ecs.module.service.aws_iam_role_policy_attachment.tasks",
            "module.ecs.module.service.aws_security_group.this",
            "module.ecs.module.service.aws_security_group_rule.this",
            "module.ecs.module.service.data.aws_caller_identity.current",
            "module.ecs.module.service.data.aws_ecs_task_definition.this",
            "module.ecs.module.service.data.aws_iam_policy_document.service",
            "module.ecs.module.service.data.aws_iam_policy_document.service_assume",
            "module.ecs.module.service.data.aws_iam_policy_document.task_exec",
            "module.ecs.module.service.data.aws_iam_policy_document.task_exec_assume",
            "module.ecs.module.service.data.aws_iam_policy_document.tasks",
            "module.ecs.module.service.data.aws_iam_policy_document.tasks_assume",
            "module.ecs.module.service.data.aws_partition.current",
            "module.ecs.module.service.data.aws_region.current",
            "module.ecs.module.service.data.aws_subnet.this",
            "module.ecs.module.service.module.container_definition.aws_cloudwatch_log_group.this",
            "module.ecs.module.service.module.container_definition.data.aws_region.current"
          ]
        }
      ]
    },
    {
      "module": "module.server",
      "mode": "managed",
      "type": "aws_secretsmanager_secret_version",
      "name": "this",
      "provider": "provider[\"registry.terraform.io/hashicorp/aws\"]",
      "instances": [
        {
          "schema_version": 0,
          "attributes": {
            "arn": "arn:aws:secretsmanager:me-central-1:767397974420:secret:avm-prod-server-kdgFJ7",
            "id": "arn:aws:secretsmanager:me-central-1:767397974420:secret:avm-prod-server-kdgFJ7|terraform-20240305114035279800000019",
            "secret_binary": "",
            "secret_id": "arn:aws:secretsmanager:me-central-1:767397974420:secret:avm-prod-server-kdgFJ7",
            "secret_string": "{\"API_KEY\":\"g3!bF0=cVwz\\u003eV=lM5vCxiU*V+h?aCs\",\"AWS_ASSETS_S3_BUCKET\":\"avm-avm-genaipilot-prod-767397974420-assets\",\"AWS_DEFAULT_KMS_KEY_ID\":\"02489e2c-87dc-468b-90c4-689274cdb05c\",\"AWS_DOCUMENTS_S3_BUCKET\":\"avm-avm-genaipilot-prod-767397974420-documents\",\"AWS_SES_ACCESS_KEY\":\"\\u003cREPLACE_ME\\u003e\",\"AWS_SES_SECRET_KEY\":\"\\u003cREPLACE_ME\\u003e\",\"DB_URI\":\"postgres://postgres:5eg8r5HlgbCKhVkvm1JR@avm-avm-genaipilot-prod-cluster.cluster-cj0qaq2q44ll.me-central-1.rds.amazonaws.com:5432/avmserver\",\"DB_VECTOR_URI\":\"postgres://postgres:5eg8r5HlgbCKhVkvm1JR@avm-avm-genaipilot-prod-cluster.cluster-cj0qaq2q44ll.me-central-1.rds.amazonaws.com:5432/vectordb\",\"FIREBASE_CLIENT_EMAIL\":\"firebase-adminsdk-wrq8m@addvaluemachine-adcb.iam.gserviceaccount.com\",\"FIREBASE_PRIVATE_KEY\":\"-----BEGIN PRIVATE KEY-----\\\\nMIIEvQIBADANBgkqhkiG9w0BAQEFAASCBKcwggSjAgEAAoIBAQClJ+JzoQsK0n/W\\\\nl3issIi+g9wUmzAnnwaDYidj0psWhvP7yk+kVbIjhubgBVuuJIJxAt+tCdtFsgba\\\\nb5oRQZtbhOD6cHH5tb77bqGabCczfwkKqGi2PA72WIrrrZlY2efRha1+bPbKaOpM\\\\nYMGM/4D8mGfyYscD77ZeOKFnu2vsl9etkFxxcu+f0qWantHmohgD8tfGltmkexJ5\\\\nttXPSUV8pevLExoSm29Duw7Z46r5gShI5WLyU0awg3zsO03pesHkH6K6Ri97P690\\\\nlDrxqqoIh9BmWfd2Ea0YP0MwMQMzjAm/whtGcAul5NnE+9+FmvWg3jmcJ0P4gLbZ\\\\nU6mGn1K7AgMBAAECggEACA3V4UWtQC3bxh9E50cEpCXSCb83rfb3XljfCuMuZP7X\\\\nzyOilqUHNuxRPgOE4Q0uv0wglFOyucdgxi5DGSxV4zSrtArfxAm08pYGk31KvBwp\\\\n2Lc1xA1RvXm77JperBKUV4dpWoz9zAkpw+fECJg9NhRInW1rvyllf1rLpD9jl/oL\\\\nfmcM6O5Ebe1eezZcscv10kgiFSeO01JKND0IrHMHr4KvARfMQvKMscsFmuLLawwW\\\\ng6yb0CD9SXQnTUYag3D5H8XGh3DpLBW5Y5pgg31ArbS46X3I98A7dGFucVqTeD0N\\\\nQ8kHQXyF10agPSNdM6mclmnnvo0oNLOiB1rJvKgqYQKBgQDmtf0/+ABm4r2KDJmT\\\\n935c2Yw8sXUqn8kjeJn20kz7ebVPKRZHhsjIWti+Pa9Lv7n8RciDtaHc05/s+wHe\\\\nrLP1BnGBi04VgXzy2ztAKkQcALFb6LNSDf4GC/QCM5iMFjn3Dsf5rwqSD7F0AxUl\\\\nUn/L8otRi1+iQlPUGF8hEBqM9wKBgQC3Qlg2baiSp8q984UW1SJ65+vc+149r7MX\\\\n0CcNAdC0LlMYAT4TXhnPQLJNkuGGKsI9pzpj0uWGgNGPL+kH8dgOfQHj47hK6spO\\\\n6m151BM8u3heNLQ58wjSksqMDsbbfq46WpsMkF2E0R34MwjSoMcypm8/0Za1v3rY\\\\nQvjuZRCLXQKBgEfGlKxjFpTrs7YQJ3N+SwTN9bAoMWB6Z5QugA/m62ZNPhgLm0/T\\\\nYgHbKZU+EZxKYK1YdIJtbpcKC7YpfTJunmn7gDKiST+tklbn164luBzSJluGsMs1\\\\naTMuYtKQhMQIYi43ngVS7MH2Oenyz5BV80ZbBfbvmmgbpILWtjnODcSPAoGASTnW\\\\nW7FHmYo4ZdxHgs8ZXvkK8xryFj39lvdSk0z1YvnbtAzTDBQexgS4+mxFd0HgqZgH\\\\nqdmcYzlYAxoGyGjnhyqGNdRJUI4u1oevxO1r3mmeeC4hEcK99L449uv0o8Ijxids\\\\nKwIIjEiu6/0gemFKF0AP1fVefjML2Bwysbdqe/UCgYEAplkDH+v/Nt4YcnBTJTjA\\\\nw4RjUS/3PEoXe4MfxkeIdx5LsQA10d4oRa7exIsqFkk9T7MeZU7ic2nIqdlx76Bk\\\\nLueKCMenb/8gjyuQOtBB4ewbAY0bSgTTkJq85X4bknm/6IIDhQIZoi8iXNU/KQvG\\\\nMG46nBhK/cEq6IOaHj6/Byc=\\\\n-----END PRIVATE KEY-----\\\\n\",\"FIREBASE_PROJECT_ID\":\"addvaluemachine-adcb\",\"GOOGLE_DRIVE_CLIENT_ID\":\"\\u003cREPLACE_ME\\u003e\",\"GOOGLE_DRIVE_CLIENT_SECRET\":\"\\u003cREPLACE_ME\\u003e\",\"NODE_ENV\":\"production\",\"UI_HOST\":\"https://avm-genaipilot.adcbmis.local\"}",
            "version_id": "terraform-20240305114035279800000019",
            "version_stages": [
              "AWSCURRENT"
            ]
          },
          "sensitive_attributes": [
            [
              {
                "type": "get_attr",
                "value": "secret_string"
              }
            ]
          ],
          "private": "bnVsbA==",
          "dependencies": [
            "aws_db_subnet_group.avm",
            "data.aws_subnet.database_subnet_1",
            "data.aws_subnet.database_subnet_2",
            "data.aws_vpc.vpc",
            "module.cluster.aws_cloudwatch_log_group.this",
            "module.cluster.aws_db_subnet_group.this",
            "module.cluster.aws_rds_cluster.this",
            "module.cluster.aws_rds_cluster_parameter_group.this",
            "module.cluster.aws_security_group.this",
            "module.ecs.module.cluster.aws_cloudwatch_log_group.this",
            "module.ecs.module.cluster.aws_ecs_capacity_provider.this",
            "module.ecs.module.cluster.aws_ecs_cluster.this",
            "module.ecs.module.cluster.aws_ecs_cluster_capacity_providers.this",
            "module.ecs.module.cluster.aws_iam_policy.task_exec",
            "module.ecs.module.cluster.aws_iam_role.task_exec",
            "module.ecs.module.cluster.aws_iam_role_policy_attachment.task_exec",
            "module.ecs.module.cluster.aws_iam_role_policy_attachment.task_exec_additional",
            "module.ecs.module.cluster.data.aws_iam_policy_document.task_exec",
            "module.ecs.module.cluster.data.aws_iam_policy_document.task_exec_assume",
            "module.ecs.module.service.aws_appautoscaling_policy.this",
            "module.ecs.module.service.aws_appautoscaling_scheduled_action.this",
            "module.ecs.module.service.aws_appautoscaling_target.this",
            "module.ecs.module.service.aws_ecs_service.ignore_task_definition",
            "module.ecs.module.service.aws_ecs_service.this",
            "module.ecs.module.service.aws_ecs_task_definition.this",
            "module.ecs.module.service.aws_ecs_task_set.ignore_task_definition",
            "module.ecs.module.service.aws_ecs_task_set.this",
            "module.ecs.module.service.aws_iam_policy.service",
            "module.ecs.module.service.aws_iam_policy.task_exec",
            "module.ecs.module.service.aws_iam_role.service",
            "module.ecs.module.service.aws_iam_role.task_exec",
            "module.ecs.module.service.aws_iam_role.tasks",
            "module.ecs.module.service.aws_iam_role_policy.tasks",
            "module.ecs.module.service.aws_iam_role_policy_attachment.service",
            "module.ecs.module.service.aws_iam_role_policy_attachment.task_exec",
            "module.ecs.module.service.aws_iam_role_policy_attachment.task_exec_additional",
            "module.ecs.module.service.aws_iam_role_policy_attachment.tasks",
            "module.ecs.module.service.aws_security_group.this",
            "module.ecs.module.service.aws_security_group_rule.this",
            "module.ecs.module.service.data.aws_caller_identity.current",
            "module.ecs.module.service.data.aws_ecs_task_definition.this",
            "module.ecs.module.service.data.aws_iam_policy_document.service",
            "module.ecs.module.service.data.aws_iam_policy_document.service_assume",
            "module.ecs.module.service.data.aws_iam_policy_document.task_exec",
            "module.ecs.module.service.data.aws_iam_policy_document.task_exec_assume",
            "module.ecs.module.service.data.aws_iam_policy_document.tasks",
            "module.ecs.module.service.data.aws_iam_policy_document.tasks_assume",
            "module.ecs.module.service.data.aws_partition.current",
            "module.ecs.module.service.data.aws_region.current",
            "module.ecs.module.service.data.aws_subnet.this",
            "module.ecs.module.service.module.container_definition.aws_cloudwatch_log_group.this",
            "module.ecs.module.service.module.container_definition.data.aws_region.current",
            "module.security_group_rds.aws_security_group.this",
            "module.security_group_rds.aws_security_group.this_name_prefix",
            "module.server.aws_kms_key.kms_key_server",
            "module.server.aws_s3_bucket.aws_s3_bucket_assets",
            "module.server.aws_s3_bucket.aws_s3_bucket_documents",
            "module.server.aws_secretsmanager_secret.this",
            "module.server.data.aws_caller_identity.current",
            "module.server.data.aws_rds_cluster.this",
            "module.server.random_password.password",
            "random_password.password"
          ]
        }
      ]
    },
    {
      "module": "module.server",
      "mode": "managed",
      "type": "aws_security_group",
      "name": "security_group_ecs_service",
      "provider": "provider[\"registry.terraform.io/hashicorp/aws\"]",
      "instances": [
        {
          "schema_version": 1,
          "attributes": {
            "arn": "arn:aws:ec2:me-central-1:767397974420:security-group/sg-08d968a9191e1e6c9",
            "description": "Security Group allowing inbound traffic on port 443 from load-balancer",
            "egress": [
              {
                "cidr_blocks": [
                  "0.0.0.0/0"
                ],
                "description": "",
                "from_port": 0,
                "ipv6_cidr_blocks": [],
                "prefix_list_ids": [],
                "protocol": "-1",
                "security_groups": [],
                "self": false,
                "to_port": 0
              }
            ],
            "id": "sg-08d968a9191e1e6c9",
            "ingress": [
              {
                "cidr_blocks": [],
                "description": "",
                "from_port": 443,
                "ipv6_cidr_blocks": [],
                "prefix_list_ids": [],
                "protocol": "tcp",
                "security_groups": [
                  "sg-097e7f3b2ebb862ff"
                ],
                "self": false,
                "to_port": 443
              }
            ],
            "name": "avm-prod-server-sg",
            "name_prefix": "",
            "owner_id": "767397974420",
            "revoke_rules_on_delete": false,
            "tags": {},
            "tags_all": {},
            "timeouts": null,
            "vpc_id": "vpc-09a3c73e6d7db4347"
          },
          "sensitive_attributes": [],
          "private": "eyJlMmJmYjczMC1lY2FhLTExZTYtOGY4OC0zNDM2M2JjN2M0YzAiOnsiY3JlYXRlIjo2MDAwMDAwMDAwMDAsImRlbGV0ZSI6OTAwMDAwMDAwMDAwfSwic2NoZW1hX3ZlcnNpb24iOiIxIn0=",
          "dependencies": [
            "aws_security_group.lb",
            "data.aws_vpc.vpc",
            "module.ecs.module.cluster.aws_cloudwatch_log_group.this",
            "module.ecs.module.cluster.aws_ecs_capacity_provider.this",
            "module.ecs.module.cluster.aws_ecs_cluster.this",
            "module.ecs.module.cluster.aws_ecs_cluster_capacity_providers.this",
            "module.ecs.module.cluster.aws_iam_policy.task_exec",
            "module.ecs.module.cluster.aws_iam_role.task_exec",
            "module.ecs.module.cluster.aws_iam_role_policy_attachment.task_exec",
            "module.ecs.module.cluster.aws_iam_role_policy_attachment.task_exec_additional",
            "module.ecs.module.cluster.data.aws_iam_policy_document.task_exec",
            "module.ecs.module.cluster.data.aws_iam_policy_document.task_exec_assume",
            "module.ecs.module.service.aws_appautoscaling_policy.this",
            "module.ecs.module.service.aws_appautoscaling_scheduled_action.this",
            "module.ecs.module.service.aws_appautoscaling_target.this",
            "module.ecs.module.service.aws_ecs_service.ignore_task_definition",
            "module.ecs.module.service.aws_ecs_service.this",
            "module.ecs.module.service.aws_ecs_task_definition.this",
            "module.ecs.module.service.aws_ecs_task_set.ignore_task_definition",
            "module.ecs.module.service.aws_ecs_task_set.this",
            "module.ecs.module.service.aws_iam_policy.service",
            "module.ecs.module.service.aws_iam_policy.task_exec",
            "module.ecs.module.service.aws_iam_role.service",
            "module.ecs.module.service.aws_iam_role.task_exec",
            "module.ecs.module.service.aws_iam_role.tasks",
            "module.ecs.module.service.aws_iam_role_policy.tasks",
            "module.ecs.module.service.aws_iam_role_policy_attachment.service",
            "module.ecs.module.service.aws_iam_role_policy_attachment.task_exec",
            "module.ecs.module.service.aws_iam_role_policy_attachment.task_exec_additional",
            "module.ecs.module.service.aws_iam_role_policy_attachment.tasks",
            "module.ecs.module.service.aws_security_group.this",
            "module.ecs.module.service.aws_security_group_rule.this",
            "module.ecs.module.service.data.aws_caller_identity.current",
            "module.ecs.module.service.data.aws_ecs_task_definition.this",
            "module.ecs.module.service.data.aws_iam_policy_document.service",
            "module.ecs.module.service.data.aws_iam_policy_document.service_assume",
            "module.ecs.module.service.data.aws_iam_policy_document.task_exec",
            "module.ecs.module.service.data.aws_iam_policy_document.task_exec_assume",
            "module.ecs.module.service.data.aws_iam_policy_document.tasks",
            "module.ecs.module.service.data.aws_iam_policy_document.tasks_assume",
            "module.ecs.module.service.data.aws_partition.current",
            "module.ecs.module.service.data.aws_region.current",
            "module.ecs.module.service.data.aws_subnet.this",
            "module.ecs.module.service.module.container_definition.aws_cloudwatch_log_group.this",
            "module.ecs.module.service.module.container_definition.data.aws_region.current"
          ]
        }
      ]
    },
    {
      "module": "module.server",
      "mode": "managed",
      "type": "random_password",
      "name": "password",
      "provider": "provider[\"registry.terraform.io/hashicorp/random\"]",
      "instances": [
        {
          "index_key": 0,
          "schema_version": 3,
          "attributes": {
            "bcrypt_hash": "$2a$10$xL9VJGS8WXoscG9vaCd6heOjP2j.qTMjktaTcU8cruC24qDys7M5m",
            "id": "none",
            "keepers": null,
            "length": 30,
            "lower": true,
            "min_lower": 0,
            "min_numeric": 0,
            "min_special": 0,
            "min_upper": 0,
            "number": true,
            "numeric": true,
            "override_special": null,
            "result": "g3!bF0=cVwz\u003eV=lM5vCxiU*V+h?aCs",
            "special": true,
            "upper": true
          },
          "sensitive_attributes": [],
          "dependencies": [
            "module.ecs.module.cluster.aws_cloudwatch_log_group.this",
            "module.ecs.module.cluster.aws_ecs_capacity_provider.this",
            "module.ecs.module.cluster.aws_ecs_cluster.this",
            "module.ecs.module.cluster.aws_ecs_cluster_capacity_providers.this",
            "module.ecs.module.cluster.aws_iam_policy.task_exec",
            "module.ecs.module.cluster.aws_iam_role.task_exec",
            "module.ecs.module.cluster.aws_iam_role_policy_attachment.task_exec",
            "module.ecs.module.cluster.aws_iam_role_policy_attachment.task_exec_additional",
            "module.ecs.module.cluster.data.aws_iam_policy_document.task_exec",
            "module.ecs.module.cluster.data.aws_iam_policy_document.task_exec_assume",
            "module.ecs.module.service.aws_appautoscaling_policy.this",
            "module.ecs.module.service.aws_appautoscaling_scheduled_action.this",
            "module.ecs.module.service.aws_appautoscaling_target.this",
            "module.ecs.module.service.aws_ecs_service.ignore_task_definition",
            "module.ecs.module.service.aws_ecs_service.this",
            "module.ecs.module.service.aws_ecs_task_definition.this",
            "module.ecs.module.service.aws_ecs_task_set.ignore_task_definition",
            "module.ecs.module.service.aws_ecs_task_set.this",
            "module.ecs.module.service.aws_iam_policy.service",
            "module.ecs.module.service.aws_iam_policy.task_exec",
            "module.ecs.module.service.aws_iam_role.service",
            "module.ecs.module.service.aws_iam_role.task_exec",
            "module.ecs.module.service.aws_iam_role.tasks",
            "module.ecs.module.service.aws_iam_role_policy.tasks",
            "module.ecs.module.service.aws_iam_role_policy_attachment.service",
            "module.ecs.module.service.aws_iam_role_policy_attachment.task_exec",
            "module.ecs.module.service.aws_iam_role_policy_attachment.task_exec_additional",
            "module.ecs.module.service.aws_iam_role_policy_attachment.tasks",
            "module.ecs.module.service.aws_security_group.this",
            "module.ecs.module.service.aws_security_group_rule.this",
            "module.ecs.module.service.data.aws_caller_identity.current",
            "module.ecs.module.service.data.aws_ecs_task_definition.this",
            "module.ecs.module.service.data.aws_iam_policy_document.service",
            "module.ecs.module.service.data.aws_iam_policy_document.service_assume",
            "module.ecs.module.service.data.aws_iam_policy_document.task_exec",
            "module.ecs.module.service.data.aws_iam_policy_document.task_exec_assume",
            "module.ecs.module.service.data.aws_iam_policy_document.tasks",
            "module.ecs.module.service.data.aws_iam_policy_document.tasks_assume",
            "module.ecs.module.service.data.aws_partition.current",
            "module.ecs.module.service.data.aws_region.current",
            "module.ecs.module.service.data.aws_subnet.this",
            "module.ecs.module.service.module.container_definition.aws_cloudwatch_log_group.this",
            "module.ecs.module.service.module.container_definition.data.aws_region.current"
          ]
        }
      ]
    },
    {
      "module": "module.server.module.ecr",
      "mode": "data",
      "type": "aws_caller_identity",
      "name": "current",
      "provider": "provider[\"registry.terraform.io/hashicorp/aws\"]",
      "instances": [
        {
          "schema_version": 0,
          "attributes": {
            "account_id": "767397974420",
            "arn": "arn:aws:sts::767397974420:assumed-role/assumeRoleAWSTemp-AWSProfessionalServicesRole-ZkL0xexDiBMB/adcb",
            "id": "767397974420",
            "user_id": "AROA3FLD32GKKY47UFHAR:adcb"
          },
          "sensitive_attributes": []
        }
      ]
    },
    {
      "module": "module.server.module.ecr",
      "mode": "data",
      "type": "aws_iam_policy_document",
      "name": "repository",
      "provider": "provider[\"registry.terraform.io/hashicorp/aws\"]",
      "instances": [
        {
          "index_key": 0,
          "schema_version": 0,
          "attributes": {
            "id": "1038559857",
            "json": "{\n  \"Version\": \"2012-10-17\",\n  \"Statement\": [\n    {\n      \"Sid\": \"PrivateReadOnly\",\n      \"Effect\": \"Allow\",\n      \"Action\": [\n        \"ecr:ListTagsForResource\",\n        \"ecr:ListImages\",\n        \"ecr:GetRepositoryPolicy\",\n        \"ecr:GetLifecyclePolicyPreview\",\n        \"ecr:GetLifecyclePolicy\",\n        \"ecr:GetDownloadUrlForLayer\",\n        \"ecr:GetAuthorizationToken\",\n        \"ecr:DescribeRepositories\",\n        \"ecr:DescribeImages\",\n        \"ecr:DescribeImageScanFindings\",\n        \"ecr:BatchGetImage\",\n        \"ecr:BatchCheckLayerAvailability\"\n      ],\n      \"Principal\": {\n        \"AWS\": \"arn:aws:sts::767397974420:assumed-role/assumeRoleAWSTemp-AWSProfessionalServicesRole-ZkL0xexDiBMB/adcb\"\n      }\n    },\n    {\n      \"Sid\": \"ReadWrite\",\n      \"Effect\": \"Allow\",\n      \"Action\": [\n        \"ecr:UploadLayerPart\",\n        \"ecr:PutImage\",\n        \"ecr:InitiateLayerUpload\",\n        \"ecr:CompleteLayerUpload\"\n      ],\n      \"Principal\": {\n        \"AWS\": \"arn:aws:sts::767397974420:assumed-role/assumeRoleAWSTemp-AWSProfessionalServicesRole-ZkL0xexDiBMB/adcb\"\n      }\n    }\n  ]\n}",
            "override_policy_documents": null,
            "policy_id": null,
            "source_policy_documents": null,
            "statement": [
              {
                "actions": [
                  "ecr:BatchCheckLayerAvailability",
                  "ecr:BatchGetImage",
                  "ecr:DescribeImageScanFindings",
                  "ecr:DescribeImages",
                  "ecr:DescribeRepositories",
                  "ecr:GetAuthorizationToken",
                  "ecr:GetDownloadUrlForLayer",
                  "ecr:GetLifecyclePolicy",
                  "ecr:GetLifecyclePolicyPreview",
                  "ecr:GetRepositoryPolicy",
                  "ecr:ListImages",
                  "ecr:ListTagsForResource"
                ],
                "condition": [],
                "effect": "Allow",
                "not_actions": [],
                "not_principals": [],
                "not_resources": [],
                "principals": [
                  {
                    "identifiers": [
                      "arn:aws:sts::767397974420:assumed-role/assumeRoleAWSTemp-AWSProfessionalServicesRole-ZkL0xexDiBMB/adcb"
                    ],
                    "type": "AWS"
                  }
                ],
                "resources": [],
                "sid": "PrivateReadOnly"
              },
              {
                "actions": [
                  "ecr:CompleteLayerUpload",
                  "ecr:InitiateLayerUpload",
                  "ecr:PutImage",
                  "ecr:UploadLayerPart"
                ],
                "condition": [],
                "effect": "Allow",
                "not_actions": [],
                "not_principals": [],
                "not_resources": [],
                "principals": [
                  {
                    "identifiers": [
                      "arn:aws:sts::767397974420:assumed-role/assumeRoleAWSTemp-AWSProfessionalServicesRole-ZkL0xexDiBMB/adcb"
                    ],
                    "type": "AWS"
                  }
                ],
                "resources": [],
                "sid": "ReadWrite"
              }
            ],
            "version": "2012-10-17"
          },
          "sensitive_attributes": []
        }
      ]
    },
    {
      "module": "module.server.module.ecr",
      "mode": "data",
      "type": "aws_partition",
      "name": "current",
      "provider": "provider[\"registry.terraform.io/hashicorp/aws\"]",
      "instances": [
        {
          "schema_version": 0,
          "attributes": {
            "dns_suffix": "amazonaws.com",
            "id": "aws",
            "partition": "aws",
            "reverse_dns_prefix": "com.amazonaws"
          },
          "sensitive_attributes": []
        }
      ]
    },
    {
      "module": "module.server.module.ecr",
      "mode": "managed",
      "type": "aws_ecr_lifecycle_policy",
      "name": "this",
      "provider": "provider[\"registry.terraform.io/hashicorp/aws\"]",
      "instances": [
        {
          "index_key": 0,
          "schema_version": 0,
          "attributes": {
            "id": "avm-server",
            "policy": "{\"rules\":[{\"action\":{\"type\":\"expire\"},\"description\":\"Keep only tagged images\",\"rulePriority\":1,\"selection\":{\"countNumber\":1,\"countType\":\"imageCountMoreThan\",\"tagStatus\":\"untagged\"}}]}",
            "registry_id": "767397974420",
            "repository": "avm-server"
          },
          "sensitive_attributes": [],
          "private": "bnVsbA==",
          "dependencies": [
            "module.ecs.module.cluster.aws_cloudwatch_log_group.this",
            "module.ecs.module.cluster.aws_ecs_capacity_provider.this",
            "module.ecs.module.cluster.aws_ecs_cluster.this",
            "module.ecs.module.cluster.aws_ecs_cluster_capacity_providers.this",
            "module.ecs.module.cluster.aws_iam_policy.task_exec",
            "module.ecs.module.cluster.aws_iam_role.task_exec",
            "module.ecs.module.cluster.aws_iam_role_policy_attachment.task_exec",
            "module.ecs.module.cluster.aws_iam_role_policy_attachment.task_exec_additional",
            "module.ecs.module.cluster.data.aws_iam_policy_document.task_exec",
            "module.ecs.module.cluster.data.aws_iam_policy_document.task_exec_assume",
            "module.ecs.module.service.aws_appautoscaling_policy.this",
            "module.ecs.module.service.aws_appautoscaling_scheduled_action.this",
            "module.ecs.module.service.aws_appautoscaling_target.this",
            "module.ecs.module.service.aws_ecs_service.ignore_task_definition",
            "module.ecs.module.service.aws_ecs_service.this",
            "module.ecs.module.service.aws_ecs_task_definition.this",
            "module.ecs.module.service.aws_ecs_task_set.ignore_task_definition",
            "module.ecs.module.service.aws_ecs_task_set.this",
            "module.ecs.module.service.aws_iam_policy.service",
            "module.ecs.module.service.aws_iam_policy.task_exec",
            "module.ecs.module.service.aws_iam_role.service",
            "module.ecs.module.service.aws_iam_role.task_exec",
            "module.ecs.module.service.aws_iam_role.tasks",
            "module.ecs.module.service.aws_iam_role_policy.tasks",
            "module.ecs.module.service.aws_iam_role_policy_attachment.service",
            "module.ecs.module.service.aws_iam_role_policy_attachment.task_exec",
            "module.ecs.module.service.aws_iam_role_policy_attachment.task_exec_additional",
            "module.ecs.module.service.aws_iam_role_policy_attachment.tasks",
            "module.ecs.module.service.aws_security_group.this",
            "module.ecs.module.service.aws_security_group_rule.this",
            "module.ecs.module.service.data.aws_caller_identity.current",
            "module.ecs.module.service.data.aws_ecs_task_definition.this",
            "module.ecs.module.service.data.aws_iam_policy_document.service",
            "module.ecs.module.service.data.aws_iam_policy_document.service_assume",
            "module.ecs.module.service.data.aws_iam_policy_document.task_exec",
            "module.ecs.module.service.data.aws_iam_policy_document.task_exec_assume",
            "module.ecs.module.service.data.aws_iam_policy_document.tasks",
            "module.ecs.module.service.data.aws_iam_policy_document.tasks_assume",
            "module.ecs.module.service.data.aws_partition.current",
            "module.ecs.module.service.data.aws_region.current",
            "module.ecs.module.service.data.aws_subnet.this",
            "module.ecs.module.service.module.container_definition.aws_cloudwatch_log_group.this",
            "module.ecs.module.service.module.container_definition.data.aws_region.current",
            "module.server.module.ecr.aws_ecr_repository.this"
          ]
        }
      ]
    },
    {
      "module": "module.server.module.ecr",
      "mode": "managed",
      "type": "aws_ecr_repository",
      "name": "this",
      "provider": "provider[\"registry.terraform.io/hashicorp/aws\"]",
      "instances": [
        {
          "index_key": 0,
          "schema_version": 0,
          "attributes": {
            "arn": "arn:aws:ecr:me-central-1:767397974420:repository/avm-server",
            "encryption_configuration": [
              {
                "encryption_type": "KMS",
                "kms_key": "arn:aws:kms:me-central-1:767397974420:key/10611de4-c2e0-4ca5-9a6a-f3b2f1f63556"
              }
            ],
            "force_delete": true,
            "id": "avm-server",
            "image_scanning_configuration": [
              {
                "scan_on_push": true
              }
            ],
            "image_tag_mutability": "MUTABLE",
            "name": "avm-server",
            "registry_id": "767397974420",
            "repository_url": "767397974420.dkr.ecr.me-central-1.amazonaws.com/avm-server",
            "tags": {
              "Environment": "prod",
              "Name": "avm-prod-server"
            },
            "tags_all": {
              "Environment": "prod",
              "Name": "avm-prod-server"
            },
            "timeouts": null
          },
          "sensitive_attributes": [],
          "private": "eyJlMmJmYjczMC1lY2FhLTExZTYtOGY4OC0zNDM2M2JjN2M0YzAiOnsiZGVsZXRlIjoxMjAwMDAwMDAwMDAwfX0=",
          "dependencies": [
            "module.ecs.module.cluster.aws_cloudwatch_log_group.this",
            "module.ecs.module.cluster.aws_ecs_capacity_provider.this",
            "module.ecs.module.cluster.aws_ecs_cluster.this",
            "module.ecs.module.cluster.aws_ecs_cluster_capacity_providers.this",
            "module.ecs.module.cluster.aws_iam_policy.task_exec",
            "module.ecs.module.cluster.aws_iam_role.task_exec",
            "module.ecs.module.cluster.aws_iam_role_policy_attachment.task_exec",
            "module.ecs.module.cluster.aws_iam_role_policy_attachment.task_exec_additional",
            "module.ecs.module.cluster.data.aws_iam_policy_document.task_exec",
            "module.ecs.module.cluster.data.aws_iam_policy_document.task_exec_assume",
            "module.ecs.module.service.aws_appautoscaling_policy.this",
            "module.ecs.module.service.aws_appautoscaling_scheduled_action.this",
            "module.ecs.module.service.aws_appautoscaling_target.this",
            "module.ecs.module.service.aws_ecs_service.ignore_task_definition",
            "module.ecs.module.service.aws_ecs_service.this",
            "module.ecs.module.service.aws_ecs_task_definition.this",
            "module.ecs.module.service.aws_ecs_task_set.ignore_task_definition",
            "module.ecs.module.service.aws_ecs_task_set.this",
            "module.ecs.module.service.aws_iam_policy.service",
            "module.ecs.module.service.aws_iam_policy.task_exec",
            "module.ecs.module.service.aws_iam_role.service",
            "module.ecs.module.service.aws_iam_role.task_exec",
            "module.ecs.module.service.aws_iam_role.tasks",
            "module.ecs.module.service.aws_iam_role_policy.tasks",
            "module.ecs.module.service.aws_iam_role_policy_attachment.service",
            "module.ecs.module.service.aws_iam_role_policy_attachment.task_exec",
            "module.ecs.module.service.aws_iam_role_policy_attachment.task_exec_additional",
            "module.ecs.module.service.aws_iam_role_policy_attachment.tasks",
            "module.ecs.module.service.aws_security_group.this",
            "module.ecs.module.service.aws_security_group_rule.this",
            "module.ecs.module.service.data.aws_caller_identity.current",
            "module.ecs.module.service.data.aws_ecs_task_definition.this",
            "module.ecs.module.service.data.aws_iam_policy_document.service",
            "module.ecs.module.service.data.aws_iam_policy_document.service_assume",
            "module.ecs.module.service.data.aws_iam_policy_document.task_exec",
            "module.ecs.module.service.data.aws_iam_policy_document.task_exec_assume",
            "module.ecs.module.service.data.aws_iam_policy_document.tasks",
            "module.ecs.module.service.data.aws_iam_policy_document.tasks_assume",
            "module.ecs.module.service.data.aws_partition.current",
            "module.ecs.module.service.data.aws_region.current",
            "module.ecs.module.service.data.aws_subnet.this",
            "module.ecs.module.service.module.container_definition.aws_cloudwatch_log_group.this",
            "module.ecs.module.service.module.container_definition.data.aws_region.current"
          ]
        }
      ]
    },
    {
      "module": "module.server.module.ecr",
      "mode": "managed",
      "type": "aws_ecr_repository_policy",
      "name": "this",
      "provider": "provider[\"registry.terraform.io/hashicorp/aws\"]",
      "instances": [
        {
          "index_key": 0,
          "schema_version": 0,
          "attributes": {
            "id": "avm-server",
            "policy": "{\"Statement\":[{\"Action\":[\"ecr:ListTagsForResource\",\"ecr:ListImages\",\"ecr:GetRepositoryPolicy\",\"ecr:GetLifecyclePolicyPreview\",\"ecr:GetLifecyclePolicy\",\"ecr:GetDownloadUrlForLayer\",\"ecr:GetAuthorizationToken\",\"ecr:DescribeRepositories\",\"ecr:DescribeImages\",\"ecr:DescribeImageScanFindings\",\"ecr:BatchGetImage\",\"ecr:BatchCheckLayerAvailability\"],\"Effect\":\"Allow\",\"Principal\":{\"AWS\":\"arn:aws:sts::767397974420:assumed-role/assumeRoleAWSTemp-AWSProfessionalServicesRole-ZkL0xexDiBMB/adcb\"},\"Sid\":\"PrivateReadOnly\"},{\"Action\":[\"ecr:UploadLayerPart\",\"ecr:PutImage\",\"ecr:InitiateLayerUpload\",\"ecr:CompleteLayerUpload\"],\"Effect\":\"Allow\",\"Principal\":{\"AWS\":\"arn:aws:sts::767397974420:assumed-role/assumeRoleAWSTemp-AWSProfessionalServicesRole-ZkL0xexDiBMB/adcb\"},\"Sid\":\"ReadWrite\"}],\"Version\":\"2012-10-17\"}",
            "registry_id": "767397974420",
            "repository": "avm-server"
          },
          "sensitive_attributes": [],
          "private": "bnVsbA==",
          "dependencies": [
            "module.ecs.module.cluster.aws_cloudwatch_log_group.this",
            "module.ecs.module.cluster.aws_ecs_capacity_provider.this",
            "module.ecs.module.cluster.aws_ecs_cluster.this",
            "module.ecs.module.cluster.aws_ecs_cluster_capacity_providers.this",
            "module.ecs.module.cluster.aws_iam_policy.task_exec",
            "module.ecs.module.cluster.aws_iam_role.task_exec",
            "module.ecs.module.cluster.aws_iam_role_policy_attachment.task_exec",
            "module.ecs.module.cluster.aws_iam_role_policy_attachment.task_exec_additional",
            "module.ecs.module.cluster.data.aws_iam_policy_document.task_exec",
            "module.ecs.module.cluster.data.aws_iam_policy_document.task_exec_assume",
            "module.ecs.module.service.aws_appautoscaling_policy.this",
            "module.ecs.module.service.aws_appautoscaling_scheduled_action.this",
            "module.ecs.module.service.aws_appautoscaling_target.this",
            "module.ecs.module.service.aws_ecs_service.ignore_task_definition",
            "module.ecs.module.service.aws_ecs_service.this",
            "module.ecs.module.service.aws_ecs_task_definition.this",
            "module.ecs.module.service.aws_ecs_task_set.ignore_task_definition",
            "module.ecs.module.service.aws_ecs_task_set.this",
            "module.ecs.module.service.aws_iam_policy.service",
            "module.ecs.module.service.aws_iam_policy.task_exec",
            "module.ecs.module.service.aws_iam_role.service",
            "module.ecs.module.service.aws_iam_role.task_exec",
            "module.ecs.module.service.aws_iam_role.tasks",
            "module.ecs.module.service.aws_iam_role_policy.tasks",
            "module.ecs.module.service.aws_iam_role_policy_attachment.service",
            "module.ecs.module.service.aws_iam_role_policy_attachment.task_exec",
            "module.ecs.module.service.aws_iam_role_policy_attachment.task_exec_additional",
            "module.ecs.module.service.aws_iam_role_policy_attachment.tasks",
            "module.ecs.module.service.aws_security_group.this",
            "module.ecs.module.service.aws_security_group_rule.this",
            "module.ecs.module.service.data.aws_caller_identity.current",
            "module.ecs.module.service.data.aws_ecs_task_definition.this",
            "module.ecs.module.service.data.aws_iam_policy_document.service",
            "module.ecs.module.service.data.aws_iam_policy_document.service_assume",
            "module.ecs.module.service.data.aws_iam_policy_document.task_exec",
            "module.ecs.module.service.data.aws_iam_policy_document.task_exec_assume",
            "module.ecs.module.service.data.aws_iam_policy_document.tasks",
            "module.ecs.module.service.data.aws_iam_policy_document.tasks_assume",
            "module.ecs.module.service.data.aws_partition.current",
            "module.ecs.module.service.data.aws_region.current",
            "module.ecs.module.service.data.aws_subnet.this",
            "module.ecs.module.service.module.container_definition.aws_cloudwatch_log_group.this",
            "module.ecs.module.service.module.container_definition.data.aws_region.current",
            "module.server.data.aws_caller_identity.current",
            "module.server.module.ecr.aws_ecr_repository.this",
            "module.server.module.ecr.data.aws_caller_identity.current",
            "module.server.module.ecr.data.aws_iam_policy_document.repository",
            "module.server.module.ecr.data.aws_partition.current"
          ]
        }
      ]
    },
    {
      "module": "module.web",
      "mode": "data",
      "type": "aws_caller_identity",
      "name": "current",
      "provider": "provider[\"registry.terraform.io/hashicorp/aws\"]",
      "instances": [
        {
          "schema_version": 0,
          "attributes": {
            "account_id": "767397974420",
            "arn": "arn:aws:sts::767397974420:assumed-role/assumeRoleAWSTemp-AWSProfessionalServicesRole-ZkL0xexDiBMB/adcb",
            "id": "767397974420",
            "user_id": "AROA3FLD32GKKY47UFHAR:adcb"
          },
          "sensitive_attributes": []
        }
      ]
    },
    {
      "module": "module.web",
      "mode": "managed",
      "type": "aws_s3_bucket",
      "name": "aws_s3_bucket_web",
      "provider": "provider[\"registry.terraform.io/hashicorp/aws\"]",
      "instances": [
        {
          "schema_version": 0,
          "attributes": {
            "acceleration_status": "",
            "acl": null,
            "arn": "arn:aws:s3:::admin.avm-genaipilot.adcbmis.local",
            "bucket": "admin.avm-genaipilot.adcbmis.local",
            "bucket_domain_name": "admin.avm-genaipilot.adcbmis.local.s3.amazonaws.com",
            "bucket_prefix": "",
            "bucket_regional_domain_name": "admin.avm-genaipilot.adcbmis.local.s3.me-central-1.amazonaws.com",
            "cors_rule": [
              {
                "allowed_headers": [
                  "*"
                ],
                "allowed_methods": [
                  "POST",
                  "GET",
                  "HEAD",
                  "DELETE",
                  "PUT"
                ],
                "allowed_origins": [
                  "*"
                ],
                "expose_headers": [],
                "max_age_seconds": 3000
              },
              {
                "allowed_headers": [],
                "allowed_methods": [
                  "GET"
                ],
                "allowed_origins": [
                  "*"
                ],
                "expose_headers": [],
                "max_age_seconds": 0
              }
            ],
            "force_destroy": true,
            "grant": [
              {
                "id": "91b9fb9469d472d3853c3d78de6d937e0ab7a630ca96499ad0cf5ee015688acb",
                "permissions": [
                  "FULL_CONTROL"
                ],
                "type": "CanonicalUser",
                "uri": ""
              }
            ],
            "hosted_zone_id": "Z06143092I8HRXZRUZROF",
            "id": "admin.avm-genaipilot.adcbmis.local",
            "lifecycle_rule": [],
            "logging": [],
            "object_lock_configuration": [],
            "object_lock_enabled": false,
            "policy": "",
            "region": "me-central-1",
            "replication_configuration": [],
            "request_payer": "BucketOwner",
            "server_side_encryption_configuration": [
              {
                "rule": [
                  {
                    "apply_server_side_encryption_by_default": [
                      {
                        "kms_master_key_id": "",
                        "sse_algorithm": "AES256"
                      }
                    ],
                    "bucket_key_enabled": false
                  }
                ]
              }
            ],
            "tags": {},
            "tags_all": {},
            "timeouts": null,
            "versioning": [
              {
                "enabled": false,
                "mfa_delete": false
              }
            ],
            "website": [],
            "website_domain": null,
            "website_endpoint": null
          },
          "sensitive_attributes": [],
          "private": "eyJlMmJmYjczMC1lY2FhLTExZTYtOGY4OC0zNDM2M2JjN2M0YzAiOnsiY3JlYXRlIjoxMjAwMDAwMDAwMDAwLCJkZWxldGUiOjM2MDAwMDAwMDAwMDAsInJlYWQiOjEyMDAwMDAwMDAwMDAsInVwZGF0ZSI6MTIwMDAwMDAwMDAwMH19"
        }
      ]
    },
    {
      "module": "module.web",
      "mode": "managed",
      "type": "aws_s3_bucket_cors_configuration",
      "name": "aws_s3_bucket_web_cors",
      "provider": "provider[\"registry.terraform.io/hashicorp/aws\"]",
      "instances": [
        {
          "schema_version": 0,
          "attributes": {
            "bucket": "admin.avm-genaipilot.adcbmis.local",
            "cors_rule": [
              {
                "allowed_headers": [
                  "*"
                ],
                "allowed_methods": [
                  "DELETE",
                  "GET",
                  "HEAD",
                  "POST",
                  "PUT"
                ],
                "allowed_origins": [
                  "*"
                ],
                "expose_headers": [],
                "id": "",
                "max_age_seconds": 3000
              },
              {
                "allowed_headers": [],
                "allowed_methods": [
                  "GET"
                ],
                "allowed_origins": [
                  "*"
                ],
                "expose_headers": [],
                "id": "",
                "max_age_seconds": 0
              }
            ],
            "expected_bucket_owner": "",
            "id": "admin.avm-genaipilot.adcbmis.local"
          },
          "sensitive_attributes": [],
          "private": "bnVsbA==",
          "dependencies": [
            "module.web.aws_s3_bucket.aws_s3_bucket_web"
          ]
        }
      ]
    },
    {
      "module": "module.web",
      "mode": "managed",
      "type": "aws_secretsmanager_secret",
      "name": "this",
      "provider": "provider[\"registry.terraform.io/hashicorp/aws\"]",
      "instances": [
        {
          "schema_version": 0,
          "attributes": {
            "arn": "arn:aws:secretsmanager:me-central-1:767397974420:secret:avm-prod-webapp-GJcgIX",
            "description": "",
            "force_overwrite_replica_secret": false,
            "id": "arn:aws:secretsmanager:me-central-1:767397974420:secret:avm-prod-webapp-GJcgIX",
            "kms_key_id": "",
            "name": "avm-prod-webapp",
            "name_prefix": "",
            "policy": "",
            "recovery_window_in_days": 0,
            "replica": [],
            "tags": {},
            "tags_all": {}
          },
          "sensitive_attributes": [],
          "private": "bnVsbA=="
        }
      ]
    },
    {
      "module": "module.web",
      "mode": "managed",
      "type": "aws_secretsmanager_secret_version",
      "name": "this",
      "provider": "provider[\"registry.terraform.io/hashicorp/aws\"]",
      "instances": [
        {
          "schema_version": 0,
          "attributes": {
            "arn": "arn:aws:secretsmanager:me-central-1:767397974420:secret:avm-prod-webapp-GJcgIX",
            "id": "arn:aws:secretsmanager:me-central-1:767397974420:secret:avm-prod-webapp-GJcgIX|terraform-20240305113913913500000007",
            "secret_binary": "",
            "secret_id": "arn:aws:secretsmanager:me-central-1:767397974420:secret:avm-prod-webapp-GJcgIX",
            "secret_string": "{\"REACT_APP_FIREBASE_API_KEY\":\"AIzaSyDjG79yyVfVjAiw_SO5SCxAxdxe963N9Vc\",\"REACT_APP_FIREBASE_APP_ID\":\"1:68786230312:web:724b32f947a096dd97111d\",\"REACT_APP_FIREBASE_AUTH_DOMAIN\":\"addvaluemachine-adcb.firebaseapp.com\",\"REACT_APP_FIREBASE_MEASUREMENT_ID\":\"G-FC6QSDF4QS\",\"REACT_APP_FIREBASE_MESSAGING_SENDER_ID\":\"68786230312\",\"REACT_APP_FIREBASE_PROJECT_ID\":\"addvaluemachine-adcb\",\"REACT_APP_FIREBASE_STORAGE_BUCKET\":\"addvaluemachine-adcb.appspot.com\"}",
            "version_id": "terraform-20240305113913913500000007",
            "version_stages": [
              "AWSCURRENT"
            ]
          },
          "sensitive_attributes": [],
          "private": "bnVsbA==",
          "dependencies": [
            "module.web.aws_secretsmanager_secret.this"
          ]
        }
      ]
    },
    {
      "module": "module.web.module.ecr",
      "mode": "data",
      "type": "aws_caller_identity",
      "name": "current",
      "provider": "provider[\"registry.terraform.io/hashicorp/aws\"]",
      "instances": [
        {
          "schema_version": 0,
          "attributes": {
            "account_id": "767397974420",
            "arn": "arn:aws:sts::767397974420:assumed-role/assumeRoleAWSTemp-AWSProfessionalServicesRole-ZkL0xexDiBMB/adcb",
            "id": "767397974420",
            "user_id": "AROA3FLD32GKKY47UFHAR:adcb"
          },
          "sensitive_attributes": []
        }
      ]
    },
    {
      "module": "module.web.module.ecr",
      "mode": "data",
      "type": "aws_iam_policy_document",
      "name": "repository",
      "provider": "provider[\"registry.terraform.io/hashicorp/aws\"]",
      "instances": [
        {
          "index_key": 0,
          "schema_version": 0,
          "attributes": {
            "id": "1038559857",
            "json": "{\n  \"Version\": \"2012-10-17\",\n  \"Statement\": [\n    {\n      \"Sid\": \"PrivateReadOnly\",\n      \"Effect\": \"Allow\",\n      \"Action\": [\n        \"ecr:ListTagsForResource\",\n        \"ecr:ListImages\",\n        \"ecr:GetRepositoryPolicy\",\n        \"ecr:GetLifecyclePolicyPreview\",\n        \"ecr:GetLifecyclePolicy\",\n        \"ecr:GetDownloadUrlForLayer\",\n        \"ecr:GetAuthorizationToken\",\n        \"ecr:DescribeRepositories\",\n        \"ecr:DescribeImages\",\n        \"ecr:DescribeImageScanFindings\",\n        \"ecr:BatchGetImage\",\n        \"ecr:BatchCheckLayerAvailability\"\n      ],\n      \"Principal\": {\n        \"AWS\": \"arn:aws:sts::767397974420:assumed-role/assumeRoleAWSTemp-AWSProfessionalServicesRole-ZkL0xexDiBMB/adcb\"\n      }\n    },\n    {\n      \"Sid\": \"ReadWrite\",\n      \"Effect\": \"Allow\",\n      \"Action\": [\n        \"ecr:UploadLayerPart\",\n        \"ecr:PutImage\",\n        \"ecr:InitiateLayerUpload\",\n        \"ecr:CompleteLayerUpload\"\n      ],\n      \"Principal\": {\n        \"AWS\": \"arn:aws:sts::767397974420:assumed-role/assumeRoleAWSTemp-AWSProfessionalServicesRole-ZkL0xexDiBMB/adcb\"\n      }\n    }\n  ]\n}",
            "override_policy_documents": null,
            "policy_id": null,
            "source_policy_documents": null,
            "statement": [
              {
                "actions": [
                  "ecr:BatchCheckLayerAvailability",
                  "ecr:BatchGetImage",
                  "ecr:DescribeImageScanFindings",
                  "ecr:DescribeImages",
                  "ecr:DescribeRepositories",
                  "ecr:GetAuthorizationToken",
                  "ecr:GetDownloadUrlForLayer",
                  "ecr:GetLifecyclePolicy",
                  "ecr:GetLifecyclePolicyPreview",
                  "ecr:GetRepositoryPolicy",
                  "ecr:ListImages",
                  "ecr:ListTagsForResource"
                ],
                "condition": [],
                "effect": "Allow",
                "not_actions": [],
                "not_principals": [],
                "not_resources": [],
                "principals": [
                  {
                    "identifiers": [
                      "arn:aws:sts::767397974420:assumed-role/assumeRoleAWSTemp-AWSProfessionalServicesRole-ZkL0xexDiBMB/adcb"
                    ],
                    "type": "AWS"
                  }
                ],
                "resources": [],
                "sid": "PrivateReadOnly"
              },
              {
                "actions": [
                  "ecr:CompleteLayerUpload",
                  "ecr:InitiateLayerUpload",
                  "ecr:PutImage",
                  "ecr:UploadLayerPart"
                ],
                "condition": [],
                "effect": "Allow",
                "not_actions": [],
                "not_principals": [],
                "not_resources": [],
                "principals": [
                  {
                    "identifiers": [
                      "arn:aws:sts::767397974420:assumed-role/assumeRoleAWSTemp-AWSProfessionalServicesRole-ZkL0xexDiBMB/adcb"
                    ],
                    "type": "AWS"
                  }
                ],
                "resources": [],
                "sid": "ReadWrite"
              }
            ],
            "version": "2012-10-17"
          },
          "sensitive_attributes": []
        }
      ]
    },
    {
      "module": "module.web.module.ecr",
      "mode": "data",
      "type": "aws_partition",
      "name": "current",
      "provider": "provider[\"registry.terraform.io/hashicorp/aws\"]",
      "instances": [
        {
          "schema_version": 0,
          "attributes": {
            "dns_suffix": "amazonaws.com",
            "id": "aws",
            "partition": "aws",
            "reverse_dns_prefix": "com.amazonaws"
          },
          "sensitive_attributes": []
        }
      ]
    },
    {
      "module": "module.web.module.ecr",
      "mode": "managed",
      "type": "aws_ecr_lifecycle_policy",
      "name": "this",
      "provider": "provider[\"registry.terraform.io/hashicorp/aws\"]",
      "instances": [
        {
          "index_key": 0,
          "schema_version": 0,
          "attributes": {
            "id": "avm-webapp",
            "policy": "{\"rules\":[{\"action\":{\"type\":\"expire\"},\"description\":\"Keep only tagged images\",\"rulePriority\":1,\"selection\":{\"countNumber\":1,\"countType\":\"imageCountMoreThan\",\"tagStatus\":\"untagged\"}}]}",
            "registry_id": "767397974420",
            "repository": "avm-webapp"
          },
          "sensitive_attributes": [],
          "private": "bnVsbA==",
          "dependencies": [
            "module.web.module.ecr.aws_ecr_repository.this"
          ]
        }
      ]
    },
    {
      "module": "module.web.module.ecr",
      "mode": "managed",
      "type": "aws_ecr_repository",
      "name": "this",
      "provider": "provider[\"registry.terraform.io/hashicorp/aws\"]",
      "instances": [
        {
          "index_key": 0,
          "schema_version": 0,
          "attributes": {
            "arn": "arn:aws:ecr:me-central-1:767397974420:repository/avm-webapp",
            "encryption_configuration": [
              {
                "encryption_type": "KMS",
                "kms_key": "arn:aws:kms:me-central-1:767397974420:key/10611de4-c2e0-4ca5-9a6a-f3b2f1f63556"
              }
            ],
            "force_delete": true,
            "id": "avm-webapp",
            "image_scanning_configuration": [
              {
                "scan_on_push": true
              }
            ],
            "image_tag_mutability": "MUTABLE",
            "name": "avm-webapp",
            "registry_id": "767397974420",
            "repository_url": "767397974420.dkr.ecr.me-central-1.amazonaws.com/avm-webapp",
            "tags": {
              "Environment": "prod",
              "Name": "avm-prod"
            },
            "tags_all": {
              "Environment": "prod",
              "Name": "avm-prod"
            },
            "timeouts": null
          },
          "sensitive_attributes": [],
          "private": "eyJlMmJmYjczMC1lY2FhLTExZTYtOGY4OC0zNDM2M2JjN2M0YzAiOnsiZGVsZXRlIjoxMjAwMDAwMDAwMDAwfX0="
        }
      ]
    },
    {
      "module": "module.web.module.ecr",
      "mode": "managed",
      "type": "aws_ecr_repository_policy",
      "name": "this",
      "provider": "provider[\"registry.terraform.io/hashicorp/aws\"]",
      "instances": [
        {
          "index_key": 0,
          "schema_version": 0,
          "attributes": {
            "id": "avm-webapp",
            "policy": "{\"Statement\":[{\"Action\":[\"ecr:ListTagsForResource\",\"ecr:ListImages\",\"ecr:GetRepositoryPolicy\",\"ecr:GetLifecyclePolicyPreview\",\"ecr:GetLifecyclePolicy\",\"ecr:GetDownloadUrlForLayer\",\"ecr:GetAuthorizationToken\",\"ecr:DescribeRepositories\",\"ecr:DescribeImages\",\"ecr:DescribeImageScanFindings\",\"ecr:BatchGetImage\",\"ecr:BatchCheckLayerAvailability\"],\"Effect\":\"Allow\",\"Principal\":{\"AWS\":\"arn:aws:sts::767397974420:assumed-role/assumeRoleAWSTemp-AWSProfessionalServicesRole-ZkL0xexDiBMB/adcb\"},\"Sid\":\"PrivateReadOnly\"},{\"Action\":[\"ecr:UploadLayerPart\",\"ecr:PutImage\",\"ecr:InitiateLayerUpload\",\"ecr:CompleteLayerUpload\"],\"Effect\":\"Allow\",\"Principal\":{\"AWS\":\"arn:aws:sts::767397974420:assumed-role/assumeRoleAWSTemp-AWSProfessionalServicesRole-ZkL0xexDiBMB/adcb\"},\"Sid\":\"ReadWrite\"}],\"Version\":\"2012-10-17\"}",
            "registry_id": "767397974420",
            "repository": "avm-webapp"
          },
          "sensitive_attributes": [],
          "private": "bnVsbA==",
          "dependencies": [
            "module.web.data.aws_caller_identity.current",
            "module.web.module.ecr.aws_ecr_repository.this",
            "module.web.module.ecr.data.aws_caller_identity.current",
            "module.web.module.ecr.data.aws_iam_policy_document.repository",
            "module.web.module.ecr.data.aws_partition.current"
          ]
        }
      ]
    }
  ],
  "check_results": null
}
